Microsoft Visual Studio Solution File, Format Version 7.00
Project("{FAE04EC0-301F-11D3-BF4B-00C04F79EFBC}") = "pics", "http://localhost/pics/pics.csproj", "{A6B66C7A-E524-4829-9D08-FCCF2FAD43CF}"
EndProject
Global
	GlobalSection(SourceCodeControl) = preSolution
		SccNumberOfProjects = 2
		SccLocalPath0 = .
		CanCheckoutShared = false
		SolutionUniqueID = {E35970FC-D0F5-48C4-83F2-4DEBBF7DC325}
		SccProjectUniqueName1 = http://localhost/pics/pics.csproj
		SccLocalPath1 = d:\\inetpub\\wwwroot\\pics
		CanCheckoutShared = false
		SccProjectEnlistmentChoice1 = 2
	EndGlobalSection
	GlobalSection(SolutionConfiguration) = preSolution
		ConfigName.0 = Debug
		ConfigName.1 = Release
	EndGlobalSection
	GlobalSection(ProjectDependencies) = postSolution
	EndGlobalSection
	GlobalSection(ProjectConfiguration) = postSolution
		{A6B66C7A-E524-4829-9D08-FCCF2FAD43CF}.Debug.ActiveCfg = Debug|.NET
		{A6B66C7A-E524-4829-9D08-FCCF2FAD43CF}.Debug.Build.0 = Debug|.NET
		{A6B66C7A-E524-4829-9D08-FCCF2FAD43CF}.Release.ActiveCfg = Release|.NET
		{A6B66C7A-E524-4829-9D08-FCCF2FAD43CF}.Release.Build.0 = Release|.NET
	EndGlobalSection
	GlobalSection(ExtensibilityGlobals) = postSolution
	EndGlobalSection
	GlobalSection(ExtensibilityAddIns) = postSolution
	EndGlobalSection
EndGlobal
