
Microsoft Visual Studio Solution File, Format Version 11.00
# Visual Studio 2010
Project("{FAE04EC0-301F-11D3-BF4B-00C04F79EFBC}") = "ShoppingListService", "..\ShoppingListService\ShoppingListService.csproj", "{ED347463-382E-4C20-A33F-741D851D9327}"
EndProject
Project("{FAE04EC0-301F-11D3-BF4B-00C04F79EFBC}") = "ShoppingListTray", "..\ShoppingListTray\ShoppingListTray.csproj", "{42445F23-4C3A-44A3-82A5-C60E78116F04}"
EndProject
Project("{E24C65DC-7377-472B-9ABA-BC803B73C61A}") = "ShoppingListWebsite", "..\ShoppingListWebsite", "{2B6FD70D-1994-486C-BEAB-8711E98B705E}"
	ProjectSection(WebsiteProperties) = preProject
		SccProjectName = ""$/msn2.net/ShoppingList/ShoppingList", IIQAAAAA"
		SccAuxPath = ""
		SccLocalPath = ".."
		SccProvider = "MSSCCI:Microsoft Visual SourceSafe"
		TargetFrameworkMoniker = ".NETFramework,Version%3Dv3.5"
		Debug.AspNetCompiler.VirtualPath = "/ShoppingListWebsite"
		Debug.AspNetCompiler.PhysicalPath = "..\ShoppingListWebsite\"
		Debug.AspNetCompiler.TargetPath = "PrecompiledWeb\ShoppingListWebsite\"
		Debug.AspNetCompiler.Updateable = "true"
		Debug.AspNetCompiler.ForceOverwrite = "true"
		Debug.AspNetCompiler.FixedNames = "false"
		Debug.AspNetCompiler.Debug = "True"
		Release.AspNetCompiler.VirtualPath = "/ShoppingListWebsite"
		Release.AspNetCompiler.PhysicalPath = "..\ShoppingListWebsite\"
		Release.AspNetCompiler.TargetPath = "PrecompiledWeb\ShoppingListWebsite\"
		Release.AspNetCompiler.Updateable = "true"
		Release.AspNetCompiler.ForceOverwrite = "true"
		Release.AspNetCompiler.FixedNames = "false"
		Release.AspNetCompiler.Debug = "False"
		VWDPort = "51580"
		DefaultWebSiteLanguage = "Visual C#"
	EndProjectSection
EndProject
Project("{FAE04EC0-301F-11D3-BF4B-00C04F79EFBC}") = "SLExpress", "SLExpress\SLExpress.csproj", "{7451A1A1-67F6-4A79-8934-3338E8EAA870}"
EndProject
Project("{FAE04EC0-301F-11D3-BF4B-00C04F79EFBC}") = "SLExpressControls", "SLExpressControls\SLExpressControls.csproj", "{81C27DFF-4337-48CC-B874-6C629BA45C8F}"
EndProject
Global
	GlobalSection(SourceCodeControl) = preSolution
		SccNumberOfProjects = 6
		SccProjectName0 = \u0022$/msn2.net/ShoppingList/ShoppingList\u0022,\u0020IIQAAAAA
		SccLocalPath0 = ..
		SccProvider0 = MSSCCI:Microsoft\u0020Visual\u0020SourceSafe
		SccProjectFilePathRelativizedFromConnection0 = ShoppingList\\
		SccProjectUniqueName1 = ..\\ShoppingListService\\ShoppingListService.csproj
		SccProjectName1 = \u0022$/msn2.net/ShoppingList/ShoppingList/ShoppingListService\u0022,\u0020DKQAAAAA
		SccLocalPath1 = ..\\ShoppingListService
		SccProjectUniqueName2 = ..\\ShoppingListTray\\ShoppingListTray.csproj
		SccProjectName2 = \u0022$/msn2.net/ShoppingList/ShoppingList/ShoppingListTray\u0022,\u0020TNQAAAAA
		SccLocalPath2 = ..\\ShoppingListTray
		SccWebProject3 = true
		SccProjectUniqueName3 = ..\\ShoppingListWebsite
		SccLocalPath3 = ..
		SccProjectFilePathRelativizedFromConnection3 = ShoppingListWebsite\\
		SccProjectEnlistmentChoice3 = 2
		SccProjectUniqueName4 = SLExpress\\SLExpress.csproj
		SccProjectName4 = \u0022$/msn2.net/ShoppingList/SLExpress\u0022,\u0020WYQAAAAA
		SccLocalPath4 = SLExpress
		SccProjectUniqueName5 = SLExpressControls\\SLExpressControls.csproj
		SccProjectName5 = \u0022$/msn2.net/ShoppingList/SLExpressControls\u0022,\u0020GARAAAAA
		SccLocalPath5 = SLExpressControls
	EndGlobalSection
	GlobalSection(SolutionConfigurationPlatforms) = preSolution
		Debug|.NET = Debug|.NET
		Debug|Any CPU = Debug|Any CPU
		Debug|Mixed Platforms = Debug|Mixed Platforms
		DebugMobileOnly|.NET = DebugMobileOnly|.NET
		DebugMobileOnly|Any CPU = DebugMobileOnly|Any CPU
		DebugMobileOnly|Mixed Platforms = DebugMobileOnly|Mixed Platforms
		DebugSite|.NET = DebugSite|.NET
		DebugSite|Any CPU = DebugSite|Any CPU
		DebugSite|Mixed Platforms = DebugSite|Mixed Platforms
		DebugTrayOnly|.NET = DebugTrayOnly|.NET
		DebugTrayOnly|Any CPU = DebugTrayOnly|Any CPU
		DebugTrayOnly|Mixed Platforms = DebugTrayOnly|Mixed Platforms
		Release|.NET = Release|.NET
		Release|Any CPU = Release|Any CPU
		Release|Mixed Platforms = Release|Mixed Platforms
	EndGlobalSection
	GlobalSection(ProjectConfigurationPlatforms) = postSolution
		{ED347463-382E-4C20-A33F-741D851D9327}.Debug|.NET.ActiveCfg = Debug|Any CPU
		{ED347463-382E-4C20-A33F-741D851D9327}.Debug|Any CPU.ActiveCfg = Debug|Any CPU
		{ED347463-382E-4C20-A33F-741D851D9327}.Debug|Any CPU.Build.0 = Debug|Any CPU
		{ED347463-382E-4C20-A33F-741D851D9327}.Debug|Mixed Platforms.ActiveCfg = Debug|Any CPU
		{ED347463-382E-4C20-A33F-741D851D9327}.Debug|Mixed Platforms.Build.0 = Debug|Any CPU
		{ED347463-382E-4C20-A33F-741D851D9327}.DebugMobileOnly|.NET.ActiveCfg = DebugMobileOnly|Any CPU
		{ED347463-382E-4C20-A33F-741D851D9327}.DebugMobileOnly|Any CPU.ActiveCfg = DebugMobileOnly|Any CPU
		{ED347463-382E-4C20-A33F-741D851D9327}.DebugMobileOnly|Mixed Platforms.ActiveCfg = DebugMobileOnly|Any CPU
		{ED347463-382E-4C20-A33F-741D851D9327}.DebugMobileOnly|Mixed Platforms.Build.0 = DebugMobileOnly|Any CPU
		{ED347463-382E-4C20-A33F-741D851D9327}.DebugSite|.NET.ActiveCfg = DebugSite|Any CPU
		{ED347463-382E-4C20-A33F-741D851D9327}.DebugSite|Any CPU.ActiveCfg = DebugSite|Any CPU
		{ED347463-382E-4C20-A33F-741D851D9327}.DebugSite|Any CPU.Build.0 = DebugSite|Any CPU
		{ED347463-382E-4C20-A33F-741D851D9327}.DebugSite|Mixed Platforms.ActiveCfg = DebugSite|Any CPU
		{ED347463-382E-4C20-A33F-741D851D9327}.DebugTrayOnly|.NET.ActiveCfg = DebugTrayOnly|Any CPU
		{ED347463-382E-4C20-A33F-741D851D9327}.DebugTrayOnly|Any CPU.ActiveCfg = DebugTrayOnly|Any CPU
		{ED347463-382E-4C20-A33F-741D851D9327}.DebugTrayOnly|Mixed Platforms.ActiveCfg = DebugTrayOnly|Any CPU
		{ED347463-382E-4C20-A33F-741D851D9327}.DebugTrayOnly|Mixed Platforms.Build.0 = DebugTrayOnly|Any CPU
		{ED347463-382E-4C20-A33F-741D851D9327}.Release|.NET.ActiveCfg = Release|Any CPU
		{ED347463-382E-4C20-A33F-741D851D9327}.Release|Any CPU.ActiveCfg = Release|Any CPU
		{ED347463-382E-4C20-A33F-741D851D9327}.Release|Any CPU.Build.0 = Release|Any CPU
		{ED347463-382E-4C20-A33F-741D851D9327}.Release|Mixed Platforms.ActiveCfg = Release|Any CPU
		{ED347463-382E-4C20-A33F-741D851D9327}.Release|Mixed Platforms.Build.0 = Release|Any CPU
		{42445F23-4C3A-44A3-82A5-C60E78116F04}.Debug|.NET.ActiveCfg = Debug|Any CPU
		{42445F23-4C3A-44A3-82A5-C60E78116F04}.Debug|Any CPU.ActiveCfg = Debug|Any CPU
		{42445F23-4C3A-44A3-82A5-C60E78116F04}.Debug|Any CPU.Build.0 = Debug|Any CPU
		{42445F23-4C3A-44A3-82A5-C60E78116F04}.Debug|Mixed Platforms.ActiveCfg = Debug|Any CPU
		{42445F23-4C3A-44A3-82A5-C60E78116F04}.Debug|Mixed Platforms.Build.0 = Debug|Any CPU
		{42445F23-4C3A-44A3-82A5-C60E78116F04}.DebugMobileOnly|.NET.ActiveCfg = DebugMobileOnly|Any CPU
		{42445F23-4C3A-44A3-82A5-C60E78116F04}.DebugMobileOnly|Any CPU.ActiveCfg = DebugMobileOnly|Any CPU
		{42445F23-4C3A-44A3-82A5-C60E78116F04}.DebugMobileOnly|Mixed Platforms.ActiveCfg = DebugMobileOnly|Any CPU
		{42445F23-4C3A-44A3-82A5-C60E78116F04}.DebugMobileOnly|Mixed Platforms.Build.0 = DebugMobileOnly|Any CPU
		{42445F23-4C3A-44A3-82A5-C60E78116F04}.DebugSite|.NET.ActiveCfg = DebugSite|Any CPU
		{42445F23-4C3A-44A3-82A5-C60E78116F04}.DebugSite|Any CPU.ActiveCfg = DebugSite|Any CPU
		{42445F23-4C3A-44A3-82A5-C60E78116F04}.DebugSite|Any CPU.Build.0 = DebugSite|Any CPU
		{42445F23-4C3A-44A3-82A5-C60E78116F04}.DebugSite|Mixed Platforms.ActiveCfg = DebugSite|Any CPU
		{42445F23-4C3A-44A3-82A5-C60E78116F04}.DebugTrayOnly|.NET.ActiveCfg = DebugTrayOnly|Any CPU
		{42445F23-4C3A-44A3-82A5-C60E78116F04}.DebugTrayOnly|Any CPU.ActiveCfg = DebugTrayOnly|Any CPU
		{42445F23-4C3A-44A3-82A5-C60E78116F04}.DebugTrayOnly|Any CPU.Build.0 = DebugTrayOnly|Any CPU
		{42445F23-4C3A-44A3-82A5-C60E78116F04}.DebugTrayOnly|Mixed Platforms.ActiveCfg = DebugTrayOnly|Any CPU
		{42445F23-4C3A-44A3-82A5-C60E78116F04}.DebugTrayOnly|Mixed Platforms.Build.0 = DebugTrayOnly|Any CPU
		{42445F23-4C3A-44A3-82A5-C60E78116F04}.Release|.NET.ActiveCfg = Release|Any CPU
		{42445F23-4C3A-44A3-82A5-C60E78116F04}.Release|Any CPU.ActiveCfg = Release|Any CPU
		{42445F23-4C3A-44A3-82A5-C60E78116F04}.Release|Any CPU.Build.0 = Release|Any CPU
		{42445F23-4C3A-44A3-82A5-C60E78116F04}.Release|Mixed Platforms.ActiveCfg = Release|Any CPU
		{42445F23-4C3A-44A3-82A5-C60E78116F04}.Release|Mixed Platforms.Build.0 = Release|Any CPU
		{2B6FD70D-1994-486C-BEAB-8711E98B705E}.Debug|.NET.ActiveCfg = Debug|.NET
		{2B6FD70D-1994-486C-BEAB-8711E98B705E}.Debug|.NET.Build.0 = Debug|.NET
		{2B6FD70D-1994-486C-BEAB-8711E98B705E}.Debug|Any CPU.ActiveCfg = Debug|.NET
		{2B6FD70D-1994-486C-BEAB-8711E98B705E}.Debug|Mixed Platforms.ActiveCfg = Debug|.NET
		{2B6FD70D-1994-486C-BEAB-8711E98B705E}.Debug|Mixed Platforms.Build.0 = Debug|.NET
		{2B6FD70D-1994-486C-BEAB-8711E98B705E}.DebugMobileOnly|.NET.ActiveCfg = Debug|.NET
		{2B6FD70D-1994-486C-BEAB-8711E98B705E}.DebugMobileOnly|.NET.Build.0 = Debug|.NET
		{2B6FD70D-1994-486C-BEAB-8711E98B705E}.DebugMobileOnly|Any CPU.ActiveCfg = Debug|.NET
		{2B6FD70D-1994-486C-BEAB-8711E98B705E}.DebugMobileOnly|Mixed Platforms.ActiveCfg = Debug|.NET
		{2B6FD70D-1994-486C-BEAB-8711E98B705E}.DebugMobileOnly|Mixed Platforms.Build.0 = Debug|.NET
		{2B6FD70D-1994-486C-BEAB-8711E98B705E}.DebugSite|.NET.ActiveCfg = Debug|.NET
		{2B6FD70D-1994-486C-BEAB-8711E98B705E}.DebugSite|.NET.Build.0 = Debug|.NET
		{2B6FD70D-1994-486C-BEAB-8711E98B705E}.DebugSite|Any CPU.ActiveCfg = Debug|.NET
		{2B6FD70D-1994-486C-BEAB-8711E98B705E}.DebugSite|Mixed Platforms.ActiveCfg = Debug|.NET
		{2B6FD70D-1994-486C-BEAB-8711E98B705E}.DebugSite|Mixed Platforms.Build.0 = Debug|.NET
		{2B6FD70D-1994-486C-BEAB-8711E98B705E}.DebugTrayOnly|.NET.ActiveCfg = Debug|.NET
		{2B6FD70D-1994-486C-BEAB-8711E98B705E}.DebugTrayOnly|.NET.Build.0 = Debug|.NET
		{2B6FD70D-1994-486C-BEAB-8711E98B705E}.DebugTrayOnly|Any CPU.ActiveCfg = Debug|.NET
		{2B6FD70D-1994-486C-BEAB-8711E98B705E}.DebugTrayOnly|Mixed Platforms.ActiveCfg = Debug|.NET
		{2B6FD70D-1994-486C-BEAB-8711E98B705E}.DebugTrayOnly|Mixed Platforms.Build.0 = Debug|.NET
		{2B6FD70D-1994-486C-BEAB-8711E98B705E}.Release|.NET.ActiveCfg = Debug|.NET
		{2B6FD70D-1994-486C-BEAB-8711E98B705E}.Release|.NET.Build.0 = Debug|.NET
		{2B6FD70D-1994-486C-BEAB-8711E98B705E}.Release|Any CPU.ActiveCfg = Debug|.NET
		{2B6FD70D-1994-486C-BEAB-8711E98B705E}.Release|Mixed Platforms.ActiveCfg = Debug|.NET
		{2B6FD70D-1994-486C-BEAB-8711E98B705E}.Release|Mixed Platforms.Build.0 = Debug|.NET
		{7451A1A1-67F6-4A79-8934-3338E8EAA870}.Debug|.NET.ActiveCfg = Debug|Any CPU
		{7451A1A1-67F6-4A79-8934-3338E8EAA870}.Debug|Any CPU.ActiveCfg = Debug|Any CPU
		{7451A1A1-67F6-4A79-8934-3338E8EAA870}.Debug|Any CPU.Build.0 = Debug|Any CPU
		{7451A1A1-67F6-4A79-8934-3338E8EAA870}.Debug|Mixed Platforms.ActiveCfg = Debug|Any CPU
		{7451A1A1-67F6-4A79-8934-3338E8EAA870}.Debug|Mixed Platforms.Build.0 = Debug|Any CPU
		{7451A1A1-67F6-4A79-8934-3338E8EAA870}.DebugMobileOnly|.NET.ActiveCfg = Debug|Any CPU
		{7451A1A1-67F6-4A79-8934-3338E8EAA870}.DebugMobileOnly|Any CPU.ActiveCfg = Debug|Any CPU
		{7451A1A1-67F6-4A79-8934-3338E8EAA870}.DebugMobileOnly|Any CPU.Build.0 = Debug|Any CPU
		{7451A1A1-67F6-4A79-8934-3338E8EAA870}.DebugMobileOnly|Mixed Platforms.ActiveCfg = Debug|Any CPU
		{7451A1A1-67F6-4A79-8934-3338E8EAA870}.DebugMobileOnly|Mixed Platforms.Build.0 = Debug|Any CPU
		{7451A1A1-67F6-4A79-8934-3338E8EAA870}.DebugSite|.NET.ActiveCfg = Debug|Any CPU
		{7451A1A1-67F6-4A79-8934-3338E8EAA870}.DebugSite|Any CPU.ActiveCfg = Debug|Any CPU
		{7451A1A1-67F6-4A79-8934-3338E8EAA870}.DebugSite|Any CPU.Build.0 = Debug|Any CPU
		{7451A1A1-67F6-4A79-8934-3338E8EAA870}.DebugSite|Mixed Platforms.ActiveCfg = Debug|Any CPU
		{7451A1A1-67F6-4A79-8934-3338E8EAA870}.DebugSite|Mixed Platforms.Build.0 = Debug|Any CPU
		{7451A1A1-67F6-4A79-8934-3338E8EAA870}.DebugTrayOnly|.NET.ActiveCfg = Debug|Any CPU
		{7451A1A1-67F6-4A79-8934-3338E8EAA870}.DebugTrayOnly|Any CPU.ActiveCfg = Debug|Any CPU
		{7451A1A1-67F6-4A79-8934-3338E8EAA870}.DebugTrayOnly|Any CPU.Build.0 = Debug|Any CPU
		{7451A1A1-67F6-4A79-8934-3338E8EAA870}.DebugTrayOnly|Mixed Platforms.ActiveCfg = Debug|Any CPU
		{7451A1A1-67F6-4A79-8934-3338E8EAA870}.DebugTrayOnly|Mixed Platforms.Build.0 = Debug|Any CPU
		{7451A1A1-67F6-4A79-8934-3338E8EAA870}.Release|.NET.ActiveCfg = Release|Any CPU
		{7451A1A1-67F6-4A79-8934-3338E8EAA870}.Release|Any CPU.ActiveCfg = Release|Any CPU
		{7451A1A1-67F6-4A79-8934-3338E8EAA870}.Release|Any CPU.Build.0 = Release|Any CPU
		{7451A1A1-67F6-4A79-8934-3338E8EAA870}.Release|Mixed Platforms.ActiveCfg = Release|Any CPU
		{7451A1A1-67F6-4A79-8934-3338E8EAA870}.Release|Mixed Platforms.Build.0 = Release|Any CPU
		{81C27DFF-4337-48CC-B874-6C629BA45C8F}.Debug|.NET.ActiveCfg = Debug|Any CPU
		{81C27DFF-4337-48CC-B874-6C629BA45C8F}.Debug|Any CPU.ActiveCfg = Debug|Any CPU
		{81C27DFF-4337-48CC-B874-6C629BA45C8F}.Debug|Any CPU.Build.0 = Debug|Any CPU
		{81C27DFF-4337-48CC-B874-6C629BA45C8F}.Debug|Mixed Platforms.ActiveCfg = Debug|Any CPU
		{81C27DFF-4337-48CC-B874-6C629BA45C8F}.Debug|Mixed Platforms.Build.0 = Debug|Any CPU
		{81C27DFF-4337-48CC-B874-6C629BA45C8F}.DebugMobileOnly|.NET.ActiveCfg = Debug|Any CPU
		{81C27DFF-4337-48CC-B874-6C629BA45C8F}.DebugMobileOnly|Any CPU.ActiveCfg = Debug|Any CPU
		{81C27DFF-4337-48CC-B874-6C629BA45C8F}.DebugMobileOnly|Any CPU.Build.0 = Debug|Any CPU
		{81C27DFF-4337-48CC-B874-6C629BA45C8F}.DebugMobileOnly|Mixed Platforms.ActiveCfg = Debug|Any CPU
		{81C27DFF-4337-48CC-B874-6C629BA45C8F}.DebugMobileOnly|Mixed Platforms.Build.0 = Debug|Any CPU
		{81C27DFF-4337-48CC-B874-6C629BA45C8F}.DebugSite|.NET.ActiveCfg = Debug|Any CPU
		{81C27DFF-4337-48CC-B874-6C629BA45C8F}.DebugSite|Any CPU.ActiveCfg = Debug|Any CPU
		{81C27DFF-4337-48CC-B874-6C629BA45C8F}.DebugSite|Any CPU.Build.0 = Debug|Any CPU
		{81C27DFF-4337-48CC-B874-6C629BA45C8F}.DebugSite|Mixed Platforms.ActiveCfg = Debug|Any CPU
		{81C27DFF-4337-48CC-B874-6C629BA45C8F}.DebugSite|Mixed Platforms.Build.0 = Debug|Any CPU
		{81C27DFF-4337-48CC-B874-6C629BA45C8F}.DebugTrayOnly|.NET.ActiveCfg = Debug|Any CPU
		{81C27DFF-4337-48CC-B874-6C629BA45C8F}.DebugTrayOnly|Any CPU.ActiveCfg = Debug|Any CPU
		{81C27DFF-4337-48CC-B874-6C629BA45C8F}.DebugTrayOnly|Any CPU.Build.0 = Debug|Any CPU
		{81C27DFF-4337-48CC-B874-6C629BA45C8F}.DebugTrayOnly|Mixed Platforms.ActiveCfg = Debug|Any CPU
		{81C27DFF-4337-48CC-B874-6C629BA45C8F}.DebugTrayOnly|Mixed Platforms.Build.0 = Debug|Any CPU
		{81C27DFF-4337-48CC-B874-6C629BA45C8F}.Release|.NET.ActiveCfg = Release|Any CPU
		{81C27DFF-4337-48CC-B874-6C629BA45C8F}.Release|Any CPU.ActiveCfg = Release|Any CPU
		{81C27DFF-4337-48CC-B874-6C629BA45C8F}.Release|Any CPU.Build.0 = Release|Any CPU
		{81C27DFF-4337-48CC-B874-6C629BA45C8F}.Release|Mixed Platforms.ActiveCfg = Release|Any CPU
		{81C27DFF-4337-48CC-B874-6C629BA45C8F}.Release|Mixed Platforms.Build.0 = Release|Any CPU
	EndGlobalSection
	GlobalSection(SolutionProperties) = preSolution
		HideSolutionNode = FALSE
	EndGlobalSection
EndGlobal
