Microsoft Visual Studio Solution File, Format Version 7.00
Project("{8BC9CEB8-8B4A-11D0-8D11-00A0C91BC942}") = "libjpeg", "..\libjpeg\libjpeg.vcproj", "{80CEA24C-50A5-49B1-BEEA-7976FB494159}"
	ProjectSection(ProjectDependencies) = postProject
	EndProjectSection
	ProjectSection(SolutionConfiguration) = postProject
		Release.ActiveCfg = Release|Win32
		Release.Build.0 = Release|Win32
		Debug.ActiveCfg = Debug|Win32
		Debug.Build.0 = Debug|Win32
	EndProjectSection
EndProject
Project("{8BC9CEB8-8B4A-11D0-8D11-00A0C91BC942}") = "paintlib", "paintlib.vcproj", "{D27BEE4B-19AB-487C-AF4E-E1B2AC3422F9}"
	ProjectSection(ProjectDependencies) = postProject
	EndProjectSection
	ProjectSection(SolutionConfiguration) = postProject
		Release.ActiveCfg = Release|Win32
		Release.Build.0 = Release|Win32
		Debug.ActiveCfg = Debug|Win32
		Debug.Build.0 = Debug|Win32
	EndProjectSection
EndProject
Project("{8BC9CEB8-8B4A-11D0-8D11-00A0C91BC942}") = "piclook", "..\piclook\PicLook.vcproj", "{FFAA8397-3B16-491F-8BDA-092CB9543965}"
	ProjectSection(ProjectDependencies) = postProject
		0 = {80CEA24C-50A5-49B1-BEEA-7976FB494159}
		1 = {D27BEE4B-19AB-487C-AF4E-E1B2AC3422F9}
	EndProjectSection
	ProjectSection(SolutionConfiguration) = postProject
		Release.ActiveCfg = Release|Win32
		Release.Build.0 = Release|Win32
		Debug.ActiveCfg = Debug|Win32
		Debug.Build.0 = Debug|Win32
	EndProjectSection
EndProject
Project("{8BC9CEB8-8B4A-11D0-8D11-00A0C91BC942}") = "testdec", "..\testdec\testdec.vcproj", "{B615B8A5-5626-43AA-A577-06AF3E2612C2}"
	ProjectSection(ProjectDependencies) = postProject
		0 = {D27BEE4B-19AB-487C-AF4E-E1B2AC3422F9}
		1 = {80CEA24C-50A5-49B1-BEEA-7976FB494159}
	EndProjectSection
	ProjectSection(SolutionConfiguration) = postProject
		Release.ActiveCfg = Release|Win32
		Release.Build.0 = Release|Win32
		Debug.ActiveCfg = Debug|Win32
		Debug.Build.0 = Debug|Win32
	EndProjectSection
EndProject
Project("{8BC9CEB8-8B4A-11D0-8D11-00A0C91BC942}") = "testdib", "..\testdib\testdib.vcproj", "{F69E0C98-1220-4EA5-A973-36686B9861F6}"
	ProjectSection(ProjectDependencies) = postProject
		0 = {D27BEE4B-19AB-487C-AF4E-E1B2AC3422F9}
		1 = {80CEA24C-50A5-49B1-BEEA-7976FB494159}
	EndProjectSection
	ProjectSection(SolutionConfiguration) = postProject
		Release.ActiveCfg = Release|Win32
		Release.Build.0 = Release|Win32
		Debug.ActiveCfg = Debug|Win32
		Debug.Build.0 = Debug|Win32
	EndProjectSection
EndProject
Global
	GlobalSection(SolutionConfiguration) = preSolution
		ConfigName.0 = Debug
		ConfigName.1 = Release
		DoSign = FALSE
	EndGlobalSection
	GlobalSection(ExtensibilityGlobals) = postSolution
	EndGlobalSection
	GlobalSection(ExtensibilityAddIns) = postSolution
	EndGlobalSection
EndGlobal
