
Microsoft Visual Studio Solution File, Format Version 12.00
# Visual Studio 14
VisualStudioVersion = 14.0.25420.1
MinimumVisualStudioVersion = 10.0.40219.1
Project("{E24C65DC-7377-472B-9ABA-BC803B73C61A}") = "cams", "..\cams", "{680E1A46-8817-45D2-9DEC-3B5A8FDACE19}"
	ProjectSection(WebsiteProperties) = preProject
		SccProjectName = "SAK"
		SccAuxPath = "SAK"
		SccLocalPath = "SAK"
		SccProvider = "SAK"
		TargetFrameworkMoniker = ".NETFramework,Version%3Dv4.0"
		ProjectReferences = "{4DD27D96-4BAB-4A39-8871-7AF16C3BFF4A}|CamLib.dll;"
		Debug.AspNetCompiler.VirtualPath = "/cams"
		Debug.AspNetCompiler.PhysicalPath = "..\cams\"
		Debug.AspNetCompiler.TargetPath = "PrecompiledWeb\cams\"
		Debug.AspNetCompiler.Updateable = "true"
		Debug.AspNetCompiler.ForceOverwrite = "true"
		Debug.AspNetCompiler.FixedNames = "false"
		Debug.AspNetCompiler.Debug = "True"
		Release.AspNetCompiler.VirtualPath = "/cams"
		Release.AspNetCompiler.PhysicalPath = "..\cams\"
		Release.AspNetCompiler.TargetPath = "PrecompiledWeb\cams\"
		Release.AspNetCompiler.Updateable = "true"
		Release.AspNetCompiler.ForceOverwrite = "true"
		Release.AspNetCompiler.FixedNames = "false"
		Release.AspNetCompiler.Debug = "False"
		VWDPort = "7978"
		SlnRelativePath = "..\cams\"
		DefaultWebSiteLanguage = "Visual C#"
	EndProjectSection
EndProject
Project("{FAE04EC0-301F-11D3-BF4B-00C04F79EFBC}") = "CamLib", "CamLib\CamLib.csproj", "{4DD27D96-4BAB-4A39-8871-7AF16C3BFF4A}"
EndProject
Project("{FAE04EC0-301F-11D3-BF4B-00C04F79EFBC}") = "CamAlertService", "CamAlertService\CamAlertService.csproj", "{5532F852-EB8E-44D1-AC8C-AC8290A29E1C}"
EndProject
Project("{FAE04EC0-301F-11D3-BF4B-00C04F79EFBC}") = "Common", "..\Common\Common.csproj", "{A267194C-A021-4267-A491-AD3919394F9A}"
EndProject
Project("{FAE04EC0-301F-11D3-BF4B-00C04F79EFBC}") = "HomeServices", "..\WakeOnLan\HomeServices\HomeServices.csproj", "{CD521A5A-7E39-40A0-91C6-361BF26DDD8E}"
EndProject
Project("{E24C65DC-7377-472B-9ABA-BC803B73C61A}") = "control.msn2.net", "http://localhost:3340", "{37504C27-BE71-466E-812F-2ABE969CAA2D}"
	ProjectSection(WebsiteProperties) = preProject
		SccProjectName = "SAK"
		SccAuxPath = "SAK"
		SccLocalPath = "SAK"
		SccProvider = "SAK"
		UseIISExpress = "true"
		TargetFrameworkMoniker = ".NETFramework,Version%3Dv4.5"
		Debug.AspNetCompiler.VirtualPath = "/localhost_3340"
		Debug.AspNetCompiler.PhysicalPath = "..\control.msn2.net\"
		Debug.AspNetCompiler.TargetPath = "PrecompiledWeb\localhost_3340\"
		Debug.AspNetCompiler.Updateable = "true"
		Debug.AspNetCompiler.ForceOverwrite = "true"
		Debug.AspNetCompiler.FixedNames = "false"
		Debug.AspNetCompiler.Debug = "True"
		Release.AspNetCompiler.VirtualPath = "/localhost_3340"
		Release.AspNetCompiler.PhysicalPath = "..\control.msn2.net\"
		Release.AspNetCompiler.TargetPath = "PrecompiledWeb\localhost_3340\"
		Release.AspNetCompiler.Updateable = "true"
		Release.AspNetCompiler.ForceOverwrite = "true"
		Release.AspNetCompiler.FixedNames = "false"
		Release.AspNetCompiler.Debug = "False"
		SlnRelativePath = "..\control.msn2.net\"
	EndProjectSection
EndProject
Project("{E24C65DC-7377-472B-9ABA-BC803B73C61A}") = "login.msn2.net", "http://localhost:33326", "{4FC9A3EB-7C10-490D-9BC7-8B0FA4FD098E}"
	ProjectSection(WebsiteProperties) = preProject
		SccProjectName = "SAK"
		SccAuxPath = "SAK"
		SccLocalPath = "SAK"
		SccProvider = "SAK"
		UseIISExpress = "true"
		TargetFrameworkMoniker = ".NETFramework,Version%3Dv4.5"
		Debug.AspNetCompiler.VirtualPath = "/localhost_33326"
		Debug.AspNetCompiler.PhysicalPath = "..\login.msn2.net\"
		Debug.AspNetCompiler.TargetPath = "PrecompiledWeb\localhost_33326\"
		Debug.AspNetCompiler.Updateable = "true"
		Debug.AspNetCompiler.ForceOverwrite = "true"
		Debug.AspNetCompiler.FixedNames = "false"
		Debug.AspNetCompiler.Debug = "True"
		Release.AspNetCompiler.VirtualPath = "/localhost_33326"
		Release.AspNetCompiler.PhysicalPath = "..\login.msn2.net\"
		Release.AspNetCompiler.TargetPath = "PrecompiledWeb\localhost_33326\"
		Release.AspNetCompiler.Updateable = "true"
		Release.AspNetCompiler.ForceOverwrite = "true"
		Release.AspNetCompiler.FixedNames = "false"
		Release.AspNetCompiler.Debug = "False"
		SlnRelativePath = "..\login.msn2.net\"
	EndProjectSection
EndProject
Project("{E24C65DC-7377-472B-9ABA-BC803B73C61A}") = "Website", "http://localhost:1722", "{21402A8D-E532-485E-9716-847CAAB53B6F}"
	ProjectSection(WebsiteProperties) = preProject
		SccProjectName = "SAK"
		SccAuxPath = "SAK"
		SccLocalPath = "SAK"
		SccProvider = "SAK"
		UseIISExpress = "true"
		TargetFrameworkMoniker = ".NETFramework,Version%3Dv4.5"
		Debug.AspNetCompiler.VirtualPath = "/localhost_1722"
		Debug.AspNetCompiler.PhysicalPath = "..\WakeOnLan\Website\"
		Debug.AspNetCompiler.TargetPath = "PrecompiledWeb\localhost_1722\"
		Debug.AspNetCompiler.Updateable = "true"
		Debug.AspNetCompiler.ForceOverwrite = "true"
		Debug.AspNetCompiler.FixedNames = "false"
		Debug.AspNetCompiler.Debug = "True"
		Release.AspNetCompiler.VirtualPath = "/localhost_1722"
		Release.AspNetCompiler.PhysicalPath = "..\WakeOnLan\Website\"
		Release.AspNetCompiler.TargetPath = "PrecompiledWeb\localhost_1722\"
		Release.AspNetCompiler.Updateable = "true"
		Release.AspNetCompiler.ForceOverwrite = "true"
		Release.AspNetCompiler.FixedNames = "false"
		Release.AspNetCompiler.Debug = "False"
		SlnRelativePath = "..\WakeOnLan\Website\"
	EndProjectSection
EndProject
Project("{E24C65DC-7377-472B-9ABA-BC803B73C61A}") = "home.msn2.net", "..\home.msn2.net", "{C2C0C9F1-965F-49B6-AC0F-52975F94E406}"
	ProjectSection(WebsiteProperties) = preProject
		SccProjectName = "SAK"
		SccAuxPath = "SAK"
		SccLocalPath = "SAK"
		SccProvider = "SAK"
		TargetFrameworkMoniker = ".NETFramework,Version%3Dv4.5.2"
		Debug.AspNetCompiler.VirtualPath = "/localhost_22968"
		Debug.AspNetCompiler.PhysicalPath = "..\home.msn2.net\"
		Debug.AspNetCompiler.TargetPath = "PrecompiledWeb\localhost_22968\"
		Debug.AspNetCompiler.Updateable = "true"
		Debug.AspNetCompiler.ForceOverwrite = "true"
		Debug.AspNetCompiler.FixedNames = "false"
		Debug.AspNetCompiler.Debug = "True"
		Release.AspNetCompiler.VirtualPath = "/localhost_22968"
		Release.AspNetCompiler.PhysicalPath = "..\home.msn2.net\"
		Release.AspNetCompiler.TargetPath = "PrecompiledWeb\localhost_22968\"
		Release.AspNetCompiler.Updateable = "true"
		Release.AspNetCompiler.ForceOverwrite = "true"
		Release.AspNetCompiler.FixedNames = "false"
		Release.AspNetCompiler.Debug = "False"
		VWDPort = "22968"
		SlnRelativePath = "..\home.msn2.net\"
		DefaultWebSiteLanguage = "Visual C#"
	EndProjectSection
EndProject
Project("{FAE04EC0-301F-11D3-BF4B-00C04F79EFBC}") = "HomeControl", "..\HomeControl\HomeControl\HomeControl.csproj", "{01F4C656-BE28-4241-BEEB-42457C1A5DD1}"
EndProject
Global
	GlobalSection(SolutionConfigurationPlatforms) = preSolution
		Debug|Any CPU = Debug|Any CPU
		Debug|ARM = Debug|ARM
		Debug|Mixed Platforms = Debug|Mixed Platforms
		Debug|Windows Phone = Debug|Windows Phone
		Debug|x64 = Debug|x64
		Debug|x86 = Debug|x86
		NoPhone|Any CPU = NoPhone|Any CPU
		NoPhone|ARM = NoPhone|ARM
		NoPhone|Mixed Platforms = NoPhone|Mixed Platforms
		NoPhone|Windows Phone = NoPhone|Windows Phone
		NoPhone|x64 = NoPhone|x64
		NoPhone|x86 = NoPhone|x86
		Release|Any CPU = Release|Any CPU
		Release|ARM = Release|ARM
		Release|Mixed Platforms = Release|Mixed Platforms
		Release|Windows Phone = Release|Windows Phone
		Release|x64 = Release|x64
		Release|x86 = Release|x86
	EndGlobalSection
	GlobalSection(ProjectConfigurationPlatforms) = postSolution
		{680E1A46-8817-45D2-9DEC-3B5A8FDACE19}.Debug|Any CPU.ActiveCfg = Debug|Any CPU
		{680E1A46-8817-45D2-9DEC-3B5A8FDACE19}.Debug|Any CPU.Build.0 = Debug|Any CPU
		{680E1A46-8817-45D2-9DEC-3B5A8FDACE19}.Debug|ARM.ActiveCfg = Debug|Any CPU
		{680E1A46-8817-45D2-9DEC-3B5A8FDACE19}.Debug|Mixed Platforms.ActiveCfg = Debug|Any CPU
		{680E1A46-8817-45D2-9DEC-3B5A8FDACE19}.Debug|Mixed Platforms.Build.0 = Debug|Any CPU
		{680E1A46-8817-45D2-9DEC-3B5A8FDACE19}.Debug|Windows Phone.ActiveCfg = Debug|Any CPU
		{680E1A46-8817-45D2-9DEC-3B5A8FDACE19}.Debug|x64.ActiveCfg = Debug|Any CPU
		{680E1A46-8817-45D2-9DEC-3B5A8FDACE19}.Debug|x86.ActiveCfg = Debug|Any CPU
		{680E1A46-8817-45D2-9DEC-3B5A8FDACE19}.NoPhone|Any CPU.ActiveCfg = Debug|Any CPU
		{680E1A46-8817-45D2-9DEC-3B5A8FDACE19}.NoPhone|Any CPU.Build.0 = Debug|Any CPU
		{680E1A46-8817-45D2-9DEC-3B5A8FDACE19}.NoPhone|ARM.ActiveCfg = Debug|Any CPU
		{680E1A46-8817-45D2-9DEC-3B5A8FDACE19}.NoPhone|Mixed Platforms.ActiveCfg = Debug|Any CPU
		{680E1A46-8817-45D2-9DEC-3B5A8FDACE19}.NoPhone|Mixed Platforms.Build.0 = Debug|Any CPU
		{680E1A46-8817-45D2-9DEC-3B5A8FDACE19}.NoPhone|Windows Phone.ActiveCfg = Debug|Any CPU
		{680E1A46-8817-45D2-9DEC-3B5A8FDACE19}.NoPhone|x64.ActiveCfg = Debug|Any CPU
		{680E1A46-8817-45D2-9DEC-3B5A8FDACE19}.NoPhone|x86.ActiveCfg = Debug|Any CPU
		{680E1A46-8817-45D2-9DEC-3B5A8FDACE19}.Release|Any CPU.ActiveCfg = Debug|Any CPU
		{680E1A46-8817-45D2-9DEC-3B5A8FDACE19}.Release|Any CPU.Build.0 = Debug|Any CPU
		{680E1A46-8817-45D2-9DEC-3B5A8FDACE19}.Release|ARM.ActiveCfg = Debug|Any CPU
		{680E1A46-8817-45D2-9DEC-3B5A8FDACE19}.Release|Mixed Platforms.ActiveCfg = Debug|Any CPU
		{680E1A46-8817-45D2-9DEC-3B5A8FDACE19}.Release|Mixed Platforms.Build.0 = Debug|Any CPU
		{680E1A46-8817-45D2-9DEC-3B5A8FDACE19}.Release|Windows Phone.ActiveCfg = Debug|Any CPU
		{680E1A46-8817-45D2-9DEC-3B5A8FDACE19}.Release|x64.ActiveCfg = Debug|Any CPU
		{680E1A46-8817-45D2-9DEC-3B5A8FDACE19}.Release|x86.ActiveCfg = Debug|Any CPU
		{4DD27D96-4BAB-4A39-8871-7AF16C3BFF4A}.Debug|Any CPU.ActiveCfg = Debug|Any CPU
		{4DD27D96-4BAB-4A39-8871-7AF16C3BFF4A}.Debug|Any CPU.Build.0 = Debug|Any CPU
		{4DD27D96-4BAB-4A39-8871-7AF16C3BFF4A}.Debug|ARM.ActiveCfg = Debug|Any CPU
		{4DD27D96-4BAB-4A39-8871-7AF16C3BFF4A}.Debug|Mixed Platforms.ActiveCfg = Debug|Any CPU
		{4DD27D96-4BAB-4A39-8871-7AF16C3BFF4A}.Debug|Mixed Platforms.Build.0 = Debug|Any CPU
		{4DD27D96-4BAB-4A39-8871-7AF16C3BFF4A}.Debug|Windows Phone.ActiveCfg = Debug|Any CPU
		{4DD27D96-4BAB-4A39-8871-7AF16C3BFF4A}.Debug|x64.ActiveCfg = Debug|Any CPU
		{4DD27D96-4BAB-4A39-8871-7AF16C3BFF4A}.Debug|x86.ActiveCfg = Debug|Any CPU
		{4DD27D96-4BAB-4A39-8871-7AF16C3BFF4A}.NoPhone|Any CPU.ActiveCfg = NoPhone|Any CPU
		{4DD27D96-4BAB-4A39-8871-7AF16C3BFF4A}.NoPhone|Any CPU.Build.0 = NoPhone|Any CPU
		{4DD27D96-4BAB-4A39-8871-7AF16C3BFF4A}.NoPhone|ARM.ActiveCfg = NoPhone|Any CPU
		{4DD27D96-4BAB-4A39-8871-7AF16C3BFF4A}.NoPhone|Mixed Platforms.ActiveCfg = NoPhone|Any CPU
		{4DD27D96-4BAB-4A39-8871-7AF16C3BFF4A}.NoPhone|Mixed Platforms.Build.0 = NoPhone|Any CPU
		{4DD27D96-4BAB-4A39-8871-7AF16C3BFF4A}.NoPhone|Windows Phone.ActiveCfg = NoPhone|Any CPU
		{4DD27D96-4BAB-4A39-8871-7AF16C3BFF4A}.NoPhone|x64.ActiveCfg = NoPhone|Any CPU
		{4DD27D96-4BAB-4A39-8871-7AF16C3BFF4A}.NoPhone|x86.ActiveCfg = NoPhone|Any CPU
		{4DD27D96-4BAB-4A39-8871-7AF16C3BFF4A}.Release|Any CPU.ActiveCfg = Release|Any CPU
		{4DD27D96-4BAB-4A39-8871-7AF16C3BFF4A}.Release|Any CPU.Build.0 = Release|Any CPU
		{4DD27D96-4BAB-4A39-8871-7AF16C3BFF4A}.Release|ARM.ActiveCfg = Release|Any CPU
		{4DD27D96-4BAB-4A39-8871-7AF16C3BFF4A}.Release|Mixed Platforms.ActiveCfg = Release|Any CPU
		{4DD27D96-4BAB-4A39-8871-7AF16C3BFF4A}.Release|Mixed Platforms.Build.0 = Release|Any CPU
		{4DD27D96-4BAB-4A39-8871-7AF16C3BFF4A}.Release|Windows Phone.ActiveCfg = Release|Any CPU
		{4DD27D96-4BAB-4A39-8871-7AF16C3BFF4A}.Release|x64.ActiveCfg = Release|Any CPU
		{4DD27D96-4BAB-4A39-8871-7AF16C3BFF4A}.Release|x86.ActiveCfg = Release|Any CPU
		{5532F852-EB8E-44D1-AC8C-AC8290A29E1C}.Debug|Any CPU.ActiveCfg = Debug|x86
		{5532F852-EB8E-44D1-AC8C-AC8290A29E1C}.Debug|ARM.ActiveCfg = Debug|x86
		{5532F852-EB8E-44D1-AC8C-AC8290A29E1C}.Debug|Mixed Platforms.ActiveCfg = Debug|x86
		{5532F852-EB8E-44D1-AC8C-AC8290A29E1C}.Debug|Mixed Platforms.Build.0 = Debug|x86
		{5532F852-EB8E-44D1-AC8C-AC8290A29E1C}.Debug|Windows Phone.ActiveCfg = Debug|x86
		{5532F852-EB8E-44D1-AC8C-AC8290A29E1C}.Debug|x64.ActiveCfg = Debug|x86
		{5532F852-EB8E-44D1-AC8C-AC8290A29E1C}.Debug|x86.ActiveCfg = Debug|x86
		{5532F852-EB8E-44D1-AC8C-AC8290A29E1C}.Debug|x86.Build.0 = Debug|x86
		{5532F852-EB8E-44D1-AC8C-AC8290A29E1C}.NoPhone|Any CPU.ActiveCfg = NoPhone|x86
		{5532F852-EB8E-44D1-AC8C-AC8290A29E1C}.NoPhone|ARM.ActiveCfg = NoPhone|x86
		{5532F852-EB8E-44D1-AC8C-AC8290A29E1C}.NoPhone|Mixed Platforms.ActiveCfg = NoPhone|x86
		{5532F852-EB8E-44D1-AC8C-AC8290A29E1C}.NoPhone|Mixed Platforms.Build.0 = NoPhone|x86
		{5532F852-EB8E-44D1-AC8C-AC8290A29E1C}.NoPhone|Windows Phone.ActiveCfg = NoPhone|x86
		{5532F852-EB8E-44D1-AC8C-AC8290A29E1C}.NoPhone|x64.ActiveCfg = NoPhone|x86
		{5532F852-EB8E-44D1-AC8C-AC8290A29E1C}.NoPhone|x86.ActiveCfg = NoPhone|x86
		{5532F852-EB8E-44D1-AC8C-AC8290A29E1C}.NoPhone|x86.Build.0 = NoPhone|x86
		{5532F852-EB8E-44D1-AC8C-AC8290A29E1C}.Release|Any CPU.ActiveCfg = Release|x86
		{5532F852-EB8E-44D1-AC8C-AC8290A29E1C}.Release|ARM.ActiveCfg = Release|x86
		{5532F852-EB8E-44D1-AC8C-AC8290A29E1C}.Release|Mixed Platforms.ActiveCfg = Release|x86
		{5532F852-EB8E-44D1-AC8C-AC8290A29E1C}.Release|Mixed Platforms.Build.0 = Release|x86
		{5532F852-EB8E-44D1-AC8C-AC8290A29E1C}.Release|Windows Phone.ActiveCfg = Release|x86
		{5532F852-EB8E-44D1-AC8C-AC8290A29E1C}.Release|x64.ActiveCfg = Release|x86
		{5532F852-EB8E-44D1-AC8C-AC8290A29E1C}.Release|x86.ActiveCfg = Release|x86
		{5532F852-EB8E-44D1-AC8C-AC8290A29E1C}.Release|x86.Build.0 = Release|x86
		{A267194C-A021-4267-A491-AD3919394F9A}.Debug|Any CPU.ActiveCfg = Debug|Any CPU
		{A267194C-A021-4267-A491-AD3919394F9A}.Debug|Any CPU.Build.0 = Debug|Any CPU
		{A267194C-A021-4267-A491-AD3919394F9A}.Debug|ARM.ActiveCfg = Debug|Any CPU
		{A267194C-A021-4267-A491-AD3919394F9A}.Debug|Mixed Platforms.ActiveCfg = Debug|Any CPU
		{A267194C-A021-4267-A491-AD3919394F9A}.Debug|Mixed Platforms.Build.0 = Debug|Any CPU
		{A267194C-A021-4267-A491-AD3919394F9A}.Debug|Windows Phone.ActiveCfg = Debug|Any CPU
		{A267194C-A021-4267-A491-AD3919394F9A}.Debug|x64.ActiveCfg = Debug|Any CPU
		{A267194C-A021-4267-A491-AD3919394F9A}.Debug|x86.ActiveCfg = Debug|Any CPU
		{A267194C-A021-4267-A491-AD3919394F9A}.NoPhone|Any CPU.ActiveCfg = NoPhone|Any CPU
		{A267194C-A021-4267-A491-AD3919394F9A}.NoPhone|Any CPU.Build.0 = NoPhone|Any CPU
		{A267194C-A021-4267-A491-AD3919394F9A}.NoPhone|ARM.ActiveCfg = NoPhone|Any CPU
		{A267194C-A021-4267-A491-AD3919394F9A}.NoPhone|Mixed Platforms.ActiveCfg = NoPhone|Any CPU
		{A267194C-A021-4267-A491-AD3919394F9A}.NoPhone|Mixed Platforms.Build.0 = NoPhone|Any CPU
		{A267194C-A021-4267-A491-AD3919394F9A}.NoPhone|Windows Phone.ActiveCfg = NoPhone|Any CPU
		{A267194C-A021-4267-A491-AD3919394F9A}.NoPhone|x64.ActiveCfg = NoPhone|Any CPU
		{A267194C-A021-4267-A491-AD3919394F9A}.NoPhone|x86.ActiveCfg = NoPhone|Any CPU
		{A267194C-A021-4267-A491-AD3919394F9A}.Release|Any CPU.ActiveCfg = Release|Any CPU
		{A267194C-A021-4267-A491-AD3919394F9A}.Release|Any CPU.Build.0 = Release|Any CPU
		{A267194C-A021-4267-A491-AD3919394F9A}.Release|ARM.ActiveCfg = Release|Any CPU
		{A267194C-A021-4267-A491-AD3919394F9A}.Release|Mixed Platforms.ActiveCfg = Release|Any CPU
		{A267194C-A021-4267-A491-AD3919394F9A}.Release|Mixed Platforms.Build.0 = Release|Any CPU
		{A267194C-A021-4267-A491-AD3919394F9A}.Release|Windows Phone.ActiveCfg = Release|Any CPU
		{A267194C-A021-4267-A491-AD3919394F9A}.Release|x64.ActiveCfg = Release|Any CPU
		{A267194C-A021-4267-A491-AD3919394F9A}.Release|x86.ActiveCfg = Release|Any CPU
		{CD521A5A-7E39-40A0-91C6-361BF26DDD8E}.Debug|Any CPU.ActiveCfg = Debug|Any CPU
		{CD521A5A-7E39-40A0-91C6-361BF26DDD8E}.Debug|Any CPU.Build.0 = Debug|Any CPU
		{CD521A5A-7E39-40A0-91C6-361BF26DDD8E}.Debug|ARM.ActiveCfg = Debug|Any CPU
		{CD521A5A-7E39-40A0-91C6-361BF26DDD8E}.Debug|Mixed Platforms.ActiveCfg = Debug|Any CPU
		{CD521A5A-7E39-40A0-91C6-361BF26DDD8E}.Debug|Mixed Platforms.Build.0 = Debug|Any CPU
		{CD521A5A-7E39-40A0-91C6-361BF26DDD8E}.Debug|Windows Phone.ActiveCfg = Debug|Any CPU
		{CD521A5A-7E39-40A0-91C6-361BF26DDD8E}.Debug|x64.ActiveCfg = Debug|Any CPU
		{CD521A5A-7E39-40A0-91C6-361BF26DDD8E}.Debug|x86.ActiveCfg = Debug|Any CPU
		{CD521A5A-7E39-40A0-91C6-361BF26DDD8E}.NoPhone|Any CPU.ActiveCfg = Release|Any CPU
		{CD521A5A-7E39-40A0-91C6-361BF26DDD8E}.NoPhone|Any CPU.Build.0 = Release|Any CPU
		{CD521A5A-7E39-40A0-91C6-361BF26DDD8E}.NoPhone|ARM.ActiveCfg = Release|Any CPU
		{CD521A5A-7E39-40A0-91C6-361BF26DDD8E}.NoPhone|Mixed Platforms.ActiveCfg = Debug|Any CPU
		{CD521A5A-7E39-40A0-91C6-361BF26DDD8E}.NoPhone|Mixed Platforms.Build.0 = Debug|Any CPU
		{CD521A5A-7E39-40A0-91C6-361BF26DDD8E}.NoPhone|Windows Phone.ActiveCfg = Release|Any CPU
		{CD521A5A-7E39-40A0-91C6-361BF26DDD8E}.NoPhone|x64.ActiveCfg = Release|Any CPU
		{CD521A5A-7E39-40A0-91C6-361BF26DDD8E}.NoPhone|x86.ActiveCfg = Release|Any CPU
		{CD521A5A-7E39-40A0-91C6-361BF26DDD8E}.Release|Any CPU.ActiveCfg = Release|Any CPU
		{CD521A5A-7E39-40A0-91C6-361BF26DDD8E}.Release|Any CPU.Build.0 = Release|Any CPU
		{CD521A5A-7E39-40A0-91C6-361BF26DDD8E}.Release|ARM.ActiveCfg = Release|Any CPU
		{CD521A5A-7E39-40A0-91C6-361BF26DDD8E}.Release|Mixed Platforms.ActiveCfg = Release|Any CPU
		{CD521A5A-7E39-40A0-91C6-361BF26DDD8E}.Release|Mixed Platforms.Build.0 = Release|Any CPU
		{CD521A5A-7E39-40A0-91C6-361BF26DDD8E}.Release|Windows Phone.ActiveCfg = Release|Any CPU
		{CD521A5A-7E39-40A0-91C6-361BF26DDD8E}.Release|x64.ActiveCfg = Release|Any CPU
		{CD521A5A-7E39-40A0-91C6-361BF26DDD8E}.Release|x86.ActiveCfg = Release|Any CPU
		{37504C27-BE71-466E-812F-2ABE969CAA2D}.Debug|Any CPU.ActiveCfg = Debug|Any CPU
		{37504C27-BE71-466E-812F-2ABE969CAA2D}.Debug|Any CPU.Build.0 = Debug|Any CPU
		{37504C27-BE71-466E-812F-2ABE969CAA2D}.Debug|ARM.ActiveCfg = Debug|Any CPU
		{37504C27-BE71-466E-812F-2ABE969CAA2D}.Debug|Mixed Platforms.ActiveCfg = Debug|Any CPU
		{37504C27-BE71-466E-812F-2ABE969CAA2D}.Debug|Mixed Platforms.Build.0 = Debug|Any CPU
		{37504C27-BE71-466E-812F-2ABE969CAA2D}.Debug|Windows Phone.ActiveCfg = Debug|Any CPU
		{37504C27-BE71-466E-812F-2ABE969CAA2D}.Debug|x64.ActiveCfg = Debug|Any CPU
		{37504C27-BE71-466E-812F-2ABE969CAA2D}.Debug|x86.ActiveCfg = Debug|Any CPU
		{37504C27-BE71-466E-812F-2ABE969CAA2D}.NoPhone|Any CPU.ActiveCfg = Debug|Any CPU
		{37504C27-BE71-466E-812F-2ABE969CAA2D}.NoPhone|Any CPU.Build.0 = Debug|Any CPU
		{37504C27-BE71-466E-812F-2ABE969CAA2D}.NoPhone|ARM.ActiveCfg = Debug|Any CPU
		{37504C27-BE71-466E-812F-2ABE969CAA2D}.NoPhone|Mixed Platforms.ActiveCfg = Debug|Any CPU
		{37504C27-BE71-466E-812F-2ABE969CAA2D}.NoPhone|Mixed Platforms.Build.0 = Debug|Any CPU
		{37504C27-BE71-466E-812F-2ABE969CAA2D}.NoPhone|Windows Phone.ActiveCfg = Debug|Any CPU
		{37504C27-BE71-466E-812F-2ABE969CAA2D}.NoPhone|x64.ActiveCfg = Debug|Any CPU
		{37504C27-BE71-466E-812F-2ABE969CAA2D}.NoPhone|x86.ActiveCfg = Debug|Any CPU
		{37504C27-BE71-466E-812F-2ABE969CAA2D}.Release|Any CPU.ActiveCfg = Debug|Any CPU
		{37504C27-BE71-466E-812F-2ABE969CAA2D}.Release|Any CPU.Build.0 = Debug|Any CPU
		{37504C27-BE71-466E-812F-2ABE969CAA2D}.Release|ARM.ActiveCfg = Debug|Any CPU
		{37504C27-BE71-466E-812F-2ABE969CAA2D}.Release|Mixed Platforms.ActiveCfg = Debug|Any CPU
		{37504C27-BE71-466E-812F-2ABE969CAA2D}.Release|Mixed Platforms.Build.0 = Debug|Any CPU
		{37504C27-BE71-466E-812F-2ABE969CAA2D}.Release|Windows Phone.ActiveCfg = Debug|Any CPU
		{37504C27-BE71-466E-812F-2ABE969CAA2D}.Release|x64.ActiveCfg = Debug|Any CPU
		{37504C27-BE71-466E-812F-2ABE969CAA2D}.Release|x86.ActiveCfg = Debug|Any CPU
		{4FC9A3EB-7C10-490D-9BC7-8B0FA4FD098E}.Debug|Any CPU.ActiveCfg = Debug|Any CPU
		{4FC9A3EB-7C10-490D-9BC7-8B0FA4FD098E}.Debug|Any CPU.Build.0 = Debug|Any CPU
		{4FC9A3EB-7C10-490D-9BC7-8B0FA4FD098E}.Debug|ARM.ActiveCfg = Debug|Any CPU
		{4FC9A3EB-7C10-490D-9BC7-8B0FA4FD098E}.Debug|Mixed Platforms.ActiveCfg = Debug|Any CPU
		{4FC9A3EB-7C10-490D-9BC7-8B0FA4FD098E}.Debug|Mixed Platforms.Build.0 = Debug|Any CPU
		{4FC9A3EB-7C10-490D-9BC7-8B0FA4FD098E}.Debug|Windows Phone.ActiveCfg = Debug|Any CPU
		{4FC9A3EB-7C10-490D-9BC7-8B0FA4FD098E}.Debug|x64.ActiveCfg = Debug|Any CPU
		{4FC9A3EB-7C10-490D-9BC7-8B0FA4FD098E}.Debug|x86.ActiveCfg = Debug|Any CPU
		{4FC9A3EB-7C10-490D-9BC7-8B0FA4FD098E}.NoPhone|Any CPU.ActiveCfg = Debug|Any CPU
		{4FC9A3EB-7C10-490D-9BC7-8B0FA4FD098E}.NoPhone|Any CPU.Build.0 = Debug|Any CPU
		{4FC9A3EB-7C10-490D-9BC7-8B0FA4FD098E}.NoPhone|ARM.ActiveCfg = Debug|Any CPU
		{4FC9A3EB-7C10-490D-9BC7-8B0FA4FD098E}.NoPhone|Mixed Platforms.ActiveCfg = Debug|Any CPU
		{4FC9A3EB-7C10-490D-9BC7-8B0FA4FD098E}.NoPhone|Mixed Platforms.Build.0 = Debug|Any CPU
		{4FC9A3EB-7C10-490D-9BC7-8B0FA4FD098E}.NoPhone|Windows Phone.ActiveCfg = Debug|Any CPU
		{4FC9A3EB-7C10-490D-9BC7-8B0FA4FD098E}.NoPhone|x64.ActiveCfg = Debug|Any CPU
		{4FC9A3EB-7C10-490D-9BC7-8B0FA4FD098E}.NoPhone|x86.ActiveCfg = Debug|Any CPU
		{4FC9A3EB-7C10-490D-9BC7-8B0FA4FD098E}.Release|Any CPU.ActiveCfg = Debug|Any CPU
		{4FC9A3EB-7C10-490D-9BC7-8B0FA4FD098E}.Release|Any CPU.Build.0 = Debug|Any CPU
		{4FC9A3EB-7C10-490D-9BC7-8B0FA4FD098E}.Release|ARM.ActiveCfg = Debug|Any CPU
		{4FC9A3EB-7C10-490D-9BC7-8B0FA4FD098E}.Release|Mixed Platforms.ActiveCfg = Debug|Any CPU
		{4FC9A3EB-7C10-490D-9BC7-8B0FA4FD098E}.Release|Mixed Platforms.Build.0 = Debug|Any CPU
		{4FC9A3EB-7C10-490D-9BC7-8B0FA4FD098E}.Release|Windows Phone.ActiveCfg = Debug|Any CPU
		{4FC9A3EB-7C10-490D-9BC7-8B0FA4FD098E}.Release|x64.ActiveCfg = Debug|Any CPU
		{4FC9A3EB-7C10-490D-9BC7-8B0FA4FD098E}.Release|x86.ActiveCfg = Debug|Any CPU
		{21402A8D-E532-485E-9716-847CAAB53B6F}.Debug|Any CPU.ActiveCfg = Debug|Any CPU
		{21402A8D-E532-485E-9716-847CAAB53B6F}.Debug|Any CPU.Build.0 = Debug|Any CPU
		{21402A8D-E532-485E-9716-847CAAB53B6F}.Debug|ARM.ActiveCfg = Debug|Any CPU
		{21402A8D-E532-485E-9716-847CAAB53B6F}.Debug|Mixed Platforms.ActiveCfg = Debug|Any CPU
		{21402A8D-E532-485E-9716-847CAAB53B6F}.Debug|Mixed Platforms.Build.0 = Debug|Any CPU
		{21402A8D-E532-485E-9716-847CAAB53B6F}.Debug|Windows Phone.ActiveCfg = Debug|Any CPU
		{21402A8D-E532-485E-9716-847CAAB53B6F}.Debug|x64.ActiveCfg = Debug|Any CPU
		{21402A8D-E532-485E-9716-847CAAB53B6F}.Debug|x86.ActiveCfg = Debug|Any CPU
		{21402A8D-E532-485E-9716-847CAAB53B6F}.NoPhone|Any CPU.ActiveCfg = Debug|Any CPU
		{21402A8D-E532-485E-9716-847CAAB53B6F}.NoPhone|Any CPU.Build.0 = Debug|Any CPU
		{21402A8D-E532-485E-9716-847CAAB53B6F}.NoPhone|ARM.ActiveCfg = Debug|Any CPU
		{21402A8D-E532-485E-9716-847CAAB53B6F}.NoPhone|Mixed Platforms.ActiveCfg = Debug|Any CPU
		{21402A8D-E532-485E-9716-847CAAB53B6F}.NoPhone|Mixed Platforms.Build.0 = Debug|Any CPU
		{21402A8D-E532-485E-9716-847CAAB53B6F}.NoPhone|Windows Phone.ActiveCfg = Debug|Any CPU
		{21402A8D-E532-485E-9716-847CAAB53B6F}.NoPhone|x64.ActiveCfg = Debug|Any CPU
		{21402A8D-E532-485E-9716-847CAAB53B6F}.NoPhone|x86.ActiveCfg = Debug|Any CPU
		{21402A8D-E532-485E-9716-847CAAB53B6F}.Release|Any CPU.ActiveCfg = Debug|Any CPU
		{21402A8D-E532-485E-9716-847CAAB53B6F}.Release|Any CPU.Build.0 = Debug|Any CPU
		{21402A8D-E532-485E-9716-847CAAB53B6F}.Release|ARM.ActiveCfg = Debug|Any CPU
		{21402A8D-E532-485E-9716-847CAAB53B6F}.Release|Mixed Platforms.ActiveCfg = Debug|Any CPU
		{21402A8D-E532-485E-9716-847CAAB53B6F}.Release|Mixed Platforms.Build.0 = Debug|Any CPU
		{21402A8D-E532-485E-9716-847CAAB53B6F}.Release|Windows Phone.ActiveCfg = Debug|Any CPU
		{21402A8D-E532-485E-9716-847CAAB53B6F}.Release|x64.ActiveCfg = Debug|Any CPU
		{21402A8D-E532-485E-9716-847CAAB53B6F}.Release|x86.ActiveCfg = Debug|Any CPU
		{C2C0C9F1-965F-49B6-AC0F-52975F94E406}.Debug|Any CPU.ActiveCfg = Debug|Any CPU
		{C2C0C9F1-965F-49B6-AC0F-52975F94E406}.Debug|Any CPU.Build.0 = Debug|Any CPU
		{C2C0C9F1-965F-49B6-AC0F-52975F94E406}.Debug|ARM.ActiveCfg = Debug|Any CPU
		{C2C0C9F1-965F-49B6-AC0F-52975F94E406}.Debug|ARM.Build.0 = Debug|Any CPU
		{C2C0C9F1-965F-49B6-AC0F-52975F94E406}.Debug|Mixed Platforms.ActiveCfg = Debug|Any CPU
		{C2C0C9F1-965F-49B6-AC0F-52975F94E406}.Debug|Mixed Platforms.Build.0 = Debug|Any CPU
		{C2C0C9F1-965F-49B6-AC0F-52975F94E406}.Debug|Windows Phone.ActiveCfg = Debug|Any CPU
		{C2C0C9F1-965F-49B6-AC0F-52975F94E406}.Debug|Windows Phone.Build.0 = Debug|Any CPU
		{C2C0C9F1-965F-49B6-AC0F-52975F94E406}.Debug|x64.ActiveCfg = Debug|Any CPU
		{C2C0C9F1-965F-49B6-AC0F-52975F94E406}.Debug|x64.Build.0 = Debug|Any CPU
		{C2C0C9F1-965F-49B6-AC0F-52975F94E406}.Debug|x86.ActiveCfg = Debug|Any CPU
		{C2C0C9F1-965F-49B6-AC0F-52975F94E406}.Debug|x86.Build.0 = Debug|Any CPU
		{C2C0C9F1-965F-49B6-AC0F-52975F94E406}.NoPhone|Any CPU.ActiveCfg = Debug|Any CPU
		{C2C0C9F1-965F-49B6-AC0F-52975F94E406}.NoPhone|Any CPU.Build.0 = Debug|Any CPU
		{C2C0C9F1-965F-49B6-AC0F-52975F94E406}.NoPhone|ARM.ActiveCfg = Debug|Any CPU
		{C2C0C9F1-965F-49B6-AC0F-52975F94E406}.NoPhone|ARM.Build.0 = Debug|Any CPU
		{C2C0C9F1-965F-49B6-AC0F-52975F94E406}.NoPhone|Mixed Platforms.ActiveCfg = Debug|Any CPU
		{C2C0C9F1-965F-49B6-AC0F-52975F94E406}.NoPhone|Mixed Platforms.Build.0 = Debug|Any CPU
		{C2C0C9F1-965F-49B6-AC0F-52975F94E406}.NoPhone|Windows Phone.ActiveCfg = Debug|Any CPU
		{C2C0C9F1-965F-49B6-AC0F-52975F94E406}.NoPhone|Windows Phone.Build.0 = Debug|Any CPU
		{C2C0C9F1-965F-49B6-AC0F-52975F94E406}.NoPhone|x64.ActiveCfg = Debug|Any CPU
		{C2C0C9F1-965F-49B6-AC0F-52975F94E406}.NoPhone|x64.Build.0 = Debug|Any CPU
		{C2C0C9F1-965F-49B6-AC0F-52975F94E406}.NoPhone|x86.ActiveCfg = Debug|Any CPU
		{C2C0C9F1-965F-49B6-AC0F-52975F94E406}.NoPhone|x86.Build.0 = Debug|Any CPU
		{C2C0C9F1-965F-49B6-AC0F-52975F94E406}.Release|Any CPU.ActiveCfg = Debug|Any CPU
		{C2C0C9F1-965F-49B6-AC0F-52975F94E406}.Release|Any CPU.Build.0 = Debug|Any CPU
		{C2C0C9F1-965F-49B6-AC0F-52975F94E406}.Release|ARM.ActiveCfg = Debug|Any CPU
		{C2C0C9F1-965F-49B6-AC0F-52975F94E406}.Release|ARM.Build.0 = Debug|Any CPU
		{C2C0C9F1-965F-49B6-AC0F-52975F94E406}.Release|Mixed Platforms.ActiveCfg = Debug|Any CPU
		{C2C0C9F1-965F-49B6-AC0F-52975F94E406}.Release|Mixed Platforms.Build.0 = Debug|Any CPU
		{C2C0C9F1-965F-49B6-AC0F-52975F94E406}.Release|Windows Phone.ActiveCfg = Debug|Any CPU
		{C2C0C9F1-965F-49B6-AC0F-52975F94E406}.Release|Windows Phone.Build.0 = Debug|Any CPU
		{C2C0C9F1-965F-49B6-AC0F-52975F94E406}.Release|x64.ActiveCfg = Debug|Any CPU
		{C2C0C9F1-965F-49B6-AC0F-52975F94E406}.Release|x64.Build.0 = Debug|Any CPU
		{C2C0C9F1-965F-49B6-AC0F-52975F94E406}.Release|x86.ActiveCfg = Debug|Any CPU
		{C2C0C9F1-965F-49B6-AC0F-52975F94E406}.Release|x86.Build.0 = Debug|Any CPU
		{01F4C656-BE28-4241-BEEB-42457C1A5DD1}.Debug|Any CPU.ActiveCfg = Debug|Any CPU
		{01F4C656-BE28-4241-BEEB-42457C1A5DD1}.Debug|Any CPU.Build.0 = Debug|Any CPU
		{01F4C656-BE28-4241-BEEB-42457C1A5DD1}.Debug|ARM.ActiveCfg = Debug|Any CPU
		{01F4C656-BE28-4241-BEEB-42457C1A5DD1}.Debug|ARM.Build.0 = Debug|Any CPU
		{01F4C656-BE28-4241-BEEB-42457C1A5DD1}.Debug|Mixed Platforms.ActiveCfg = Debug|Any CPU
		{01F4C656-BE28-4241-BEEB-42457C1A5DD1}.Debug|Mixed Platforms.Build.0 = Debug|Any CPU
		{01F4C656-BE28-4241-BEEB-42457C1A5DD1}.Debug|Windows Phone.ActiveCfg = Debug|Any CPU
		{01F4C656-BE28-4241-BEEB-42457C1A5DD1}.Debug|Windows Phone.Build.0 = Debug|Any CPU
		{01F4C656-BE28-4241-BEEB-42457C1A5DD1}.Debug|x64.ActiveCfg = Debug|Any CPU
		{01F4C656-BE28-4241-BEEB-42457C1A5DD1}.Debug|x64.Build.0 = Debug|Any CPU
		{01F4C656-BE28-4241-BEEB-42457C1A5DD1}.Debug|x86.ActiveCfg = Debug|Any CPU
		{01F4C656-BE28-4241-BEEB-42457C1A5DD1}.Debug|x86.Build.0 = Debug|Any CPU
		{01F4C656-BE28-4241-BEEB-42457C1A5DD1}.NoPhone|Any CPU.ActiveCfg = Release|Any CPU
		{01F4C656-BE28-4241-BEEB-42457C1A5DD1}.NoPhone|Any CPU.Build.0 = Release|Any CPU
		{01F4C656-BE28-4241-BEEB-42457C1A5DD1}.NoPhone|ARM.ActiveCfg = Release|Any CPU
		{01F4C656-BE28-4241-BEEB-42457C1A5DD1}.NoPhone|ARM.Build.0 = Release|Any CPU
		{01F4C656-BE28-4241-BEEB-42457C1A5DD1}.NoPhone|Mixed Platforms.ActiveCfg = Debug|Any CPU
		{01F4C656-BE28-4241-BEEB-42457C1A5DD1}.NoPhone|Mixed Platforms.Build.0 = Debug|Any CPU
		{01F4C656-BE28-4241-BEEB-42457C1A5DD1}.NoPhone|Windows Phone.ActiveCfg = Release|Any CPU
		{01F4C656-BE28-4241-BEEB-42457C1A5DD1}.NoPhone|Windows Phone.Build.0 = Release|Any CPU
		{01F4C656-BE28-4241-BEEB-42457C1A5DD1}.NoPhone|x64.ActiveCfg = Release|Any CPU
		{01F4C656-BE28-4241-BEEB-42457C1A5DD1}.NoPhone|x64.Build.0 = Release|Any CPU
		{01F4C656-BE28-4241-BEEB-42457C1A5DD1}.NoPhone|x86.ActiveCfg = Release|Any CPU
		{01F4C656-BE28-4241-BEEB-42457C1A5DD1}.NoPhone|x86.Build.0 = Release|Any CPU
		{01F4C656-BE28-4241-BEEB-42457C1A5DD1}.Release|Any CPU.ActiveCfg = Release|Any CPU
		{01F4C656-BE28-4241-BEEB-42457C1A5DD1}.Release|Any CPU.Build.0 = Release|Any CPU
		{01F4C656-BE28-4241-BEEB-42457C1A5DD1}.Release|ARM.ActiveCfg = Release|Any CPU
		{01F4C656-BE28-4241-BEEB-42457C1A5DD1}.Release|ARM.Build.0 = Release|Any CPU
		{01F4C656-BE28-4241-BEEB-42457C1A5DD1}.Release|Mixed Platforms.ActiveCfg = Release|Any CPU
		{01F4C656-BE28-4241-BEEB-42457C1A5DD1}.Release|Mixed Platforms.Build.0 = Release|Any CPU
		{01F4C656-BE28-4241-BEEB-42457C1A5DD1}.Release|Windows Phone.ActiveCfg = Release|Any CPU
		{01F4C656-BE28-4241-BEEB-42457C1A5DD1}.Release|Windows Phone.Build.0 = Release|Any CPU
		{01F4C656-BE28-4241-BEEB-42457C1A5DD1}.Release|x64.ActiveCfg = Release|Any CPU
		{01F4C656-BE28-4241-BEEB-42457C1A5DD1}.Release|x64.Build.0 = Release|Any CPU
		{01F4C656-BE28-4241-BEEB-42457C1A5DD1}.Release|x86.ActiveCfg = Release|Any CPU
		{01F4C656-BE28-4241-BEEB-42457C1A5DD1}.Release|x86.Build.0 = Release|Any CPU
	EndGlobalSection
	GlobalSection(SolutionProperties) = preSolution
		HideSolutionNode = FALSE
	EndGlobalSection
	GlobalSection(TeamFoundationVersionControl) = preSolution
		SccNumberOfProjects = 11
		SccEnterpriseProvider = {4CA58AB2-18FA-4F8D-95D4-32DDF27D184C}
		SccTeamFoundationServer = https://giesler.visualstudio.com/
		SccWebProject0 = true
		SccProjectUniqueName0 = ..\\cams
		SccProjectName0 = ../cams
		SccLocalPath0 = ..\\cams
		SccProjectEnlistmentChoice0 = 2
		SccProjectUniqueName1 = CamLib\\CamLib.csproj
		SccProjectName1 = CamLib
		SccLocalPath1 = CamLib
		SccProjectUniqueName2 = CamAlertService\\CamAlertService.csproj
		SccProjectName2 = CamAlertService
		SccLocalPath2 = CamAlertService
		SccProjectUniqueName3 = ..\\Common\\Common.csproj
		SccProjectName3 = ../Common
		SccLocalPath3 = ..\\Common
		SccProjectUniqueName4 = ..\\WakeOnLan\\HomeServices\\HomeServices.csproj
		SccProjectName4 = ../WakeOnLan/HomeServices
		SccLocalPath4 = ..\\WakeOnLan\\HomeServices
		SccWebProject5 = true
		SccProjectUniqueName5 = http://localhost:3340
		SccProjectName5 = ../control.msn2.net
		SccLocalPath5 = ..\\control.msn2.net
		SccProjectEnlistmentChoice5 = 2
		SccWebProject6 = true
		SccProjectUniqueName6 = http://localhost:33326
		SccProjectName6 = ../login.msn2.net
		SccLocalPath6 = ..\\login.msn2.net
		SccProjectEnlistmentChoice6 = 2
		SccWebProject7 = true
		SccProjectUniqueName7 = http://localhost:1722
		SccProjectName7 = ../WakeOnLan/Website
		SccLocalPath7 = ..\\WakeOnLan\\Website
		SccProjectEnlistmentChoice7 = 2
		SccWebProject8 = true
		SccProjectUniqueName8 = ..\\home.msn2.net
		SccProjectName8 = ../home.msn2.net
		SccLocalPath8 = ..\\home.msn2.net
		SccProjectEnlistmentChoice8 = 2
		SccProjectUniqueName9 = ..\\HomeControl\\HomeControl\\HomeControl.csproj
		SccProjectName9 = ../HomeControl/HomeControl
		SccLocalPath9 = ..\\HomeControl\\HomeControl
		SccLocalPath10 = .
	EndGlobalSection
EndGlobal
