Microsoft Visual Studio Solution File, Format Version 7.00
Project("{FAE04EC0-301F-11D3-BF4B-00C04F79EFBC}") = "Ads", "http://ams/ads/amsads.csproj", "{C71AEB9D-C227-4FD5-82BD-A17AFB7BA4AA}"
EndProject
Global
	GlobalSection(SourceCodeControl) = preSolution
		SccNumberOfProjects = 2
		SccProjectUniqueName0 = http://ams/ads/amsads.csproj
		SccProjectName0 = $/AMS/Web\u0020Sites/ads
		SccLocalPath0 = http://ams/ads
		SccProvider0 = PCP:{00000000-0000-0000-0000-000000000000}
		SccLocalPath1 = .
		SolutionUniqueID = {19210DF9-C6E0-4DF4-B199-EF7F0E6BE373}
	EndGlobalSection
	GlobalSection(SolutionConfiguration) = preSolution
		ConfigName.0 = Debug
		ConfigName.1 = Release
	EndGlobalSection
	GlobalSection(ProjectDependencies) = postSolution
	EndGlobalSection
	GlobalSection(ProjectConfiguration) = postSolution
		{C71AEB9D-C227-4FD5-82BD-A17AFB7BA4AA}.Debug.ActiveCfg = Debug|.NET
		{C71AEB9D-C227-4FD5-82BD-A17AFB7BA4AA}.Debug.Build.0 = Debug|.NET
		{C71AEB9D-C227-4FD5-82BD-A17AFB7BA4AA}.Release.ActiveCfg = Release|.NET
		{C71AEB9D-C227-4FD5-82BD-A17AFB7BA4AA}.Release.Build.0 = Release|.NET
	EndGlobalSection
	GlobalSection(ExtensibilityGlobals) = postSolution
	EndGlobalSection
	GlobalSection(ExtensibilityAddIns) = postSolution
	EndGlobalSection
EndGlobal
