
Microsoft Visual Studio Solution File, Format Version 10.00
# Visual Studio 2008
Project("{FAE04EC0-301F-11D3-BF4B-00C04F79EFBC}") = "MobileTimer", "MobileTimer.csproj", "{0CCCC13C-AFDA-48D1-9127-F65CD595558C}"
EndProject
Global
	GlobalSection(SourceCodeControl) = preSolution
		SccNumberOfProjects = 2
		SccLocalPath0 = .
		SccProjectUniqueName1 = MobileTimer.csproj
		SccLocalPath1 = .
	EndGlobalSection
	GlobalSection(SolutionConfigurationPlatforms) = preSolution
		Debug|Any CPU = Debug|Any CPU
		Release|Any CPU = Release|Any CPU
	EndGlobalSection
	GlobalSection(ProjectConfigurationPlatforms) = postSolution
		{0CCCC13C-AFDA-48D1-9127-F65CD595558C}.Debug|Any CPU.ActiveCfg = Debug|Any CPU
		{0CCCC13C-AFDA-48D1-9127-F65CD595558C}.Debug|Any CPU.Build.0 = Debug|Any CPU
		{0CCCC13C-AFDA-48D1-9127-F65CD595558C}.Debug|Any CPU.Deploy.0 = Debug|Any CPU
		{0CCCC13C-AFDA-48D1-9127-F65CD595558C}.Release|Any CPU.ActiveCfg = Release|Any CPU
		{0CCCC13C-AFDA-48D1-9127-F65CD595558C}.Release|Any CPU.Build.0 = Release|Any CPU
		{0CCCC13C-AFDA-48D1-9127-F65CD595558C}.Release|Any CPU.Deploy.0 = Release|Any CPU
	EndGlobalSection
	GlobalSection(SolutionProperties) = preSolution
		HideSolutionNode = FALSE
	EndGlobalSection
EndGlobal
