
Microsoft Visual Studio Solution File, Format Version 10.00
# Visual Studio 2008
Project("{FAE04EC0-301F-11D3-BF4B-00C04F79EFBC}") = "MobileTimer", "MobileTimer.csproj", "{0CCCC13C-AFDA-48D1-9127-F65CD595558C}"
EndProject
Project("{B900F1C2-3D47-4FEC-85B3-04AAF18C3634}") = "MobileTimerCab", "..\MobileTimerCab\MobileTimerCab.vddproj", "{C64D3040-E4C2-4F85-B359-726E505B637D}"
EndProject
Global
	GlobalSection(TeamFoundationVersionControl) = preSolution
		SccNumberOfProjects = 3
		SccLocalPath0 = .
		SccProjectUniqueName1 = MobileTimer.csproj
		SccLocalPath1 = .
		SccProjectUniqueName2 = ..\\MobileTimerCab\\MobileTimerCab.vddproj
		SccProjectName2 = \u0022$/msn2.net/MobileTimer/MobileTimerCab\u0022,\u0020EQQAAAAA
		SccLocalPath2 = ..\\MobileTimerCab
	EndGlobalSection
	GlobalSection(SolutionConfigurationPlatforms) = preSolution
		Debug|Any CPU = Debug|Any CPU
		Release|Any CPU = Release|Any CPU
	EndGlobalSection
	GlobalSection(ProjectConfigurationPlatforms) = postSolution
		{0CCCC13C-AFDA-48D1-9127-F65CD595558C}.Debug|Any CPU.ActiveCfg = Debug|Any CPU
		{0CCCC13C-AFDA-48D1-9127-F65CD595558C}.Debug|Any CPU.Build.0 = Debug|Any CPU
		{0CCCC13C-AFDA-48D1-9127-F65CD595558C}.Debug|Any CPU.Deploy.0 = Debug|Any CPU
		{0CCCC13C-AFDA-48D1-9127-F65CD595558C}.Release|Any CPU.ActiveCfg = Release|Any CPU
		{0CCCC13C-AFDA-48D1-9127-F65CD595558C}.Release|Any CPU.Build.0 = Release|Any CPU
		{0CCCC13C-AFDA-48D1-9127-F65CD595558C}.Release|Any CPU.Deploy.0 = Release|Any CPU
		{C64D3040-E4C2-4F85-B359-726E505B637D}.Debug|Any CPU.ActiveCfg = Debug
		{C64D3040-E4C2-4F85-B359-726E505B637D}.Release|Any CPU.ActiveCfg = Release
	EndGlobalSection
	GlobalSection(SolutionProperties) = preSolution
		HideSolutionNode = FALSE
	EndGlobalSection
EndGlobal
