
Microsoft Visual Studio Solution File, Format Version 11.00
# Visual Studio 2010
Project("{FAE04EC0-301F-11D3-BF4B-00C04F79EFBC}") = "BarMonkey", "BarMonkey\BarMonkey.csproj", "{6AB540D6-CD83-465C-8D12-B1061B63C82C}"
EndProject
Project("{FAE04EC0-301F-11D3-BF4B-00C04F79EFBC}") = "BarMonkeyApi", "BarMonkeyApi\BarMonkeyApi.csproj", "{C2A4C92A-7BA8-48D9-9CEB-2CE4EC0343F6}"
EndProject
Project("{FAE04EC0-301F-11D3-BF4B-00C04F79EFBC}") = "BarMonkeyPhone", "BarMonkeyPhone\BarMonkeyPhone.csproj", "{705555D4-139D-48EC-8E29-55E5AD91D82B}"
EndProject
Project("{FAE04EC0-301F-11D3-BF4B-00C04F79EFBC}") = "BarMonkeyService", "BarMonkeyService\BarMonkeyService.csproj", "{5CD64CC7-BADF-4BA0-A710-35C56140F89A}"
EndProject
Project("{FAE04EC0-301F-11D3-BF4B-00C04F79EFBC}") = "BarMonkeyTest", "BarMonkeyTest\BarMonkeyTest.csproj", "{8B354B5E-0A70-4E09-9B31-D2510AA9D467}"
EndProject
Project("{2150E333-8FDC-42A3-9474-1A3956D46DE8}") = "Solution Items", "Solution Items", "{D0B79E46-8D25-4E77-A4AE-FE0845971886}"
	ProjectSection(SolutionItems) = preProject
		BarMonkey.vsmdi = BarMonkey.vsmdi
		Local.testsettings = Local.testsettings
		TraceAndTestImpact.testsettings = TraceAndTestImpact.testsettings
	EndProjectSection
EndProject
Global
	GlobalSection(TeamFoundationVersionControl) = preSolution
		SccNumberOfProjects = 6
		SccEnterpriseProvider = {4CA58AB2-18FA-4F8D-95D4-32DDF27D184C}
		SccTeamFoundationServer = http://kenny:8080/tfs/main
		SccLocalPath0 = .
		SccProjectUniqueName1 = BarMonkey\\BarMonkey.csproj
		SccProjectName1 = BarMonkey
		SccLocalPath1 = BarMonkey
		SccProjectUniqueName2 = BarMonkeyApi\\BarMonkeyApi.csproj
		SccProjectName2 = BarMonkeyApi
		SccLocalPath2 = BarMonkeyApi
		SccProjectUniqueName3 = BarMonkeyPhone\\BarMonkeyPhone.csproj
		SccProjectName3 = BarMonkeyPhone
		SccLocalPath3 = BarMonkeyPhone
		SccProjectUniqueName4 = BarMonkeyService\\BarMonkeyService.csproj
		SccProjectName4 = BarMonkeyService
		SccLocalPath4 = BarMonkeyService
		SccProjectUniqueName5 = BarMonkeyTest\\BarMonkeyTest.csproj
		SccProjectName5 = BarMonkeyTest
		SccLocalPath5 = BarMonkeyTest
	EndGlobalSection
	GlobalSection(TestCaseManagementSettings) = postSolution
		CategoryFile = BarMonkey.vsmdi
	EndGlobalSection
	GlobalSection(SolutionConfigurationPlatforms) = preSolution
		Debug|Any CPU = Debug|Any CPU
		Release|Any CPU = Release|Any CPU
	EndGlobalSection
	GlobalSection(ProjectConfigurationPlatforms) = postSolution
		{6AB540D6-CD83-465C-8D12-B1061B63C82C}.Debug|Any CPU.ActiveCfg = Debug|Any CPU
		{6AB540D6-CD83-465C-8D12-B1061B63C82C}.Debug|Any CPU.Build.0 = Debug|Any CPU
		{6AB540D6-CD83-465C-8D12-B1061B63C82C}.Release|Any CPU.ActiveCfg = Release|Any CPU
		{6AB540D6-CD83-465C-8D12-B1061B63C82C}.Release|Any CPU.Build.0 = Release|Any CPU
		{C2A4C92A-7BA8-48D9-9CEB-2CE4EC0343F6}.Debug|Any CPU.ActiveCfg = Debug|Any CPU
		{C2A4C92A-7BA8-48D9-9CEB-2CE4EC0343F6}.Debug|Any CPU.Build.0 = Debug|Any CPU
		{C2A4C92A-7BA8-48D9-9CEB-2CE4EC0343F6}.Release|Any CPU.ActiveCfg = Release|Any CPU
		{C2A4C92A-7BA8-48D9-9CEB-2CE4EC0343F6}.Release|Any CPU.Build.0 = Release|Any CPU
		{705555D4-139D-48EC-8E29-55E5AD91D82B}.Debug|Any CPU.ActiveCfg = Debug|Any CPU
		{705555D4-139D-48EC-8E29-55E5AD91D82B}.Debug|Any CPU.Build.0 = Debug|Any CPU
		{705555D4-139D-48EC-8E29-55E5AD91D82B}.Debug|Any CPU.Deploy.0 = Debug|Any CPU
		{705555D4-139D-48EC-8E29-55E5AD91D82B}.Release|Any CPU.ActiveCfg = Release|Any CPU
		{705555D4-139D-48EC-8E29-55E5AD91D82B}.Release|Any CPU.Build.0 = Release|Any CPU
		{705555D4-139D-48EC-8E29-55E5AD91D82B}.Release|Any CPU.Deploy.0 = Release|Any CPU
		{5CD64CC7-BADF-4BA0-A710-35C56140F89A}.Debug|Any CPU.ActiveCfg = Debug|Any CPU
		{5CD64CC7-BADF-4BA0-A710-35C56140F89A}.Debug|Any CPU.Build.0 = Debug|Any CPU
		{5CD64CC7-BADF-4BA0-A710-35C56140F89A}.Release|Any CPU.ActiveCfg = Release|Any CPU
		{5CD64CC7-BADF-4BA0-A710-35C56140F89A}.Release|Any CPU.Build.0 = Release|Any CPU
		{8B354B5E-0A70-4E09-9B31-D2510AA9D467}.Debug|Any CPU.ActiveCfg = Debug|Any CPU
		{8B354B5E-0A70-4E09-9B31-D2510AA9D467}.Debug|Any CPU.Build.0 = Debug|Any CPU
		{8B354B5E-0A70-4E09-9B31-D2510AA9D467}.Release|Any CPU.ActiveCfg = Release|Any CPU
		{8B354B5E-0A70-4E09-9B31-D2510AA9D467}.Release|Any CPU.Build.0 = Release|Any CPU
	EndGlobalSection
	GlobalSection(SolutionProperties) = preSolution
		HideSolutionNode = FALSE
	EndGlobalSection
EndGlobal
