
Microsoft Visual Studio Solution File, Format Version 12.00
# Visual Studio 14
VisualStudioVersion = 14.0.24720.0
MinimumVisualStudioVersion = 10.0.40219.1
Project("{E24C65DC-7377-472B-9ABA-BC803B73C61A}") = "cams", "..\cams", "{680E1A46-8817-45D2-9DEC-3B5A8FDACE19}"
	ProjectSection(WebsiteProperties) = preProject
		SccProjectName = "SAK"
		SccAuxPath = "SAK"
		SccLocalPath = "SAK"
		SccProvider = "SAK"
		TargetFrameworkMoniker = ".NETFramework,Version%3Dv4.0"
		ProjectReferences = "{4DD27D96-4BAB-4A39-8871-7AF16C3BFF4A}|CamLib.dll;"
		Debug.AspNetCompiler.VirtualPath = "/cams"
		Debug.AspNetCompiler.PhysicalPath = "..\cams\"
		Debug.AspNetCompiler.TargetPath = "PrecompiledWeb\cams\"
		Debug.AspNetCompiler.Updateable = "true"
		Debug.AspNetCompiler.ForceOverwrite = "true"
		Debug.AspNetCompiler.FixedNames = "false"
		Debug.AspNetCompiler.Debug = "True"
		Release.AspNetCompiler.VirtualPath = "/cams"
		Release.AspNetCompiler.PhysicalPath = "..\cams\"
		Release.AspNetCompiler.TargetPath = "PrecompiledWeb\cams\"
		Release.AspNetCompiler.Updateable = "true"
		Release.AspNetCompiler.ForceOverwrite = "true"
		Release.AspNetCompiler.FixedNames = "false"
		Release.AspNetCompiler.Debug = "False"
		VWDPort = "7978"
		SlnRelativePath = "..\cams\"
		DefaultWebSiteLanguage = "Visual C#"
	EndProjectSection
EndProject
Project("{FAE04EC0-301F-11D3-BF4B-00C04F79EFBC}") = "CamLib", "CamLib\CamLib.csproj", "{4DD27D96-4BAB-4A39-8871-7AF16C3BFF4A}"
EndProject
Project("{FAE04EC0-301F-11D3-BF4B-00C04F79EFBC}") = "CamAlertService", "CamAlertService\CamAlertService.csproj", "{5532F852-EB8E-44D1-AC8C-AC8290A29E1C}"
EndProject
Project("{FAE04EC0-301F-11D3-BF4B-00C04F79EFBC}") = "Common", "..\Common\Common.csproj", "{A267194C-A021-4267-A491-AD3919394F9A}"
EndProject
Project("{FAE04EC0-301F-11D3-BF4B-00C04F79EFBC}") = "HomeServices", "..\WakeOnLan\HomeServices\HomeServices.csproj", "{CD521A5A-7E39-40A0-91C6-361BF26DDD8E}"
EndProject
Project("{2150E333-8FDC-42A3-9474-1A3956D46DE8}") = "HomeControlApp", "HomeControlApp", "{F7CAFDFA-ED30-417E-907C-405EB008488B}"
EndProject
Project("{D954291E-2A0B-460D-934E-DC6B0785DB48}") = "HomeControlApp.Shared", "..\HomeControlApp\HomeControlApp.Shared\HomeControlApp.Shared.shproj", "{44E3263D-BA0C-48E1-A12B-2BF9FC63B4E7}"
EndProject
Project("{FAE04EC0-301F-11D3-BF4B-00C04F79EFBC}") = "HomeControlApp.Windows", "..\HomeControlApp\HomeControlApp.Windows\HomeControlApp.Windows.csproj", "{46A741DE-79AB-48F5-9016-F651D78B4A1B}"
EndProject
Project("{FAE04EC0-301F-11D3-BF4B-00C04F79EFBC}") = "HomeControlApp.WindowsPhone", "..\HomeControlApp\HomeControlApp.WindowsPhone\HomeControlApp.WindowsPhone.csproj", "{550D5970-560C-40D0-B717-E397D10E69ED}"
EndProject
Project("{E24C65DC-7377-472B-9ABA-BC803B73C61A}") = "control.msn2.net", "http://localhost:3340", "{37504C27-BE71-466E-812F-2ABE969CAA2D}"
	ProjectSection(WebsiteProperties) = preProject
		SccProjectName = "SAK"
		SccAuxPath = "SAK"
		SccLocalPath = "SAK"
		SccProvider = "SAK"
		UseIISExpress = "true"
		TargetFrameworkMoniker = ".NETFramework,Version%3Dv4.5"
		Debug.AspNetCompiler.VirtualPath = "/localhost_3340"
		Debug.AspNetCompiler.PhysicalPath = "..\control.msn2.net\"
		Debug.AspNetCompiler.TargetPath = "PrecompiledWeb\localhost_3340\"
		Debug.AspNetCompiler.Updateable = "true"
		Debug.AspNetCompiler.ForceOverwrite = "true"
		Debug.AspNetCompiler.FixedNames = "false"
		Debug.AspNetCompiler.Debug = "True"
		Release.AspNetCompiler.VirtualPath = "/localhost_3340"
		Release.AspNetCompiler.PhysicalPath = "..\control.msn2.net\"
		Release.AspNetCompiler.TargetPath = "PrecompiledWeb\localhost_3340\"
		Release.AspNetCompiler.Updateable = "true"
		Release.AspNetCompiler.ForceOverwrite = "true"
		Release.AspNetCompiler.FixedNames = "false"
		Release.AspNetCompiler.Debug = "False"
		SlnRelativePath = "..\control.msn2.net\"
	EndProjectSection
EndProject
Project("{E24C65DC-7377-472B-9ABA-BC803B73C61A}") = "login.msn2.net(1)", "http://localhost:33326", "{4FC9A3EB-7C10-490D-9BC7-8B0FA4FD098E}"
	ProjectSection(WebsiteProperties) = preProject
		SccProjectName = "SAK"
		SccAuxPath = "SAK"
		SccLocalPath = "SAK"
		SccProvider = "SAK"
		UseIISExpress = "true"
		TargetFrameworkMoniker = ".NETFramework,Version%3Dv4.5"
		Debug.AspNetCompiler.VirtualPath = "/localhost_33326"
		Debug.AspNetCompiler.PhysicalPath = "..\login.msn2.net\"
		Debug.AspNetCompiler.TargetPath = "PrecompiledWeb\localhost_33326\"
		Debug.AspNetCompiler.Updateable = "true"
		Debug.AspNetCompiler.ForceOverwrite = "true"
		Debug.AspNetCompiler.FixedNames = "false"
		Debug.AspNetCompiler.Debug = "True"
		Release.AspNetCompiler.VirtualPath = "/localhost_33326"
		Release.AspNetCompiler.PhysicalPath = "..\login.msn2.net\"
		Release.AspNetCompiler.TargetPath = "PrecompiledWeb\localhost_33326\"
		Release.AspNetCompiler.Updateable = "true"
		Release.AspNetCompiler.ForceOverwrite = "true"
		Release.AspNetCompiler.FixedNames = "false"
		Release.AspNetCompiler.Debug = "False"
		SlnRelativePath = "..\login.msn2.net\"
	EndProjectSection
EndProject
Project("{E24C65DC-7377-472B-9ABA-BC803B73C61A}") = "Website", "http://localhost:1722", "{21402A8D-E532-485E-9716-847CAAB53B6F}"
	ProjectSection(WebsiteProperties) = preProject
		SccProjectName = "SAK"
		SccAuxPath = "SAK"
		SccLocalPath = "SAK"
		SccProvider = "SAK"
		UseIISExpress = "true"
		TargetFrameworkMoniker = ".NETFramework,Version%3Dv4.5"
		Debug.AspNetCompiler.VirtualPath = "/localhost_1722"
		Debug.AspNetCompiler.PhysicalPath = "..\WakeOnLan\Website\"
		Debug.AspNetCompiler.TargetPath = "PrecompiledWeb\localhost_1722\"
		Debug.AspNetCompiler.Updateable = "true"
		Debug.AspNetCompiler.ForceOverwrite = "true"
		Debug.AspNetCompiler.FixedNames = "false"
		Debug.AspNetCompiler.Debug = "True"
		Release.AspNetCompiler.VirtualPath = "/localhost_1722"
		Release.AspNetCompiler.PhysicalPath = "..\WakeOnLan\Website\"
		Release.AspNetCompiler.TargetPath = "PrecompiledWeb\localhost_1722\"
		Release.AspNetCompiler.Updateable = "true"
		Release.AspNetCompiler.ForceOverwrite = "true"
		Release.AspNetCompiler.FixedNames = "false"
		Release.AspNetCompiler.Debug = "False"
		SlnRelativePath = "..\WakeOnLan\Website\"
	EndProjectSection
EndProject
Project("{E24C65DC-7377-472B-9ABA-BC803B73C61A}") = "home.msn2.net", "..\home.msn2.net", "{C2C0C9F1-965F-49B6-AC0F-52975F94E406}"
	ProjectSection(WebsiteProperties) = preProject
		SccProjectName = "SAK"
		SccAuxPath = "SAK"
		SccLocalPath = "SAK"
		SccProvider = "SAK"
		TargetFrameworkMoniker = ".NETFramework,Version%3Dv4.5.2"
		Debug.AspNetCompiler.VirtualPath = "/localhost_22968"
		Debug.AspNetCompiler.PhysicalPath = "..\home.msn2.net\"
		Debug.AspNetCompiler.TargetPath = "PrecompiledWeb\localhost_22968\"
		Debug.AspNetCompiler.Updateable = "true"
		Debug.AspNetCompiler.ForceOverwrite = "true"
		Debug.AspNetCompiler.FixedNames = "false"
		Debug.AspNetCompiler.Debug = "True"
		Release.AspNetCompiler.VirtualPath = "/localhost_22968"
		Release.AspNetCompiler.PhysicalPath = "..\home.msn2.net\"
		Release.AspNetCompiler.TargetPath = "PrecompiledWeb\localhost_22968\"
		Release.AspNetCompiler.Updateable = "true"
		Release.AspNetCompiler.ForceOverwrite = "true"
		Release.AspNetCompiler.FixedNames = "false"
		Release.AspNetCompiler.Debug = "False"
		VWDPort = "22968"
		SlnRelativePath = "..\home.msn2.net\"
		DefaultWebSiteLanguage = "Visual C#"
	EndProjectSection
EndProject
Global
	GlobalSection(SharedMSBuildProjectFiles) = preSolution
		..\HomeControlApp\HomeControlApp.Shared\HomeControlApp.Shared.projitems*{46a741de-79ab-48f5-9016-f651d78b4a1b}*SharedItemsImports = 4
		..\HomeControlApp\HomeControlApp.Shared\HomeControlApp.Shared.projitems*{44e3263d-ba0c-48e1-a12b-2bf9fc63b4e7}*SharedItemsImports = 13
		..\HomeControlApp\HomeControlApp.Shared\HomeControlApp.Shared.projitems*{550d5970-560c-40d0-b717-e397d10e69ed}*SharedItemsImports = 4
	EndGlobalSection
	GlobalSection(SolutionConfigurationPlatforms) = preSolution
		Debug|Any CPU = Debug|Any CPU
		Debug|ARM = Debug|ARM
		Debug|Mixed Platforms = Debug|Mixed Platforms
		Debug|Windows Phone = Debug|Windows Phone
		Debug|x64 = Debug|x64
		Debug|x86 = Debug|x86
		NoPhone|Any CPU = NoPhone|Any CPU
		NoPhone|ARM = NoPhone|ARM
		NoPhone|Mixed Platforms = NoPhone|Mixed Platforms
		NoPhone|Windows Phone = NoPhone|Windows Phone
		NoPhone|x64 = NoPhone|x64
		NoPhone|x86 = NoPhone|x86
		Release|Any CPU = Release|Any CPU
		Release|ARM = Release|ARM
		Release|Mixed Platforms = Release|Mixed Platforms
		Release|Windows Phone = Release|Windows Phone
		Release|x64 = Release|x64
		Release|x86 = Release|x86
	EndGlobalSection
	GlobalSection(ProjectConfigurationPlatforms) = postSolution
		{680E1A46-8817-45D2-9DEC-3B5A8FDACE19}.Debug|Any CPU.ActiveCfg = Debug|Any CPU
		{680E1A46-8817-45D2-9DEC-3B5A8FDACE19}.Debug|Any CPU.Build.0 = Debug|Any CPU
		{680E1A46-8817-45D2-9DEC-3B5A8FDACE19}.Debug|ARM.ActiveCfg = Debug|Any CPU
		{680E1A46-8817-45D2-9DEC-3B5A8FDACE19}.Debug|Mixed Platforms.ActiveCfg = Debug|Any CPU
		{680E1A46-8817-45D2-9DEC-3B5A8FDACE19}.Debug|Mixed Platforms.Build.0 = Debug|Any CPU
		{680E1A46-8817-45D2-9DEC-3B5A8FDACE19}.Debug|Windows Phone.ActiveCfg = Debug|Any CPU
		{680E1A46-8817-45D2-9DEC-3B5A8FDACE19}.Debug|x64.ActiveCfg = Debug|Any CPU
		{680E1A46-8817-45D2-9DEC-3B5A8FDACE19}.Debug|x86.ActiveCfg = Debug|Any CPU
		{680E1A46-8817-45D2-9DEC-3B5A8FDACE19}.NoPhone|Any CPU.ActiveCfg = Debug|Any CPU
		{680E1A46-8817-45D2-9DEC-3B5A8FDACE19}.NoPhone|Any CPU.Build.0 = Debug|Any CPU
		{680E1A46-8817-45D2-9DEC-3B5A8FDACE19}.NoPhone|ARM.ActiveCfg = Debug|Any CPU
		{680E1A46-8817-45D2-9DEC-3B5A8FDACE19}.NoPhone|Mixed Platforms.ActiveCfg = Debug|Any CPU
		{680E1A46-8817-45D2-9DEC-3B5A8FDACE19}.NoPhone|Mixed Platforms.Build.0 = Debug|Any CPU
		{680E1A46-8817-45D2-9DEC-3B5A8FDACE19}.NoPhone|Windows Phone.ActiveCfg = Debug|Any CPU
		{680E1A46-8817-45D2-9DEC-3B5A8FDACE19}.NoPhone|x64.ActiveCfg = Debug|Any CPU
		{680E1A46-8817-45D2-9DEC-3B5A8FDACE19}.NoPhone|x86.ActiveCfg = Debug|Any CPU
		{680E1A46-8817-45D2-9DEC-3B5A8FDACE19}.Release|Any CPU.ActiveCfg = Debug|Any CPU
		{680E1A46-8817-45D2-9DEC-3B5A8FDACE19}.Release|Any CPU.Build.0 = Debug|Any CPU
		{680E1A46-8817-45D2-9DEC-3B5A8FDACE19}.Release|ARM.ActiveCfg = Debug|Any CPU
		{680E1A46-8817-45D2-9DEC-3B5A8FDACE19}.Release|Mixed Platforms.ActiveCfg = Debug|Any CPU
		{680E1A46-8817-45D2-9DEC-3B5A8FDACE19}.Release|Mixed Platforms.Build.0 = Debug|Any CPU
		{680E1A46-8817-45D2-9DEC-3B5A8FDACE19}.Release|Windows Phone.ActiveCfg = Debug|Any CPU
		{680E1A46-8817-45D2-9DEC-3B5A8FDACE19}.Release|x64.ActiveCfg = Debug|Any CPU
		{680E1A46-8817-45D2-9DEC-3B5A8FDACE19}.Release|x86.ActiveCfg = Debug|Any CPU
		{4DD27D96-4BAB-4A39-8871-7AF16C3BFF4A}.Debug|Any CPU.ActiveCfg = Debug|Any CPU
		{4DD27D96-4BAB-4A39-8871-7AF16C3BFF4A}.Debug|Any CPU.Build.0 = Debug|Any CPU
		{4DD27D96-4BAB-4A39-8871-7AF16C3BFF4A}.Debug|ARM.ActiveCfg = Debug|Any CPU
		{4DD27D96-4BAB-4A39-8871-7AF16C3BFF4A}.Debug|Mixed Platforms.ActiveCfg = Debug|Any CPU
		{4DD27D96-4BAB-4A39-8871-7AF16C3BFF4A}.Debug|Mixed Platforms.Build.0 = Debug|Any CPU
		{4DD27D96-4BAB-4A39-8871-7AF16C3BFF4A}.Debug|Windows Phone.ActiveCfg = Debug|Any CPU
		{4DD27D96-4BAB-4A39-8871-7AF16C3BFF4A}.Debug|x64.ActiveCfg = Debug|Any CPU
		{4DD27D96-4BAB-4A39-8871-7AF16C3BFF4A}.Debug|x86.ActiveCfg = Debug|Any CPU
		{4DD27D96-4BAB-4A39-8871-7AF16C3BFF4A}.NoPhone|Any CPU.ActiveCfg = NoPhone|Any CPU
		{4DD27D96-4BAB-4A39-8871-7AF16C3BFF4A}.NoPhone|Any CPU.Build.0 = NoPhone|Any CPU
		{4DD27D96-4BAB-4A39-8871-7AF16C3BFF4A}.NoPhone|ARM.ActiveCfg = NoPhone|Any CPU
		{4DD27D96-4BAB-4A39-8871-7AF16C3BFF4A}.NoPhone|Mixed Platforms.ActiveCfg = NoPhone|Any CPU
		{4DD27D96-4BAB-4A39-8871-7AF16C3BFF4A}.NoPhone|Mixed Platforms.Build.0 = NoPhone|Any CPU
		{4DD27D96-4BAB-4A39-8871-7AF16C3BFF4A}.NoPhone|Windows Phone.ActiveCfg = NoPhone|Any CPU
		{4DD27D96-4BAB-4A39-8871-7AF16C3BFF4A}.NoPhone|x64.ActiveCfg = NoPhone|Any CPU
		{4DD27D96-4BAB-4A39-8871-7AF16C3BFF4A}.NoPhone|x86.ActiveCfg = NoPhone|Any CPU
		{4DD27D96-4BAB-4A39-8871-7AF16C3BFF4A}.Release|Any CPU.ActiveCfg = Release|Any CPU
		{4DD27D96-4BAB-4A39-8871-7AF16C3BFF4A}.Release|Any CPU.Build.0 = Release|Any CPU
		{4DD27D96-4BAB-4A39-8871-7AF16C3BFF4A}.Release|ARM.ActiveCfg = Release|Any CPU
		{4DD27D96-4BAB-4A39-8871-7AF16C3BFF4A}.Release|Mixed Platforms.ActiveCfg = Release|Any CPU
		{4DD27D96-4BAB-4A39-8871-7AF16C3BFF4A}.Release|Mixed Platforms.Build.0 = Release|Any CPU
		{4DD27D96-4BAB-4A39-8871-7AF16C3BFF4A}.Release|Windows Phone.ActiveCfg = Release|Any CPU
		{4DD27D96-4BAB-4A39-8871-7AF16C3BFF4A}.Release|x64.ActiveCfg = Release|Any CPU
		{4DD27D96-4BAB-4A39-8871-7AF16C3BFF4A}.Release|x86.ActiveCfg = Release|Any CPU
		{5532F852-EB8E-44D1-AC8C-AC8290A29E1C}.Debug|Any CPU.ActiveCfg = Debug|x86
		{5532F852-EB8E-44D1-AC8C-AC8290A29E1C}.Debug|ARM.ActiveCfg = Debug|x86
		{5532F852-EB8E-44D1-AC8C-AC8290A29E1C}.Debug|Mixed Platforms.ActiveCfg = Debug|x86
		{5532F852-EB8E-44D1-AC8C-AC8290A29E1C}.Debug|Mixed Platforms.Build.0 = Debug|x86
		{5532F852-EB8E-44D1-AC8C-AC8290A29E1C}.Debug|Windows Phone.ActiveCfg = Debug|x86
		{5532F852-EB8E-44D1-AC8C-AC8290A29E1C}.Debug|x64.ActiveCfg = Debug|x86
		{5532F852-EB8E-44D1-AC8C-AC8290A29E1C}.Debug|x86.ActiveCfg = Debug|x86
		{5532F852-EB8E-44D1-AC8C-AC8290A29E1C}.Debug|x86.Build.0 = Debug|x86
		{5532F852-EB8E-44D1-AC8C-AC8290A29E1C}.NoPhone|Any CPU.ActiveCfg = NoPhone|x86
		{5532F852-EB8E-44D1-AC8C-AC8290A29E1C}.NoPhone|ARM.ActiveCfg = NoPhone|x86
		{5532F852-EB8E-44D1-AC8C-AC8290A29E1C}.NoPhone|Mixed Platforms.ActiveCfg = NoPhone|x86
		{5532F852-EB8E-44D1-AC8C-AC8290A29E1C}.NoPhone|Mixed Platforms.Build.0 = NoPhone|x86
		{5532F852-EB8E-44D1-AC8C-AC8290A29E1C}.NoPhone|Windows Phone.ActiveCfg = NoPhone|x86
		{5532F852-EB8E-44D1-AC8C-AC8290A29E1C}.NoPhone|x64.ActiveCfg = NoPhone|x86
		{5532F852-EB8E-44D1-AC8C-AC8290A29E1C}.NoPhone|x86.ActiveCfg = NoPhone|x86
		{5532F852-EB8E-44D1-AC8C-AC8290A29E1C}.NoPhone|x86.Build.0 = NoPhone|x86
		{5532F852-EB8E-44D1-AC8C-AC8290A29E1C}.Release|Any CPU.ActiveCfg = Release|x86
		{5532F852-EB8E-44D1-AC8C-AC8290A29E1C}.Release|ARM.ActiveCfg = Release|x86
		{5532F852-EB8E-44D1-AC8C-AC8290A29E1C}.Release|Mixed Platforms.ActiveCfg = Release|x86
		{5532F852-EB8E-44D1-AC8C-AC8290A29E1C}.Release|Mixed Platforms.Build.0 = Release|x86
		{5532F852-EB8E-44D1-AC8C-AC8290A29E1C}.Release|Windows Phone.ActiveCfg = Release|x86
		{5532F852-EB8E-44D1-AC8C-AC8290A29E1C}.Release|x64.ActiveCfg = Release|x86
		{5532F852-EB8E-44D1-AC8C-AC8290A29E1C}.Release|x86.ActiveCfg = Release|x86
		{5532F852-EB8E-44D1-AC8C-AC8290A29E1C}.Release|x86.Build.0 = Release|x86
		{A267194C-A021-4267-A491-AD3919394F9A}.Debug|Any CPU.ActiveCfg = Debug|Any CPU
		{A267194C-A021-4267-A491-AD3919394F9A}.Debug|Any CPU.Build.0 = Debug|Any CPU
		{A267194C-A021-4267-A491-AD3919394F9A}.Debug|ARM.ActiveCfg = Debug|Any CPU
		{A267194C-A021-4267-A491-AD3919394F9A}.Debug|Mixed Platforms.ActiveCfg = Debug|Any CPU
		{A267194C-A021-4267-A491-AD3919394F9A}.Debug|Mixed Platforms.Build.0 = Debug|Any CPU
		{A267194C-A021-4267-A491-AD3919394F9A}.Debug|Windows Phone.ActiveCfg = Debug|Any CPU
		{A267194C-A021-4267-A491-AD3919394F9A}.Debug|x64.ActiveCfg = Debug|Any CPU
		{A267194C-A021-4267-A491-AD3919394F9A}.Debug|x86.ActiveCfg = Debug|Any CPU
		{A267194C-A021-4267-A491-AD3919394F9A}.NoPhone|Any CPU.ActiveCfg = NoPhone|Any CPU
		{A267194C-A021-4267-A491-AD3919394F9A}.NoPhone|Any CPU.Build.0 = NoPhone|Any CPU
		{A267194C-A021-4267-A491-AD3919394F9A}.NoPhone|ARM.ActiveCfg = NoPhone|Any CPU
		{A267194C-A021-4267-A491-AD3919394F9A}.NoPhone|Mixed Platforms.ActiveCfg = NoPhone|Any CPU
		{A267194C-A021-4267-A491-AD3919394F9A}.NoPhone|Mixed Platforms.Build.0 = NoPhone|Any CPU
		{A267194C-A021-4267-A491-AD3919394F9A}.NoPhone|Windows Phone.ActiveCfg = NoPhone|Any CPU
		{A267194C-A021-4267-A491-AD3919394F9A}.NoPhone|x64.ActiveCfg = NoPhone|Any CPU
		{A267194C-A021-4267-A491-AD3919394F9A}.NoPhone|x86.ActiveCfg = NoPhone|Any CPU
		{A267194C-A021-4267-A491-AD3919394F9A}.Release|Any CPU.ActiveCfg = Release|Any CPU
		{A267194C-A021-4267-A491-AD3919394F9A}.Release|Any CPU.Build.0 = Release|Any CPU
		{A267194C-A021-4267-A491-AD3919394F9A}.Release|ARM.ActiveCfg = Release|Any CPU
		{A267194C-A021-4267-A491-AD3919394F9A}.Release|Mixed Platforms.ActiveCfg = Release|Any CPU
		{A267194C-A021-4267-A491-AD3919394F9A}.Release|Mixed Platforms.Build.0 = Release|Any CPU
		{A267194C-A021-4267-A491-AD3919394F9A}.Release|Windows Phone.ActiveCfg = Release|Any CPU
		{A267194C-A021-4267-A491-AD3919394F9A}.Release|x64.ActiveCfg = Release|Any CPU
		{A267194C-A021-4267-A491-AD3919394F9A}.Release|x86.ActiveCfg = Release|Any CPU
		{CD521A5A-7E39-40A0-91C6-361BF26DDD8E}.Debug|Any CPU.ActiveCfg = Debug|Any CPU
		{CD521A5A-7E39-40A0-91C6-361BF26DDD8E}.Debug|Any CPU.Build.0 = Debug|Any CPU
		{CD521A5A-7E39-40A0-91C6-361BF26DDD8E}.Debug|ARM.ActiveCfg = Debug|Any CPU
		{CD521A5A-7E39-40A0-91C6-361BF26DDD8E}.Debug|Mixed Platforms.ActiveCfg = Debug|Any CPU
		{CD521A5A-7E39-40A0-91C6-361BF26DDD8E}.Debug|Mixed Platforms.Build.0 = Debug|Any CPU
		{CD521A5A-7E39-40A0-91C6-361BF26DDD8E}.Debug|Windows Phone.ActiveCfg = Debug|Any CPU
		{CD521A5A-7E39-40A0-91C6-361BF26DDD8E}.Debug|x64.ActiveCfg = Debug|Any CPU
		{CD521A5A-7E39-40A0-91C6-361BF26DDD8E}.Debug|x86.ActiveCfg = Debug|Any CPU
		{CD521A5A-7E39-40A0-91C6-361BF26DDD8E}.NoPhone|Any CPU.ActiveCfg = Release|Any CPU
		{CD521A5A-7E39-40A0-91C6-361BF26DDD8E}.NoPhone|Any CPU.Build.0 = Release|Any CPU
		{CD521A5A-7E39-40A0-91C6-361BF26DDD8E}.NoPhone|ARM.ActiveCfg = Release|Any CPU
		{CD521A5A-7E39-40A0-91C6-361BF26DDD8E}.NoPhone|Mixed Platforms.ActiveCfg = Release|Any CPU
		{CD521A5A-7E39-40A0-91C6-361BF26DDD8E}.NoPhone|Mixed Platforms.Build.0 = Release|Any CPU
		{CD521A5A-7E39-40A0-91C6-361BF26DDD8E}.NoPhone|Windows Phone.ActiveCfg = Release|Any CPU
		{CD521A5A-7E39-40A0-91C6-361BF26DDD8E}.NoPhone|x64.ActiveCfg = Release|Any CPU
		{CD521A5A-7E39-40A0-91C6-361BF26DDD8E}.NoPhone|x86.ActiveCfg = Release|Any CPU
		{CD521A5A-7E39-40A0-91C6-361BF26DDD8E}.Release|Any CPU.ActiveCfg = Release|Any CPU
		{CD521A5A-7E39-40A0-91C6-361BF26DDD8E}.Release|Any CPU.Build.0 = Release|Any CPU
		{CD521A5A-7E39-40A0-91C6-361BF26DDD8E}.Release|ARM.ActiveCfg = Release|Any CPU
		{CD521A5A-7E39-40A0-91C6-361BF26DDD8E}.Release|Mixed Platforms.ActiveCfg = Release|Any CPU
		{CD521A5A-7E39-40A0-91C6-361BF26DDD8E}.Release|Mixed Platforms.Build.0 = Release|Any CPU
		{CD521A5A-7E39-40A0-91C6-361BF26DDD8E}.Release|Windows Phone.ActiveCfg = Release|Any CPU
		{CD521A5A-7E39-40A0-91C6-361BF26DDD8E}.Release|x64.ActiveCfg = Release|Any CPU
		{CD521A5A-7E39-40A0-91C6-361BF26DDD8E}.Release|x86.ActiveCfg = Release|Any CPU
		{46A741DE-79AB-48F5-9016-F651D78B4A1B}.Debug|Any CPU.ActiveCfg = Debug|Any CPU
		{46A741DE-79AB-48F5-9016-F651D78B4A1B}.Debug|Any CPU.Build.0 = Debug|Any CPU
		{46A741DE-79AB-48F5-9016-F651D78B4A1B}.Debug|Any CPU.Deploy.0 = Debug|Any CPU
		{46A741DE-79AB-48F5-9016-F651D78B4A1B}.Debug|ARM.ActiveCfg = Debug|ARM
		{46A741DE-79AB-48F5-9016-F651D78B4A1B}.Debug|ARM.Build.0 = Debug|ARM
		{46A741DE-79AB-48F5-9016-F651D78B4A1B}.Debug|ARM.Deploy.0 = Debug|ARM
		{46A741DE-79AB-48F5-9016-F651D78B4A1B}.Debug|Mixed Platforms.ActiveCfg = Debug|x86
		{46A741DE-79AB-48F5-9016-F651D78B4A1B}.Debug|Mixed Platforms.Build.0 = Debug|x86
		{46A741DE-79AB-48F5-9016-F651D78B4A1B}.Debug|Mixed Platforms.Deploy.0 = Debug|x86
		{46A741DE-79AB-48F5-9016-F651D78B4A1B}.Debug|Windows Phone.ActiveCfg = Debug|Any CPU
		{46A741DE-79AB-48F5-9016-F651D78B4A1B}.Debug|x64.ActiveCfg = Debug|x64
		{46A741DE-79AB-48F5-9016-F651D78B4A1B}.Debug|x64.Build.0 = Debug|x64
		{46A741DE-79AB-48F5-9016-F651D78B4A1B}.Debug|x64.Deploy.0 = Debug|x64
		{46A741DE-79AB-48F5-9016-F651D78B4A1B}.Debug|x86.ActiveCfg = Debug|x86
		{46A741DE-79AB-48F5-9016-F651D78B4A1B}.Debug|x86.Build.0 = Debug|x86
		{46A741DE-79AB-48F5-9016-F651D78B4A1B}.Debug|x86.Deploy.0 = Debug|x86
		{46A741DE-79AB-48F5-9016-F651D78B4A1B}.NoPhone|Any CPU.ActiveCfg = Release|Any CPU
		{46A741DE-79AB-48F5-9016-F651D78B4A1B}.NoPhone|Any CPU.Build.0 = Release|Any CPU
		{46A741DE-79AB-48F5-9016-F651D78B4A1B}.NoPhone|Any CPU.Deploy.0 = Release|Any CPU
		{46A741DE-79AB-48F5-9016-F651D78B4A1B}.NoPhone|ARM.ActiveCfg = Release|ARM
		{46A741DE-79AB-48F5-9016-F651D78B4A1B}.NoPhone|ARM.Build.0 = Release|ARM
		{46A741DE-79AB-48F5-9016-F651D78B4A1B}.NoPhone|ARM.Deploy.0 = Release|ARM
		{46A741DE-79AB-48F5-9016-F651D78B4A1B}.NoPhone|Mixed Platforms.ActiveCfg = Release|x86
		{46A741DE-79AB-48F5-9016-F651D78B4A1B}.NoPhone|Mixed Platforms.Build.0 = Release|x86
		{46A741DE-79AB-48F5-9016-F651D78B4A1B}.NoPhone|Mixed Platforms.Deploy.0 = Release|x86
		{46A741DE-79AB-48F5-9016-F651D78B4A1B}.NoPhone|Windows Phone.ActiveCfg = Release|Any CPU
		{46A741DE-79AB-48F5-9016-F651D78B4A1B}.NoPhone|x64.ActiveCfg = Release|x64
		{46A741DE-79AB-48F5-9016-F651D78B4A1B}.NoPhone|x64.Build.0 = Release|x64
		{46A741DE-79AB-48F5-9016-F651D78B4A1B}.NoPhone|x64.Deploy.0 = Release|x64
		{46A741DE-79AB-48F5-9016-F651D78B4A1B}.NoPhone|x86.ActiveCfg = Release|x86
		{46A741DE-79AB-48F5-9016-F651D78B4A1B}.NoPhone|x86.Build.0 = Release|x86
		{46A741DE-79AB-48F5-9016-F651D78B4A1B}.NoPhone|x86.Deploy.0 = Release|x86
		{46A741DE-79AB-48F5-9016-F651D78B4A1B}.Release|Any CPU.ActiveCfg = Release|Any CPU
		{46A741DE-79AB-48F5-9016-F651D78B4A1B}.Release|Any CPU.Build.0 = Release|Any CPU
		{46A741DE-79AB-48F5-9016-F651D78B4A1B}.Release|Any CPU.Deploy.0 = Release|Any CPU
		{46A741DE-79AB-48F5-9016-F651D78B4A1B}.Release|ARM.ActiveCfg = Release|ARM
		{46A741DE-79AB-48F5-9016-F651D78B4A1B}.Release|ARM.Build.0 = Release|ARM
		{46A741DE-79AB-48F5-9016-F651D78B4A1B}.Release|ARM.Deploy.0 = Release|ARM
		{46A741DE-79AB-48F5-9016-F651D78B4A1B}.Release|Mixed Platforms.ActiveCfg = Release|x86
		{46A741DE-79AB-48F5-9016-F651D78B4A1B}.Release|Mixed Platforms.Build.0 = Release|x86
		{46A741DE-79AB-48F5-9016-F651D78B4A1B}.Release|Mixed Platforms.Deploy.0 = Release|x86
		{46A741DE-79AB-48F5-9016-F651D78B4A1B}.Release|Windows Phone.ActiveCfg = Release|Any CPU
		{46A741DE-79AB-48F5-9016-F651D78B4A1B}.Release|x64.ActiveCfg = Release|x64
		{46A741DE-79AB-48F5-9016-F651D78B4A1B}.Release|x64.Build.0 = Release|x64
		{46A741DE-79AB-48F5-9016-F651D78B4A1B}.Release|x64.Deploy.0 = Release|x64
		{46A741DE-79AB-48F5-9016-F651D78B4A1B}.Release|x86.ActiveCfg = Release|x86
		{46A741DE-79AB-48F5-9016-F651D78B4A1B}.Release|x86.Build.0 = Release|x86
		{46A741DE-79AB-48F5-9016-F651D78B4A1B}.Release|x86.Deploy.0 = Release|x86
		{550D5970-560C-40D0-B717-E397D10E69ED}.Debug|Any CPU.ActiveCfg = Debug|Any CPU
		{550D5970-560C-40D0-B717-E397D10E69ED}.Debug|Any CPU.Build.0 = Debug|Any CPU
		{550D5970-560C-40D0-B717-E397D10E69ED}.Debug|Any CPU.Deploy.0 = Debug|Any CPU
		{550D5970-560C-40D0-B717-E397D10E69ED}.Debug|ARM.ActiveCfg = Debug|ARM
		{550D5970-560C-40D0-B717-E397D10E69ED}.Debug|ARM.Build.0 = Debug|ARM
		{550D5970-560C-40D0-B717-E397D10E69ED}.Debug|ARM.Deploy.0 = Debug|ARM
		{550D5970-560C-40D0-B717-E397D10E69ED}.Debug|Mixed Platforms.ActiveCfg = Debug|x86
		{550D5970-560C-40D0-B717-E397D10E69ED}.Debug|Mixed Platforms.Build.0 = Debug|x86
		{550D5970-560C-40D0-B717-E397D10E69ED}.Debug|Mixed Platforms.Deploy.0 = Debug|x86
		{550D5970-560C-40D0-B717-E397D10E69ED}.Debug|Windows Phone.ActiveCfg = Debug|Any CPU
		{550D5970-560C-40D0-B717-E397D10E69ED}.Debug|x64.ActiveCfg = Debug|Any CPU
		{550D5970-560C-40D0-B717-E397D10E69ED}.Debug|x86.ActiveCfg = Debug|x86
		{550D5970-560C-40D0-B717-E397D10E69ED}.Debug|x86.Build.0 = Debug|x86
		{550D5970-560C-40D0-B717-E397D10E69ED}.Debug|x86.Deploy.0 = Debug|x86
		{550D5970-560C-40D0-B717-E397D10E69ED}.NoPhone|Any CPU.ActiveCfg = Release|Any CPU
		{550D5970-560C-40D0-B717-E397D10E69ED}.NoPhone|Any CPU.Build.0 = Release|Any CPU
		{550D5970-560C-40D0-B717-E397D10E69ED}.NoPhone|Any CPU.Deploy.0 = Release|Any CPU
		{550D5970-560C-40D0-B717-E397D10E69ED}.NoPhone|ARM.ActiveCfg = Release|ARM
		{550D5970-560C-40D0-B717-E397D10E69ED}.NoPhone|ARM.Build.0 = Release|ARM
		{550D5970-560C-40D0-B717-E397D10E69ED}.NoPhone|ARM.Deploy.0 = Release|ARM
		{550D5970-560C-40D0-B717-E397D10E69ED}.NoPhone|Mixed Platforms.ActiveCfg = Release|x86
		{550D5970-560C-40D0-B717-E397D10E69ED}.NoPhone|Mixed Platforms.Build.0 = Release|x86
		{550D5970-560C-40D0-B717-E397D10E69ED}.NoPhone|Mixed Platforms.Deploy.0 = Release|x86
		{550D5970-560C-40D0-B717-E397D10E69ED}.NoPhone|Windows Phone.ActiveCfg = Release|Any CPU
		{550D5970-560C-40D0-B717-E397D10E69ED}.NoPhone|x64.ActiveCfg = Release|Any CPU
		{550D5970-560C-40D0-B717-E397D10E69ED}.NoPhone|x86.ActiveCfg = Release|x86
		{550D5970-560C-40D0-B717-E397D10E69ED}.NoPhone|x86.Build.0 = Release|x86
		{550D5970-560C-40D0-B717-E397D10E69ED}.NoPhone|x86.Deploy.0 = Release|x86
		{550D5970-560C-40D0-B717-E397D10E69ED}.Release|Any CPU.ActiveCfg = Release|Any CPU
		{550D5970-560C-40D0-B717-E397D10E69ED}.Release|Any CPU.Build.0 = Release|Any CPU
		{550D5970-560C-40D0-B717-E397D10E69ED}.Release|Any CPU.Deploy.0 = Release|Any CPU
		{550D5970-560C-40D0-B717-E397D10E69ED}.Release|ARM.ActiveCfg = Release|ARM
		{550D5970-560C-40D0-B717-E397D10E69ED}.Release|ARM.Build.0 = Release|ARM
		{550D5970-560C-40D0-B717-E397D10E69ED}.Release|ARM.Deploy.0 = Release|ARM
		{550D5970-560C-40D0-B717-E397D10E69ED}.Release|Mixed Platforms.ActiveCfg = Release|x86
		{550D5970-560C-40D0-B717-E397D10E69ED}.Release|Mixed Platforms.Build.0 = Release|x86
		{550D5970-560C-40D0-B717-E397D10E69ED}.Release|Mixed Platforms.Deploy.0 = Release|x86
		{550D5970-560C-40D0-B717-E397D10E69ED}.Release|Windows Phone.ActiveCfg = Release|Any CPU
		{550D5970-560C-40D0-B717-E397D10E69ED}.Release|x64.ActiveCfg = Release|Any CPU
		{550D5970-560C-40D0-B717-E397D10E69ED}.Release|x86.ActiveCfg = Release|x86
		{550D5970-560C-40D0-B717-E397D10E69ED}.Release|x86.Build.0 = Release|x86
		{550D5970-560C-40D0-B717-E397D10E69ED}.Release|x86.Deploy.0 = Release|x86
		{37504C27-BE71-466E-812F-2ABE969CAA2D}.Debug|Any CPU.ActiveCfg = Debug|Any CPU
		{37504C27-BE71-466E-812F-2ABE969CAA2D}.Debug|Any CPU.Build.0 = Debug|Any CPU
		{37504C27-BE71-466E-812F-2ABE969CAA2D}.Debug|ARM.ActiveCfg = Debug|Any CPU
		{37504C27-BE71-466E-812F-2ABE969CAA2D}.Debug|Mixed Platforms.ActiveCfg = Debug|Any CPU
		{37504C27-BE71-466E-812F-2ABE969CAA2D}.Debug|Mixed Platforms.Build.0 = Debug|Any CPU
		{37504C27-BE71-466E-812F-2ABE969CAA2D}.Debug|Windows Phone.ActiveCfg = Debug|Any CPU
		{37504C27-BE71-466E-812F-2ABE969CAA2D}.Debug|x64.ActiveCfg = Debug|Any CPU
		{37504C27-BE71-466E-812F-2ABE969CAA2D}.Debug|x86.ActiveCfg = Debug|Any CPU
		{37504C27-BE71-466E-812F-2ABE969CAA2D}.NoPhone|Any CPU.ActiveCfg = Debug|Any CPU
		{37504C27-BE71-466E-812F-2ABE969CAA2D}.NoPhone|Any CPU.Build.0 = Debug|Any CPU
		{37504C27-BE71-466E-812F-2ABE969CAA2D}.NoPhone|ARM.ActiveCfg = Debug|Any CPU
		{37504C27-BE71-466E-812F-2ABE969CAA2D}.NoPhone|Mixed Platforms.ActiveCfg = Debug|Any CPU
		{37504C27-BE71-466E-812F-2ABE969CAA2D}.NoPhone|Mixed Platforms.Build.0 = Debug|Any CPU
		{37504C27-BE71-466E-812F-2ABE969CAA2D}.NoPhone|Windows Phone.ActiveCfg = Debug|Any CPU
		{37504C27-BE71-466E-812F-2ABE969CAA2D}.NoPhone|x64.ActiveCfg = Debug|Any CPU
		{37504C27-BE71-466E-812F-2ABE969CAA2D}.NoPhone|x86.ActiveCfg = Debug|Any CPU
		{37504C27-BE71-466E-812F-2ABE969CAA2D}.Release|Any CPU.ActiveCfg = Debug|Any CPU
		{37504C27-BE71-466E-812F-2ABE969CAA2D}.Release|Any CPU.Build.0 = Debug|Any CPU
		{37504C27-BE71-466E-812F-2ABE969CAA2D}.Release|ARM.ActiveCfg = Debug|Any CPU
		{37504C27-BE71-466E-812F-2ABE969CAA2D}.Release|Mixed Platforms.ActiveCfg = Debug|Any CPU
		{37504C27-BE71-466E-812F-2ABE969CAA2D}.Release|Mixed Platforms.Build.0 = Debug|Any CPU
		{37504C27-BE71-466E-812F-2ABE969CAA2D}.Release|Windows Phone.ActiveCfg = Debug|Any CPU
		{37504C27-BE71-466E-812F-2ABE969CAA2D}.Release|x64.ActiveCfg = Debug|Any CPU
		{37504C27-BE71-466E-812F-2ABE969CAA2D}.Release|x86.ActiveCfg = Debug|Any CPU
		{4FC9A3EB-7C10-490D-9BC7-8B0FA4FD098E}.Debug|Any CPU.ActiveCfg = Debug|Any CPU
		{4FC9A3EB-7C10-490D-9BC7-8B0FA4FD098E}.Debug|Any CPU.Build.0 = Debug|Any CPU
		{4FC9A3EB-7C10-490D-9BC7-8B0FA4FD098E}.Debug|ARM.ActiveCfg = Debug|Any CPU
		{4FC9A3EB-7C10-490D-9BC7-8B0FA4FD098E}.Debug|Mixed Platforms.ActiveCfg = Debug|Any CPU
		{4FC9A3EB-7C10-490D-9BC7-8B0FA4FD098E}.Debug|Mixed Platforms.Build.0 = Debug|Any CPU
		{4FC9A3EB-7C10-490D-9BC7-8B0FA4FD098E}.Debug|Windows Phone.ActiveCfg = Debug|Any CPU
		{4FC9A3EB-7C10-490D-9BC7-8B0FA4FD098E}.Debug|x64.ActiveCfg = Debug|Any CPU
		{4FC9A3EB-7C10-490D-9BC7-8B0FA4FD098E}.Debug|x86.ActiveCfg = Debug|Any CPU
		{4FC9A3EB-7C10-490D-9BC7-8B0FA4FD098E}.NoPhone|Any CPU.ActiveCfg = Debug|Any CPU
		{4FC9A3EB-7C10-490D-9BC7-8B0FA4FD098E}.NoPhone|Any CPU.Build.0 = Debug|Any CPU
		{4FC9A3EB-7C10-490D-9BC7-8B0FA4FD098E}.NoPhone|ARM.ActiveCfg = Debug|Any CPU
		{4FC9A3EB-7C10-490D-9BC7-8B0FA4FD098E}.NoPhone|Mixed Platforms.ActiveCfg = Debug|Any CPU
		{4FC9A3EB-7C10-490D-9BC7-8B0FA4FD098E}.NoPhone|Mixed Platforms.Build.0 = Debug|Any CPU
		{4FC9A3EB-7C10-490D-9BC7-8B0FA4FD098E}.NoPhone|Windows Phone.ActiveCfg = Debug|Any CPU
		{4FC9A3EB-7C10-490D-9BC7-8B0FA4FD098E}.NoPhone|x64.ActiveCfg = Debug|Any CPU
		{4FC9A3EB-7C10-490D-9BC7-8B0FA4FD098E}.NoPhone|x86.ActiveCfg = Debug|Any CPU
		{4FC9A3EB-7C10-490D-9BC7-8B0FA4FD098E}.Release|Any CPU.ActiveCfg = Debug|Any CPU
		{4FC9A3EB-7C10-490D-9BC7-8B0FA4FD098E}.Release|Any CPU.Build.0 = Debug|Any CPU
		{4FC9A3EB-7C10-490D-9BC7-8B0FA4FD098E}.Release|ARM.ActiveCfg = Debug|Any CPU
		{4FC9A3EB-7C10-490D-9BC7-8B0FA4FD098E}.Release|Mixed Platforms.ActiveCfg = Debug|Any CPU
		{4FC9A3EB-7C10-490D-9BC7-8B0FA4FD098E}.Release|Mixed Platforms.Build.0 = Debug|Any CPU
		{4FC9A3EB-7C10-490D-9BC7-8B0FA4FD098E}.Release|Windows Phone.ActiveCfg = Debug|Any CPU
		{4FC9A3EB-7C10-490D-9BC7-8B0FA4FD098E}.Release|x64.ActiveCfg = Debug|Any CPU
		{4FC9A3EB-7C10-490D-9BC7-8B0FA4FD098E}.Release|x86.ActiveCfg = Debug|Any CPU
		{21402A8D-E532-485E-9716-847CAAB53B6F}.Debug|Any CPU.ActiveCfg = Debug|Any CPU
		{21402A8D-E532-485E-9716-847CAAB53B6F}.Debug|Any CPU.Build.0 = Debug|Any CPU
		{21402A8D-E532-485E-9716-847CAAB53B6F}.Debug|ARM.ActiveCfg = Debug|Any CPU
		{21402A8D-E532-485E-9716-847CAAB53B6F}.Debug|Mixed Platforms.ActiveCfg = Debug|Any CPU
		{21402A8D-E532-485E-9716-847CAAB53B6F}.Debug|Mixed Platforms.Build.0 = Debug|Any CPU
		{21402A8D-E532-485E-9716-847CAAB53B6F}.Debug|Windows Phone.ActiveCfg = Debug|Any CPU
		{21402A8D-E532-485E-9716-847CAAB53B6F}.Debug|x64.ActiveCfg = Debug|Any CPU
		{21402A8D-E532-485E-9716-847CAAB53B6F}.Debug|x86.ActiveCfg = Debug|Any CPU
		{21402A8D-E532-485E-9716-847CAAB53B6F}.NoPhone|Any CPU.ActiveCfg = Debug|Any CPU
		{21402A8D-E532-485E-9716-847CAAB53B6F}.NoPhone|Any CPU.Build.0 = Debug|Any CPU
		{21402A8D-E532-485E-9716-847CAAB53B6F}.NoPhone|ARM.ActiveCfg = Debug|Any CPU
		{21402A8D-E532-485E-9716-847CAAB53B6F}.NoPhone|Mixed Platforms.ActiveCfg = Debug|Any CPU
		{21402A8D-E532-485E-9716-847CAAB53B6F}.NoPhone|Mixed Platforms.Build.0 = Debug|Any CPU
		{21402A8D-E532-485E-9716-847CAAB53B6F}.NoPhone|Windows Phone.ActiveCfg = Debug|Any CPU
		{21402A8D-E532-485E-9716-847CAAB53B6F}.NoPhone|x64.ActiveCfg = Debug|Any CPU
		{21402A8D-E532-485E-9716-847CAAB53B6F}.NoPhone|x86.ActiveCfg = Debug|Any CPU
		{21402A8D-E532-485E-9716-847CAAB53B6F}.Release|Any CPU.ActiveCfg = Debug|Any CPU
		{21402A8D-E532-485E-9716-847CAAB53B6F}.Release|Any CPU.Build.0 = Debug|Any CPU
		{21402A8D-E532-485E-9716-847CAAB53B6F}.Release|ARM.ActiveCfg = Debug|Any CPU
		{21402A8D-E532-485E-9716-847CAAB53B6F}.Release|Mixed Platforms.ActiveCfg = Debug|Any CPU
		{21402A8D-E532-485E-9716-847CAAB53B6F}.Release|Mixed Platforms.Build.0 = Debug|Any CPU
		{21402A8D-E532-485E-9716-847CAAB53B6F}.Release|Windows Phone.ActiveCfg = Debug|Any CPU
		{21402A8D-E532-485E-9716-847CAAB53B6F}.Release|x64.ActiveCfg = Debug|Any CPU
		{21402A8D-E532-485E-9716-847CAAB53B6F}.Release|x86.ActiveCfg = Debug|Any CPU
		{C2C0C9F1-965F-49B6-AC0F-52975F94E406}.Debug|Any CPU.ActiveCfg = Debug|Any CPU
		{C2C0C9F1-965F-49B6-AC0F-52975F94E406}.Debug|Any CPU.Build.0 = Debug|Any CPU
		{C2C0C9F1-965F-49B6-AC0F-52975F94E406}.Debug|ARM.ActiveCfg = Debug|Any CPU
		{C2C0C9F1-965F-49B6-AC0F-52975F94E406}.Debug|ARM.Build.0 = Debug|Any CPU
		{C2C0C9F1-965F-49B6-AC0F-52975F94E406}.Debug|Mixed Platforms.ActiveCfg = Debug|Any CPU
		{C2C0C9F1-965F-49B6-AC0F-52975F94E406}.Debug|Mixed Platforms.Build.0 = Debug|Any CPU
		{C2C0C9F1-965F-49B6-AC0F-52975F94E406}.Debug|Windows Phone.ActiveCfg = Debug|Any CPU
		{C2C0C9F1-965F-49B6-AC0F-52975F94E406}.Debug|Windows Phone.Build.0 = Debug|Any CPU
		{C2C0C9F1-965F-49B6-AC0F-52975F94E406}.Debug|x64.ActiveCfg = Debug|Any CPU
		{C2C0C9F1-965F-49B6-AC0F-52975F94E406}.Debug|x64.Build.0 = Debug|Any CPU
		{C2C0C9F1-965F-49B6-AC0F-52975F94E406}.Debug|x86.ActiveCfg = Debug|Any CPU
		{C2C0C9F1-965F-49B6-AC0F-52975F94E406}.Debug|x86.Build.0 = Debug|Any CPU
		{C2C0C9F1-965F-49B6-AC0F-52975F94E406}.NoPhone|Any CPU.ActiveCfg = Debug|Any CPU
		{C2C0C9F1-965F-49B6-AC0F-52975F94E406}.NoPhone|Any CPU.Build.0 = Debug|Any CPU
		{C2C0C9F1-965F-49B6-AC0F-52975F94E406}.NoPhone|ARM.ActiveCfg = Debug|Any CPU
		{C2C0C9F1-965F-49B6-AC0F-52975F94E406}.NoPhone|ARM.Build.0 = Debug|Any CPU
		{C2C0C9F1-965F-49B6-AC0F-52975F94E406}.NoPhone|Mixed Platforms.ActiveCfg = Debug|Any CPU
		{C2C0C9F1-965F-49B6-AC0F-52975F94E406}.NoPhone|Mixed Platforms.Build.0 = Debug|Any CPU
		{C2C0C9F1-965F-49B6-AC0F-52975F94E406}.NoPhone|Windows Phone.ActiveCfg = Debug|Any CPU
		{C2C0C9F1-965F-49B6-AC0F-52975F94E406}.NoPhone|Windows Phone.Build.0 = Debug|Any CPU
		{C2C0C9F1-965F-49B6-AC0F-52975F94E406}.NoPhone|x64.ActiveCfg = Debug|Any CPU
		{C2C0C9F1-965F-49B6-AC0F-52975F94E406}.NoPhone|x64.Build.0 = Debug|Any CPU
		{C2C0C9F1-965F-49B6-AC0F-52975F94E406}.NoPhone|x86.ActiveCfg = Debug|Any CPU
		{C2C0C9F1-965F-49B6-AC0F-52975F94E406}.NoPhone|x86.Build.0 = Debug|Any CPU
		{C2C0C9F1-965F-49B6-AC0F-52975F94E406}.Release|Any CPU.ActiveCfg = Debug|Any CPU
		{C2C0C9F1-965F-49B6-AC0F-52975F94E406}.Release|Any CPU.Build.0 = Debug|Any CPU
		{C2C0C9F1-965F-49B6-AC0F-52975F94E406}.Release|ARM.ActiveCfg = Debug|Any CPU
		{C2C0C9F1-965F-49B6-AC0F-52975F94E406}.Release|ARM.Build.0 = Debug|Any CPU
		{C2C0C9F1-965F-49B6-AC0F-52975F94E406}.Release|Mixed Platforms.ActiveCfg = Debug|Any CPU
		{C2C0C9F1-965F-49B6-AC0F-52975F94E406}.Release|Mixed Platforms.Build.0 = Debug|Any CPU
		{C2C0C9F1-965F-49B6-AC0F-52975F94E406}.Release|Windows Phone.ActiveCfg = Debug|Any CPU
		{C2C0C9F1-965F-49B6-AC0F-52975F94E406}.Release|Windows Phone.Build.0 = Debug|Any CPU
		{C2C0C9F1-965F-49B6-AC0F-52975F94E406}.Release|x64.ActiveCfg = Debug|Any CPU
		{C2C0C9F1-965F-49B6-AC0F-52975F94E406}.Release|x64.Build.0 = Debug|Any CPU
		{C2C0C9F1-965F-49B6-AC0F-52975F94E406}.Release|x86.ActiveCfg = Debug|Any CPU
		{C2C0C9F1-965F-49B6-AC0F-52975F94E406}.Release|x86.Build.0 = Debug|Any CPU
	EndGlobalSection
	GlobalSection(SolutionProperties) = preSolution
		HideSolutionNode = FALSE
	EndGlobalSection
	GlobalSection(NestedProjects) = preSolution
		{44E3263D-BA0C-48E1-A12B-2BF9FC63B4E7} = {F7CAFDFA-ED30-417E-907C-405EB008488B}
		{46A741DE-79AB-48F5-9016-F651D78B4A1B} = {F7CAFDFA-ED30-417E-907C-405EB008488B}
		{550D5970-560C-40D0-B717-E397D10E69ED} = {F7CAFDFA-ED30-417E-907C-405EB008488B}
	EndGlobalSection
	GlobalSection(TeamFoundationVersionControl) = preSolution
		SccNumberOfProjects = 13
		SccEnterpriseProvider = {4CA58AB2-18FA-4F8D-95D4-32DDF27D184C}
		SccTeamFoundationServer = https://giesler.visualstudio.com/defaultcollection
		SccLocalPath0 = .
		SccWebProject1 = true
		SccProjectUniqueName1 = ..\\cams
		SccProjectName1 = ../cams
		SccLocalPath1 = ..\\cams
		SccProjectEnlistmentChoice1 = 2
		SccProjectUniqueName2 = CamLib\\CamLib.csproj
		SccProjectName2 = CamLib
		SccLocalPath2 = CamLib
		SccProjectUniqueName3 = CamAlertService\\CamAlertService.csproj
		SccProjectName3 = CamAlertService
		SccLocalPath3 = CamAlertService
		SccProjectUniqueName4 = ..\\Common\\Common.csproj
		SccProjectName4 = ../Common
		SccLocalPath4 = ..\\Common
		SccProjectUniqueName5 = ..\\WakeOnLan\\HomeServices\\HomeServices.csproj
		SccProjectName5 = ../WakeOnLan/HomeServices
		SccLocalPath5 = ..\\WakeOnLan\\HomeServices
		SccWebProject6 = true
		SccProjectUniqueName6 = http://localhost:3340
		SccProjectName6 = ../control.msn2.net
		SccLocalPath6 = ..\\control.msn2.net
		SccProjectEnlistmentChoice6 = 2
		SccWebProject7 = true
		SccProjectUniqueName7 = http://localhost:33326
		SccProjectName7 = ../login.msn2.net
		SccLocalPath7 = ..\\login.msn2.net
		SccProjectEnlistmentChoice7 = 2
		SccWebProject8 = true
		SccProjectUniqueName8 = http://localhost:1722
		SccProjectName8 = ../WakeOnLan/Website
		SccLocalPath8 = ..\\WakeOnLan\\Website
		SccProjectEnlistmentChoice8 = 2
		SccProjectUniqueName9 = ..\\HomeControlApp\\HomeControlApp.Shared\\HomeControlApp.Shared.shproj
		SccProjectTopLevelParentUniqueName9 = CamServices.sln
		SccProjectName9 = ../HomeControlApp/HomeControlApp.Shared
		SccLocalPath9 = ..\\HomeControlApp\\HomeControlApp.Shared
		SccProjectUniqueName10 = ..\\HomeControlApp\\HomeControlApp.Windows\\HomeControlApp.Windows.csproj
		SccProjectTopLevelParentUniqueName10 = CamServices.sln
		SccProjectName10 = ../HomeControlApp/HomeControlApp.Windows
		SccLocalPath10 = ..\\HomeControlApp\\HomeControlApp.Windows
		SccProjectUniqueName11 = ..\\HomeControlApp\\HomeControlApp.WindowsPhone\\HomeControlApp.WindowsPhone.csproj
		SccProjectTopLevelParentUniqueName11 = CamServices.sln
		SccProjectName11 = ../HomeControlApp/HomeControlApp.WindowsPhone
		SccLocalPath11 = ..\\HomeControlApp\\HomeControlApp.WindowsPhone
		SccWebProject12 = true
		SccProjectUniqueName12 = ..\\home.msn2.net
		SccProjectName12 = ../home.msn2.net
		SccLocalPath12 = ..\\home.msn2.net
		SccProjectEnlistmentChoice12 = 2
	EndGlobalSection
EndGlobal
