
Microsoft Visual Studio Solution File, Format Version 12.00
# Visual Studio 2012
Project("{FAE04EC0-301F-11D3-BF4B-00C04F79EFBC}") = "chickweb", "chickweb\chickweb.csproj", "{92129D60-915A-4AF9-9C8D-A6583881D56E}"
EndProject
Project("{FAE04EC0-301F-11D3-BF4B-00C04F79EFBC}") = "ChickWebApp", "ChickWebApp\ChickWebApp.csproj", "{F64F5E97-574B-4185-860A-55A2050BCE1C}"
EndProject
Project("{FAE04EC0-301F-11D3-BF4B-00C04F79EFBC}") = "ChickPhone", "ChickPhone\ChickPhone.csproj", "{8A91111E-52D8-4F59-AE5D-F7FB2FE40477}"
EndProject
Project("{E24C65DC-7377-472B-9ABA-BC803B73C61A}") = "cams", "..\cams", "{680E1A46-8817-45D2-9DEC-3B5A8FDACE19}"
	ProjectSection(WebsiteProperties) = preProject
		SccProjectName = "SAK"
		SccAuxPath = "SAK"
		SccLocalPath = "SAK"
		SccProvider = "SAK"
		TargetFrameworkMoniker = ".NETFramework,Version%3Dv4.0"
		ProjectReferences = "{4DD27D96-4BAB-4A39-8871-7AF16C3BFF4A}|CamLib.dll;"
		Debug.AspNetCompiler.VirtualPath = "/cams"
		Debug.AspNetCompiler.PhysicalPath = "..\cams\"
		Debug.AspNetCompiler.TargetPath = "PrecompiledWeb\cams\"
		Debug.AspNetCompiler.Updateable = "true"
		Debug.AspNetCompiler.ForceOverwrite = "true"
		Debug.AspNetCompiler.FixedNames = "false"
		Debug.AspNetCompiler.Debug = "True"
		Release.AspNetCompiler.VirtualPath = "/cams"
		Release.AspNetCompiler.PhysicalPath = "..\cams\"
		Release.AspNetCompiler.TargetPath = "PrecompiledWeb\cams\"
		Release.AspNetCompiler.Updateable = "true"
		Release.AspNetCompiler.ForceOverwrite = "true"
		Release.AspNetCompiler.FixedNames = "false"
		Release.AspNetCompiler.Debug = "False"
		VWDPort = "7978"
		DefaultWebSiteLanguage = "Visual C#"
	EndProjectSection
EndProject
Project("{FAE04EC0-301F-11D3-BF4B-00C04F79EFBC}") = "CamLib", "CamLib\CamLib.csproj", "{4DD27D96-4BAB-4A39-8871-7AF16C3BFF4A}"
EndProject
Project("{FAE04EC0-301F-11D3-BF4B-00C04F79EFBC}") = "CamAlertService", "CamAlertService\CamAlertService.csproj", "{5532F852-EB8E-44D1-AC8C-AC8290A29E1C}"
EndProject
Global
	GlobalSection(TeamFoundationVersionControl) = preSolution
		SccNumberOfProjects = 7
		SccEnterpriseProvider = {4CA58AB2-18FA-4F8D-95D4-32DDF27D184C}
		SccTeamFoundationServer = http://vsts.sp.msn2.net:8080/tfs/main
		SccLocalPath0 = .
		SccProjectUniqueName1 = chickweb\\chickweb.csproj
		SccProjectName1 = chickweb
		SccLocalPath1 = chickweb
		SccProjectUniqueName2 = ChickWebApp\\ChickWebApp.csproj
		SccProjectName2 = ChickWebApp
		SccLocalPath2 = ChickWebApp
		SccProjectUniqueName3 = ChickPhone\\ChickPhone.csproj
		SccProjectName3 = ChickPhone
		SccLocalPath3 = ChickPhone
		SccWebProject4 = true
		SccProjectUniqueName4 = ..\\cams
		SccProjectName4 = ../cams
		SccLocalPath4 = ..\\cams
		SccProjectEnlistmentChoice4 = 2
		SccProjectUniqueName5 = CamLib\\CamLib.csproj
		SccProjectName5 = CamLib
		SccLocalPath5 = CamLib
		SccProjectUniqueName6 = CamAlertService\\CamAlertService.csproj
		SccProjectName6 = CamAlertService
		SccLocalPath6 = CamAlertService
	EndGlobalSection
	GlobalSection(SolutionConfigurationPlatforms) = preSolution
		Debug|Any CPU = Debug|Any CPU
		Debug|ARM = Debug|ARM
		Debug|Mixed Platforms = Debug|Mixed Platforms
		Debug|Windows Phone = Debug|Windows Phone
		Debug|x86 = Debug|x86
		Release|Any CPU = Release|Any CPU
		Release|ARM = Release|ARM
		Release|Mixed Platforms = Release|Mixed Platforms
		Release|Windows Phone = Release|Windows Phone
		Release|x86 = Release|x86
	EndGlobalSection
	GlobalSection(ProjectConfigurationPlatforms) = postSolution
		{92129D60-915A-4AF9-9C8D-A6583881D56E}.Debug|Any CPU.ActiveCfg = Debug|Any CPU
		{92129D60-915A-4AF9-9C8D-A6583881D56E}.Debug|Any CPU.Build.0 = Debug|Any CPU
		{92129D60-915A-4AF9-9C8D-A6583881D56E}.Debug|ARM.ActiveCfg = Debug|Any CPU
		{92129D60-915A-4AF9-9C8D-A6583881D56E}.Debug|Mixed Platforms.ActiveCfg = Debug|Any CPU
		{92129D60-915A-4AF9-9C8D-A6583881D56E}.Debug|Mixed Platforms.Build.0 = Debug|Any CPU
		{92129D60-915A-4AF9-9C8D-A6583881D56E}.Debug|Windows Phone.ActiveCfg = Debug|Any CPU
		{92129D60-915A-4AF9-9C8D-A6583881D56E}.Debug|x86.ActiveCfg = Debug|Any CPU
		{92129D60-915A-4AF9-9C8D-A6583881D56E}.Release|Any CPU.ActiveCfg = Release|Any CPU
		{92129D60-915A-4AF9-9C8D-A6583881D56E}.Release|Any CPU.Build.0 = Release|Any CPU
		{92129D60-915A-4AF9-9C8D-A6583881D56E}.Release|ARM.ActiveCfg = Release|Any CPU
		{92129D60-915A-4AF9-9C8D-A6583881D56E}.Release|Mixed Platforms.ActiveCfg = Release|Any CPU
		{92129D60-915A-4AF9-9C8D-A6583881D56E}.Release|Mixed Platforms.Build.0 = Release|Any CPU
		{92129D60-915A-4AF9-9C8D-A6583881D56E}.Release|Windows Phone.ActiveCfg = Release|Any CPU
		{92129D60-915A-4AF9-9C8D-A6583881D56E}.Release|x86.ActiveCfg = Release|Any CPU
		{F64F5E97-574B-4185-860A-55A2050BCE1C}.Debug|Any CPU.ActiveCfg = Debug|Any CPU
		{F64F5E97-574B-4185-860A-55A2050BCE1C}.Debug|Any CPU.Build.0 = Debug|Any CPU
		{F64F5E97-574B-4185-860A-55A2050BCE1C}.Debug|ARM.ActiveCfg = Debug|Any CPU
		{F64F5E97-574B-4185-860A-55A2050BCE1C}.Debug|Mixed Platforms.ActiveCfg = Debug|Any CPU
		{F64F5E97-574B-4185-860A-55A2050BCE1C}.Debug|Mixed Platforms.Build.0 = Debug|Any CPU
		{F64F5E97-574B-4185-860A-55A2050BCE1C}.Debug|Windows Phone.ActiveCfg = Debug|Any CPU
		{F64F5E97-574B-4185-860A-55A2050BCE1C}.Debug|x86.ActiveCfg = Debug|Any CPU
		{F64F5E97-574B-4185-860A-55A2050BCE1C}.Release|Any CPU.ActiveCfg = Release|Any CPU
		{F64F5E97-574B-4185-860A-55A2050BCE1C}.Release|Any CPU.Build.0 = Release|Any CPU
		{F64F5E97-574B-4185-860A-55A2050BCE1C}.Release|ARM.ActiveCfg = Release|Any CPU
		{F64F5E97-574B-4185-860A-55A2050BCE1C}.Release|Mixed Platforms.ActiveCfg = Release|Any CPU
		{F64F5E97-574B-4185-860A-55A2050BCE1C}.Release|Mixed Platforms.Build.0 = Release|Any CPU
		{F64F5E97-574B-4185-860A-55A2050BCE1C}.Release|Windows Phone.ActiveCfg = Release|Any CPU
		{F64F5E97-574B-4185-860A-55A2050BCE1C}.Release|x86.ActiveCfg = Release|Any CPU
		{8A91111E-52D8-4F59-AE5D-F7FB2FE40477}.Debug|Any CPU.ActiveCfg = Debug|Any CPU
		{8A91111E-52D8-4F59-AE5D-F7FB2FE40477}.Debug|Any CPU.Build.0 = Debug|Any CPU
		{8A91111E-52D8-4F59-AE5D-F7FB2FE40477}.Debug|Any CPU.Deploy.0 = Debug|Any CPU
		{8A91111E-52D8-4F59-AE5D-F7FB2FE40477}.Debug|ARM.ActiveCfg = Debug|ARM
		{8A91111E-52D8-4F59-AE5D-F7FB2FE40477}.Debug|ARM.Build.0 = Debug|ARM
		{8A91111E-52D8-4F59-AE5D-F7FB2FE40477}.Debug|ARM.Deploy.0 = Debug|ARM
		{8A91111E-52D8-4F59-AE5D-F7FB2FE40477}.Debug|Mixed Platforms.ActiveCfg = Debug|Any CPU
		{8A91111E-52D8-4F59-AE5D-F7FB2FE40477}.Debug|Mixed Platforms.Build.0 = Debug|Any CPU
		{8A91111E-52D8-4F59-AE5D-F7FB2FE40477}.Debug|Windows Phone.ActiveCfg = Debug|Any CPU
		{8A91111E-52D8-4F59-AE5D-F7FB2FE40477}.Debug|x86.ActiveCfg = Debug|Any CPU
		{8A91111E-52D8-4F59-AE5D-F7FB2FE40477}.Release|Any CPU.ActiveCfg = Release|Any CPU
		{8A91111E-52D8-4F59-AE5D-F7FB2FE40477}.Release|Any CPU.Build.0 = Release|Any CPU
		{8A91111E-52D8-4F59-AE5D-F7FB2FE40477}.Release|Any CPU.Deploy.0 = Release|Any CPU
		{8A91111E-52D8-4F59-AE5D-F7FB2FE40477}.Release|ARM.ActiveCfg = Release|ARM
		{8A91111E-52D8-4F59-AE5D-F7FB2FE40477}.Release|ARM.Build.0 = Release|ARM
		{8A91111E-52D8-4F59-AE5D-F7FB2FE40477}.Release|ARM.Deploy.0 = Release|ARM
		{8A91111E-52D8-4F59-AE5D-F7FB2FE40477}.Release|Mixed Platforms.ActiveCfg = Release|Any CPU
		{8A91111E-52D8-4F59-AE5D-F7FB2FE40477}.Release|Mixed Platforms.Build.0 = Release|Any CPU
		{8A91111E-52D8-4F59-AE5D-F7FB2FE40477}.Release|Mixed Platforms.Deploy.0 = Release|Any CPU
		{8A91111E-52D8-4F59-AE5D-F7FB2FE40477}.Release|Windows Phone.ActiveCfg = Release|Any CPU
		{8A91111E-52D8-4F59-AE5D-F7FB2FE40477}.Release|x86.ActiveCfg = Release|Any CPU
		{680E1A46-8817-45D2-9DEC-3B5A8FDACE19}.Debug|Any CPU.ActiveCfg = Debug|Any CPU
		{680E1A46-8817-45D2-9DEC-3B5A8FDACE19}.Debug|Any CPU.Build.0 = Debug|Any CPU
		{680E1A46-8817-45D2-9DEC-3B5A8FDACE19}.Debug|ARM.ActiveCfg = Debug|Any CPU
		{680E1A46-8817-45D2-9DEC-3B5A8FDACE19}.Debug|Mixed Platforms.ActiveCfg = Debug|Any CPU
		{680E1A46-8817-45D2-9DEC-3B5A8FDACE19}.Debug|Mixed Platforms.Build.0 = Debug|Any CPU
		{680E1A46-8817-45D2-9DEC-3B5A8FDACE19}.Debug|Windows Phone.ActiveCfg = Debug|Any CPU
		{680E1A46-8817-45D2-9DEC-3B5A8FDACE19}.Debug|x86.ActiveCfg = Debug|Any CPU
		{680E1A46-8817-45D2-9DEC-3B5A8FDACE19}.Release|Any CPU.ActiveCfg = Debug|Any CPU
		{680E1A46-8817-45D2-9DEC-3B5A8FDACE19}.Release|Any CPU.Build.0 = Debug|Any CPU
		{680E1A46-8817-45D2-9DEC-3B5A8FDACE19}.Release|ARM.ActiveCfg = Debug|Any CPU
		{680E1A46-8817-45D2-9DEC-3B5A8FDACE19}.Release|Mixed Platforms.ActiveCfg = Debug|Any CPU
		{680E1A46-8817-45D2-9DEC-3B5A8FDACE19}.Release|Mixed Platforms.Build.0 = Debug|Any CPU
		{680E1A46-8817-45D2-9DEC-3B5A8FDACE19}.Release|Windows Phone.ActiveCfg = Debug|Any CPU
		{680E1A46-8817-45D2-9DEC-3B5A8FDACE19}.Release|x86.ActiveCfg = Debug|Any CPU
		{4DD27D96-4BAB-4A39-8871-7AF16C3BFF4A}.Debug|Any CPU.ActiveCfg = Debug|Any CPU
		{4DD27D96-4BAB-4A39-8871-7AF16C3BFF4A}.Debug|Any CPU.Build.0 = Debug|Any CPU
		{4DD27D96-4BAB-4A39-8871-7AF16C3BFF4A}.Debug|ARM.ActiveCfg = Debug|Any CPU
		{4DD27D96-4BAB-4A39-8871-7AF16C3BFF4A}.Debug|Mixed Platforms.ActiveCfg = Debug|Any CPU
		{4DD27D96-4BAB-4A39-8871-7AF16C3BFF4A}.Debug|Mixed Platforms.Build.0 = Debug|Any CPU
		{4DD27D96-4BAB-4A39-8871-7AF16C3BFF4A}.Debug|Windows Phone.ActiveCfg = Debug|Any CPU
		{4DD27D96-4BAB-4A39-8871-7AF16C3BFF4A}.Debug|x86.ActiveCfg = Debug|Any CPU
		{4DD27D96-4BAB-4A39-8871-7AF16C3BFF4A}.Release|Any CPU.ActiveCfg = Release|Any CPU
		{4DD27D96-4BAB-4A39-8871-7AF16C3BFF4A}.Release|Any CPU.Build.0 = Release|Any CPU
		{4DD27D96-4BAB-4A39-8871-7AF16C3BFF4A}.Release|ARM.ActiveCfg = Release|Any CPU
		{4DD27D96-4BAB-4A39-8871-7AF16C3BFF4A}.Release|Mixed Platforms.ActiveCfg = Release|Any CPU
		{4DD27D96-4BAB-4A39-8871-7AF16C3BFF4A}.Release|Mixed Platforms.Build.0 = Release|Any CPU
		{4DD27D96-4BAB-4A39-8871-7AF16C3BFF4A}.Release|Windows Phone.ActiveCfg = Release|Any CPU
		{4DD27D96-4BAB-4A39-8871-7AF16C3BFF4A}.Release|x86.ActiveCfg = Release|Any CPU
		{5532F852-EB8E-44D1-AC8C-AC8290A29E1C}.Debug|Any CPU.ActiveCfg = Debug|x86
		{5532F852-EB8E-44D1-AC8C-AC8290A29E1C}.Debug|ARM.ActiveCfg = Debug|x86
		{5532F852-EB8E-44D1-AC8C-AC8290A29E1C}.Debug|Mixed Platforms.ActiveCfg = Debug|x86
		{5532F852-EB8E-44D1-AC8C-AC8290A29E1C}.Debug|Mixed Platforms.Build.0 = Debug|x86
		{5532F852-EB8E-44D1-AC8C-AC8290A29E1C}.Debug|Windows Phone.ActiveCfg = Debug|x86
		{5532F852-EB8E-44D1-AC8C-AC8290A29E1C}.Debug|x86.ActiveCfg = Debug|x86
		{5532F852-EB8E-44D1-AC8C-AC8290A29E1C}.Debug|x86.Build.0 = Debug|x86
		{5532F852-EB8E-44D1-AC8C-AC8290A29E1C}.Release|Any CPU.ActiveCfg = Release|x86
		{5532F852-EB8E-44D1-AC8C-AC8290A29E1C}.Release|ARM.ActiveCfg = Release|x86
		{5532F852-EB8E-44D1-AC8C-AC8290A29E1C}.Release|Mixed Platforms.ActiveCfg = Release|x86
		{5532F852-EB8E-44D1-AC8C-AC8290A29E1C}.Release|Mixed Platforms.Build.0 = Release|x86
		{5532F852-EB8E-44D1-AC8C-AC8290A29E1C}.Release|Windows Phone.ActiveCfg = Release|x86
		{5532F852-EB8E-44D1-AC8C-AC8290A29E1C}.Release|x86.ActiveCfg = Release|x86
		{5532F852-EB8E-44D1-AC8C-AC8290A29E1C}.Release|x86.Build.0 = Release|x86
	EndGlobalSection
	GlobalSection(SolutionProperties) = preSolution
		HideSolutionNode = FALSE
	EndGlobalSection
EndGlobal
