Microsoft Visual Studio Solution File, Format Version 1.00
Project("{73393D18-DAC4-11D1-88FC-0000F8064EBB}") = "RPS Database", "RPS DB Installer.wip", "{6C5CEAB4-7FE0-4572-9426-6D84DD7E1F57}"
EndProject
Global
	GlobalSection(LocalDeployment) = postSolution
		StartupProject = {00000000-0000-0000-0000-000000000000}
	EndGlobalSection
	GlobalSection(BuildOrder) = postSolution
		0 = {6C5CEAB4-7FE0-4572-9426-6D84DD7E1F57}
	EndGlobalSection
	GlobalSection(SourceCodeControl) = preSolution
		SccProjectName = \u0022$/fc/RPS\u0020DB\u0020Startup\u0020Program/RPS\u0020DB\u0020Installer\u0022,\u0020NSAAAAAA
		SccAuxPath = \\\\pdc\\BLI_VSS\\,
		SccLocalPath = .
	EndGlobalSection
	GlobalSection(DeploymentRoot) = postSolution
	EndGlobalSection
EndGlobal
