Microsoft Visual Studio Solution File, Format Version 7.00
Project("{FAE04EC0-301F-11D3-BF4B-00C04F79EFBC}") = "ProjectFServices", "http://localhost/ProjectFServices/ProjectFServices.csproj", "{9DD174DE-8F1D-49FF-853A-6065D70CB20F}"
EndProject
Project("{FAE04EC0-301F-11D3-BF4B-00C04F79EFBC}") = "Configuration", "D:\vss\msn2.net\Configuration\Configuration.csproj", "{61D00AAB-949C-4C7F-91E1-ACDCA53DD19E}"
EndProject
Project("{FAE04EC0-301F-11D3-BF4B-00C04F79EFBC}") = "Common", "D:\vss\msn2.net\Common\Common.csproj", "{A267194C-A021-4267-A491-AD3919394F9A}"
EndProject
Global
	GlobalSection(SourceCodeControl) = preSolution
		SccNumberOfProjects = 4
		SccLocalPath0 = .
		CanCheckoutShared = false
		SolutionUniqueID = {8269D5CF-6F4E-4DAA-BBB5-E9C416D7B142}
		SccProjectUniqueName1 = http://localhost/ProjectFServices/ProjectFServices.csproj
		SccLocalPath1 = d:\\inetpub\\wwwroot\\ProjectFServices
		CanCheckoutShared = false
		SccProjectEnlistmentChoice1 = 2
		SccProjectUniqueName2 = D:\\vss\\msn2.net\\Configuration\\Configuration.csproj
		SccProjectName2 = \u0022$/msn2.net/Configuration\u0022,\u0020NTNAAAAA
		SccLocalPath2 = D:\\vss\\msn2.net\\Configuration
		CanCheckoutShared = false
		SccProjectUniqueName3 = D:\\vss\\msn2.net\\Common\\Common.csproj
		SccProjectName3 = \u0022$/msn2.net/Common\u0022,\u0020JWNAAAAA
		SccLocalPath3 = D:\\vss\\msn2.net\\Common
		CanCheckoutShared = false
	EndGlobalSection
	GlobalSection(SolutionConfiguration) = preSolution
		ConfigName.0 = Debug
		ConfigName.1 = Release
	EndGlobalSection
	GlobalSection(ProjectDependencies) = postSolution
	EndGlobalSection
	GlobalSection(ProjectConfiguration) = postSolution
		{9DD174DE-8F1D-49FF-853A-6065D70CB20F}.Debug.ActiveCfg = Debug|.NET
		{9DD174DE-8F1D-49FF-853A-6065D70CB20F}.Debug.Build.0 = Debug|.NET
		{9DD174DE-8F1D-49FF-853A-6065D70CB20F}.Release.ActiveCfg = Release|.NET
		{9DD174DE-8F1D-49FF-853A-6065D70CB20F}.Release.Build.0 = Release|.NET
		{61D00AAB-949C-4C7F-91E1-ACDCA53DD19E}.Debug.ActiveCfg = Debug|.NET
		{61D00AAB-949C-4C7F-91E1-ACDCA53DD19E}.Debug.Build.0 = Debug|.NET
		{61D00AAB-949C-4C7F-91E1-ACDCA53DD19E}.Release.ActiveCfg = Release|.NET
		{61D00AAB-949C-4C7F-91E1-ACDCA53DD19E}.Release.Build.0 = Release|.NET
		{A267194C-A021-4267-A491-AD3919394F9A}.Debug.ActiveCfg = Debug|.NET
		{A267194C-A021-4267-A491-AD3919394F9A}.Debug.Build.0 = Debug|.NET
		{A267194C-A021-4267-A491-AD3919394F9A}.Release.ActiveCfg = Release|.NET
		{A267194C-A021-4267-A491-AD3919394F9A}.Release.Build.0 = Release|.NET
	EndGlobalSection
	GlobalSection(ExtensibilityGlobals) = postSolution
	EndGlobalSection
	GlobalSection(ExtensibilityAddIns) = postSolution
	EndGlobalSection
EndGlobal
