
Microsoft Visual Studio Solution File, Format Version 12.00
# Visual Studio 14
VisualStudioVersion = 14.0.25420.1
MinimumVisualStudioVersion = 10.0.40219.1
Project("{FAE04EC0-301F-11D3-BF4B-00C04F79EFBC}") = "PurgeDuplicateJpgs", "PurgeDuplicateJpgs\PurgeDuplicateJpgs.csproj", "{FD4493FB-80E9-487F-AD55-AD0019C0C24A}"
EndProject
Global
	GlobalSection(SolutionConfigurationPlatforms) = preSolution
		Debug|Any CPU = Debug|Any CPU
		Release|Any CPU = Release|Any CPU
	EndGlobalSection
	GlobalSection(ProjectConfigurationPlatforms) = postSolution
		{FD4493FB-80E9-487F-AD55-AD0019C0C24A}.Debug|Any CPU.ActiveCfg = Debug|Any CPU
		{FD4493FB-80E9-487F-AD55-AD0019C0C24A}.Debug|Any CPU.Build.0 = Debug|Any CPU
		{FD4493FB-80E9-487F-AD55-AD0019C0C24A}.Release|Any CPU.ActiveCfg = Release|Any CPU
		{FD4493FB-80E9-487F-AD55-AD0019C0C24A}.Release|Any CPU.Build.0 = Release|Any CPU
	EndGlobalSection
	GlobalSection(SolutionProperties) = preSolution
		HideSolutionNode = FALSE
	EndGlobalSection
	GlobalSection(TeamFoundationVersionControl) = preSolution
		SccNumberOfProjects = 2
		SccEnterpriseProvider = {4CA58AB2-18FA-4F8D-95D4-32DDF27D184C}
		SccTeamFoundationServer = https://giesler.visualstudio.com/
		SccLocalPath0 = .
		SccProjectUniqueName1 = PurgeDuplicateJpgs\\PurgeDuplicateJpgs.csproj
		SccProjectName1 = PurgeDuplicateJpgs
		SccLocalPath1 = PurgeDuplicateJpgs
	EndGlobalSection
EndGlobal
