
Microsoft Visual Studio Solution File, Format Version 9.00
# Visual Studio 2005
Project("{FAE04EC0-301F-11D3-BF4B-00C04F79EFBC}") = "WinFormClient", "WinFormClient.csproj", "{344CEB9F-C14F-498D-958C-6B503E47AF5A}"
EndProject
Global
	GlobalSection(SourceCodeControl) = preSolution
		SccNumberOfProjects = 2
		SccProviderRegKey = Software\Microsoft\SourceSafe
		SccLocalPath0 = .
		CanCheckoutShared = false
		SolutionUniqueID = {7FA618E4-9E4E-4A6D-802B-5D0FF8A2C0D2}
		SccProjectUniqueName1 = WinFormClient.csproj
		SccLocalPath1 = .
		CanCheckoutShared = false
	EndGlobalSection
	GlobalSection(SolutionConfigurationPlatforms) = preSolution
		Debug|Any CPU = Debug|Any CPU
		Release|Any CPU = Release|Any CPU
	EndGlobalSection
	GlobalSection(ProjectConfigurationPlatforms) = postSolution
		{344CEB9F-C14F-498D-958C-6B503E47AF5A}.Debug|Any CPU.ActiveCfg = Debug|Any CPU
		{344CEB9F-C14F-498D-958C-6B503E47AF5A}.Debug|Any CPU.Build.0 = Debug|Any CPU
		{344CEB9F-C14F-498D-958C-6B503E47AF5A}.Release|Any CPU.ActiveCfg = Release|Any CPU
		{344CEB9F-C14F-498D-958C-6B503E47AF5A}.Release|Any CPU.Build.0 = Release|Any CPU
	EndGlobalSection
	GlobalSection(SolutionProperties) = preSolution
		HideSolutionNode = FALSE
	EndGlobalSection
EndGlobal
