
Microsoft Visual Studio Solution File, Format Version 11.00
# Visual Studio 2010
Project("{FAE04EC0-301F-11D3-BF4B-00C04F79EFBC}") = "ListServices", "ListServices\ListServices.csproj", "{34776231-5CCB-4DE2-8C81-1F7C3CDDFC8E}"
EndProject
Project("{FAE04EC0-301F-11D3-BF4B-00C04F79EFBC}") = "ListServiceSite", "ListServiceSite\ListServiceSite.csproj", "{ED347463-382E-4C20-A33F-741D851D9327}"
EndProject
Project("{FAE04EC0-301F-11D3-BF4B-00C04F79EFBC}") = "ListWeb", "ListWeb\ListWeb.csproj", "{7451A1A1-67F6-4A79-8934-3338E8EAA870}"
EndProject
Project("{FAE04EC0-301F-11D3-BF4B-00C04F79EFBC}") = "ListWinPhone", "ListWinPhone\ListWinPhone.csproj", "{4AC053EE-389A-4133-9182-964175002B35}"
EndProject
Project("{FAE04EC0-301F-11D3-BF4B-00C04F79EFBC}") = "Microsoft.Live", "..\Externals\Microsoft.Live\Microsoft.Live.csproj", "{E8FD7F2E-723B-4B1F-8C8D-4875E9831E1D}"
EndProject
Project("{FAE04EC0-301F-11D3-BF4B-00C04F79EFBC}") = "System.Data.Services.Client", "..\Externals\System.Data.Services.Client\System.Data.Services.Client.csproj", "{5BCABA9D-F44C-458A-BE85-0BD69EEC2E4F}"
EndProject
Global
	GlobalSection(TeamFoundationVersionControl) = preSolution
		SccNumberOfProjects = 7
		SccEnterpriseProvider = {4CA58AB2-18FA-4F8D-95D4-32DDF27D184C}
		SccTeamFoundationServer = http://kenny:8080/tfs/main
		SccLocalPath0 = .
		SccProjectUniqueName1 = ListServices\\ListServices.csproj
		SccProjectName1 = ListServices
		SccLocalPath1 = ListServices
		SccProjectUniqueName2 = ListServiceSite\\ListServiceSite.csproj
		SccProjectName2 = ListServiceSite
		SccLocalPath2 = ListServiceSite
		SccProjectUniqueName3 = ListWinPhone\\ListWinPhone.csproj
		SccProjectName3 = ListWinPhone
		SccLocalPath3 = ListWinPhone
		SccProjectUniqueName4 = ListWeb\\ListWeb.csproj
		SccProjectName4 = ListWeb
		SccLocalPath4 = ListWeb
		SccProjectUniqueName5 = ..\\Externals\\Microsoft.Live\\Microsoft.Live.csproj
		SccProjectName5 = ../Externals/Microsoft.Live
		SccLocalPath5 = ..\\Externals\\Microsoft.Live
		SccProjectUniqueName6 = ..\\Externals\\System.Data.Services.Client\\System.Data.Services.Client.csproj
		SccProjectName6 = ../Externals/System.Data.Services.Client
		SccLocalPath6 = ..\\Externals\\System.Data.Services.Client
	EndGlobalSection
	GlobalSection(SolutionConfigurationPlatforms) = preSolution
		Debug|Any CPU = Debug|Any CPU
		DebugMobileOnly|Any CPU = DebugMobileOnly|Any CPU
		DebugSite|Any CPU = DebugSite|Any CPU
		DebugTrayOnly|Any CPU = DebugTrayOnly|Any CPU
		Release|Any CPU = Release|Any CPU
	EndGlobalSection
	GlobalSection(ProjectConfigurationPlatforms) = postSolution
		{34776231-5CCB-4DE2-8C81-1F7C3CDDFC8E}.Debug|Any CPU.ActiveCfg = Debug|Any CPU
		{34776231-5CCB-4DE2-8C81-1F7C3CDDFC8E}.Debug|Any CPU.Build.0 = Debug|Any CPU
		{34776231-5CCB-4DE2-8C81-1F7C3CDDFC8E}.DebugMobileOnly|Any CPU.ActiveCfg = Debug|Any CPU
		{34776231-5CCB-4DE2-8C81-1F7C3CDDFC8E}.DebugMobileOnly|Any CPU.Build.0 = Debug|Any CPU
		{34776231-5CCB-4DE2-8C81-1F7C3CDDFC8E}.DebugSite|Any CPU.ActiveCfg = Debug|Any CPU
		{34776231-5CCB-4DE2-8C81-1F7C3CDDFC8E}.DebugSite|Any CPU.Build.0 = Debug|Any CPU
		{34776231-5CCB-4DE2-8C81-1F7C3CDDFC8E}.DebugTrayOnly|Any CPU.ActiveCfg = Debug|Any CPU
		{34776231-5CCB-4DE2-8C81-1F7C3CDDFC8E}.DebugTrayOnly|Any CPU.Build.0 = Debug|Any CPU
		{34776231-5CCB-4DE2-8C81-1F7C3CDDFC8E}.Release|Any CPU.ActiveCfg = Release|Any CPU
		{34776231-5CCB-4DE2-8C81-1F7C3CDDFC8E}.Release|Any CPU.Build.0 = Release|Any CPU
		{ED347463-382E-4C20-A33F-741D851D9327}.Debug|Any CPU.ActiveCfg = Debug|Any CPU
		{ED347463-382E-4C20-A33F-741D851D9327}.Debug|Any CPU.Build.0 = Debug|Any CPU
		{ED347463-382E-4C20-A33F-741D851D9327}.DebugMobileOnly|Any CPU.ActiveCfg = DebugMobileOnly|Any CPU
		{ED347463-382E-4C20-A33F-741D851D9327}.DebugMobileOnly|Any CPU.Build.0 = DebugMobileOnly|Any CPU
		{ED347463-382E-4C20-A33F-741D851D9327}.DebugSite|Any CPU.ActiveCfg = DebugSite|Any CPU
		{ED347463-382E-4C20-A33F-741D851D9327}.DebugSite|Any CPU.Build.0 = DebugSite|Any CPU
		{ED347463-382E-4C20-A33F-741D851D9327}.DebugTrayOnly|Any CPU.ActiveCfg = DebugTrayOnly|Any CPU
		{ED347463-382E-4C20-A33F-741D851D9327}.DebugTrayOnly|Any CPU.Build.0 = DebugTrayOnly|Any CPU
		{ED347463-382E-4C20-A33F-741D851D9327}.Release|Any CPU.ActiveCfg = Release|Any CPU
		{ED347463-382E-4C20-A33F-741D851D9327}.Release|Any CPU.Build.0 = Release|Any CPU
		{7451A1A1-67F6-4A79-8934-3338E8EAA870}.Debug|Any CPU.ActiveCfg = Debug|Any CPU
		{7451A1A1-67F6-4A79-8934-3338E8EAA870}.Debug|Any CPU.Build.0 = Debug|Any CPU
		{7451A1A1-67F6-4A79-8934-3338E8EAA870}.DebugMobileOnly|Any CPU.ActiveCfg = Debug|Any CPU
		{7451A1A1-67F6-4A79-8934-3338E8EAA870}.DebugMobileOnly|Any CPU.Build.0 = Debug|Any CPU
		{7451A1A1-67F6-4A79-8934-3338E8EAA870}.DebugSite|Any CPU.ActiveCfg = Debug|Any CPU
		{7451A1A1-67F6-4A79-8934-3338E8EAA870}.DebugSite|Any CPU.Build.0 = Debug|Any CPU
		{7451A1A1-67F6-4A79-8934-3338E8EAA870}.DebugTrayOnly|Any CPU.ActiveCfg = Debug|Any CPU
		{7451A1A1-67F6-4A79-8934-3338E8EAA870}.DebugTrayOnly|Any CPU.Build.0 = Debug|Any CPU
		{7451A1A1-67F6-4A79-8934-3338E8EAA870}.Release|Any CPU.ActiveCfg = Release|Any CPU
		{7451A1A1-67F6-4A79-8934-3338E8EAA870}.Release|Any CPU.Build.0 = Release|Any CPU
		{4AC053EE-389A-4133-9182-964175002B35}.Debug|Any CPU.ActiveCfg = Debug|Any CPU
		{4AC053EE-389A-4133-9182-964175002B35}.Debug|Any CPU.Build.0 = Debug|Any CPU
		{4AC053EE-389A-4133-9182-964175002B35}.Debug|Any CPU.Deploy.0 = Debug|Any CPU
		{4AC053EE-389A-4133-9182-964175002B35}.DebugMobileOnly|Any CPU.ActiveCfg = Debug|Any CPU
		{4AC053EE-389A-4133-9182-964175002B35}.DebugMobileOnly|Any CPU.Build.0 = Debug|Any CPU
		{4AC053EE-389A-4133-9182-964175002B35}.DebugMobileOnly|Any CPU.Deploy.0 = Debug|Any CPU
		{4AC053EE-389A-4133-9182-964175002B35}.DebugSite|Any CPU.ActiveCfg = Debug|Any CPU
		{4AC053EE-389A-4133-9182-964175002B35}.DebugSite|Any CPU.Build.0 = Debug|Any CPU
		{4AC053EE-389A-4133-9182-964175002B35}.DebugSite|Any CPU.Deploy.0 = Debug|Any CPU
		{4AC053EE-389A-4133-9182-964175002B35}.DebugTrayOnly|Any CPU.ActiveCfg = Debug|Any CPU
		{4AC053EE-389A-4133-9182-964175002B35}.DebugTrayOnly|Any CPU.Build.0 = Debug|Any CPU
		{4AC053EE-389A-4133-9182-964175002B35}.DebugTrayOnly|Any CPU.Deploy.0 = Debug|Any CPU
		{4AC053EE-389A-4133-9182-964175002B35}.Release|Any CPU.ActiveCfg = Release|Any CPU
		{4AC053EE-389A-4133-9182-964175002B35}.Release|Any CPU.Build.0 = Release|Any CPU
		{4AC053EE-389A-4133-9182-964175002B35}.Release|Any CPU.Deploy.0 = Release|Any CPU
		{E8FD7F2E-723B-4B1F-8C8D-4875E9831E1D}.Debug|Any CPU.ActiveCfg = Debug|Any CPU
		{E8FD7F2E-723B-4B1F-8C8D-4875E9831E1D}.Debug|Any CPU.Build.0 = Debug|Any CPU
		{E8FD7F2E-723B-4B1F-8C8D-4875E9831E1D}.DebugMobileOnly|Any CPU.ActiveCfg = Debug|Any CPU
		{E8FD7F2E-723B-4B1F-8C8D-4875E9831E1D}.DebugMobileOnly|Any CPU.Build.0 = Debug|Any CPU
		{E8FD7F2E-723B-4B1F-8C8D-4875E9831E1D}.DebugSite|Any CPU.ActiveCfg = Debug|Any CPU
		{E8FD7F2E-723B-4B1F-8C8D-4875E9831E1D}.DebugSite|Any CPU.Build.0 = Debug|Any CPU
		{E8FD7F2E-723B-4B1F-8C8D-4875E9831E1D}.DebugTrayOnly|Any CPU.ActiveCfg = Debug|Any CPU
		{E8FD7F2E-723B-4B1F-8C8D-4875E9831E1D}.DebugTrayOnly|Any CPU.Build.0 = Debug|Any CPU
		{E8FD7F2E-723B-4B1F-8C8D-4875E9831E1D}.Release|Any CPU.ActiveCfg = Release|Any CPU
		{E8FD7F2E-723B-4B1F-8C8D-4875E9831E1D}.Release|Any CPU.Build.0 = Release|Any CPU
		{5BCABA9D-F44C-458A-BE85-0BD69EEC2E4F}.Debug|Any CPU.ActiveCfg = Debug|Any CPU
		{5BCABA9D-F44C-458A-BE85-0BD69EEC2E4F}.Debug|Any CPU.Build.0 = Debug|Any CPU
		{5BCABA9D-F44C-458A-BE85-0BD69EEC2E4F}.DebugMobileOnly|Any CPU.ActiveCfg = Debug|Any CPU
		{5BCABA9D-F44C-458A-BE85-0BD69EEC2E4F}.DebugMobileOnly|Any CPU.Build.0 = Debug|Any CPU
		{5BCABA9D-F44C-458A-BE85-0BD69EEC2E4F}.DebugSite|Any CPU.ActiveCfg = Debug|Any CPU
		{5BCABA9D-F44C-458A-BE85-0BD69EEC2E4F}.DebugSite|Any CPU.Build.0 = Debug|Any CPU
		{5BCABA9D-F44C-458A-BE85-0BD69EEC2E4F}.DebugTrayOnly|Any CPU.ActiveCfg = Debug|Any CPU
		{5BCABA9D-F44C-458A-BE85-0BD69EEC2E4F}.DebugTrayOnly|Any CPU.Build.0 = Debug|Any CPU
		{5BCABA9D-F44C-458A-BE85-0BD69EEC2E4F}.Release|Any CPU.ActiveCfg = Release|Any CPU
		{5BCABA9D-F44C-458A-BE85-0BD69EEC2E4F}.Release|Any CPU.Build.0 = Release|Any CPU
	EndGlobalSection
	GlobalSection(SolutionProperties) = preSolution
		HideSolutionNode = FALSE
	EndGlobalSection
EndGlobal
