Microsoft Visual Studio Solution File, Format Version 9.00
# Visual Studio 2005
Project("{FAE04EC0-301F-11D3-BF4B-00C04F79EFBC}") = "Console", "Console\Console.csproj", "{45988AEB-8FB0-4964-93FE-43CCC7713511}"
EndProject
Project("{FAE04EC0-301F-11D3-BF4B-00C04F79EFBC}") = "Controls", "Controls\Controls.csproj", "{270EC567-4AB7-49F1-9466-D1BA35F704FD}"
EndProject
Project("{FAE04EC0-301F-11D3-BF4B-00C04F79EFBC}") = "Common", "Common\Common.csproj", "{A267194C-A021-4267-A491-AD3919394F9A}"
EndProject
Project("{FAE04EC0-301F-11D3-BF4B-00C04F79EFBC}") = "Configuration", "Configuration\Configuration.csproj", "{61D00AAB-949C-4C7F-91E1-ACDCA53DD19E}"
EndProject
Project("{FAE04EC0-301F-11D3-BF4B-00C04F79EFBC}") = "QueuePlayer.Client", "QueuePlayer\main\Client\QueuePlayer.Client.csproj", "{C65B9943-58E6-4489-A48D-A77092CD4C95}"
EndProject
Project("{FAE04EC0-301F-11D3-BF4B-00C04F79EFBC}") = "QueuePlayer.Speaker", "QueuePlayer\main\Player\QueuePlayer.Speaker.csproj", "{78A62CF6-6EAF-42D7-9228-A7FF2C5342A9}"
EndProject
Project("{FAE04EC0-301F-11D3-BF4B-00C04F79EFBC}") = "QueuePlayer.Shared", "QueuePlayer\main\Shared\QueuePlayer.Shared.csproj", "{991038DB-5672-4709-88B9-A7453312CCF6}"
EndProject
Project("{FAE04EC0-301F-11D3-BF4B-00C04F79EFBC}") = "QueuePlayer.Server", "QueuePlayer\main\Server\QueuePlayer.Server.csproj", "{7103E5AD-756D-4D71-A557-74C615B75475}"
EndProject
Project("{FAE04EC0-301F-11D3-BF4B-00C04F79EFBC}") = "QueuePlayer.SpeakerHost", "QueuePlayer\main\PlayerHost\QueuePlayer.SpeakerHost.csproj", "{E3954411-1DFB-4ED5-8C85-AB49DF6D1DF4}"
EndProject
Project("{FAE04EC0-301F-11D3-BF4B-00C04F79EFBC}") = "QueuePlayerApp", "QueuePlayer\main\QueuePlayerApp\QueuePlayerApp.csproj", "{DEBDFCBF-38A8-4AC0-920E-85D1EF7C779C}"
EndProject
Project("{FAE04EC0-301F-11D3-BF4B-00C04F79EFBC}") = "QueuePlayer.ServerHost", "QueuePlayer\main\ServerHost\QueuePlayer.ServerHost.csproj", "{7FE8E12B-4150-469E-B733-0EE68271EF69}"
EndProject
Project("{FAE04EC0-301F-11D3-BF4B-00C04F79EFBC}") = "DirectXPlayer", "QueuePlayer\DirectXPlayer\DirectXPlayer.csproj", "{FA24EC8D-1927-4D9C-8796-02D715D7047E}"
EndProject
Global
	GlobalSection(TeamFoundationVersionControl) = preSolution
		SccNumberOfProjects = 12
		SccProviderRegKey = Software\Microsoft\SourceSafe
		SccProjectUniqueName0 = Console\\Console.csproj
		SccProjectName0 = \u0022$/msn2.net/Console\u0022,\u0020PTNAAAAA
		SccLocalPath0 = Console
		SccProvider0 = MSSCCI:Microsoft\u0020Visual\u0020SourceSafe
		SccProjectUniqueName1 = Controls\\Controls.csproj
		SccProjectName1 = \u0022$/msn2.net/Controls\u0022,\u0020RTNAAAAA
		SccLocalPath1 = Controls
		SccProvider1 = MSSCCI:Microsoft\u0020Visual\u0020SourceSafe
		SccProjectUniqueName2 = Common\\Common.csproj
		SccProjectName2 = \u0022$/msn2.net/Common\u0022,\u0020JWNAAAAA
		SccLocalPath2 = Common
		SccProvider2 = MSSCCI:Microsoft\u0020Visual\u0020SourceSafe
		SccProjectUniqueName3 = Configuration\\Configuration.csproj
		SccProjectName3 = \u0022$/msn2.net/Configuration\u0022,\u0020NTNAAAAA
		SccLocalPath3 = Configuration
		SccProvider3 = MSSCCI:Microsoft\u0020Visual\u0020SourceSafe
		SccProjectUniqueName4 = QueuePlayer\\main\\Client\\QueuePlayer.Client.csproj
		SccProjectName4 = \u0022$/msn2.net/QueuePlayer/main/Client\u0022,\u0020RWNAAAAA
		SccLocalPath4 = QueuePlayer\\main\\Client
		SccProvider4 = MSSCCI:Microsoft\u0020Visual\u0020SourceSafe
		SccProjectUniqueName5 = QueuePlayer\\main\\Player\\QueuePlayer.Speaker.csproj
		SccProjectName5 = \u0022$/msn2.net/QueuePlayer/main/Player\u0022,\u0020TWNAAAAA
		SccLocalPath5 = QueuePlayer\\main\\Player
		SccProvider5 = MSSCCI:Microsoft\u0020Visual\u0020SourceSafe
		SccProjectUniqueName6 = QueuePlayer\\main\\Shared\\QueuePlayer.Shared.csproj
		SccProjectName6 = \u0022$/msn2.net/QueuePlayer/main/Shared\u0022,\u0020BXNAAAAA
		SccLocalPath6 = QueuePlayer\\main\\Shared
		SccProvider6 = MSSCCI:Microsoft\u0020Visual\u0020SourceSafe
		SccProjectUniqueName7 = QueuePlayer\\main\\Server\\QueuePlayer.Server.csproj
		SccProjectName7 = \u0022$/msn2.net/QueuePlayer/main/Server\u0022,\u0020XWNAAAAA
		SccLocalPath7 = QueuePlayer\\main\\Server
		SccProvider7 = MSSCCI:Microsoft\u0020Visual\u0020SourceSafe
		SccProjectUniqueName8 = QueuePlayer\\main\\PlayerHost\\QueuePlayer.SpeakerHost.csproj
		SccProjectName8 = \u0022$/msn2.net/QueuePlayer/main/PlayerHost\u0022,\u0020VWNAAAAA
		SccLocalPath8 = QueuePlayer\\main\\PlayerHost
		SccProvider8 = MSSCCI:Microsoft\u0020Visual\u0020SourceSafe
		SccProjectUniqueName9 = QueuePlayer\\main\\QueuePlayerApp\\QueuePlayerApp.csproj
		SccProjectName9 = \u0022$/msn2.net/QueuePlayer/main/QueuePlayerApp\u0022,\u0020CDOAAAAA
		SccLocalPath9 = QueuePlayer\\main\\QueuePlayerApp
		SccProvider9 = MSSCCI:Microsoft\u0020Visual\u0020SourceSafe
		SccProjectUniqueName10 = QueuePlayer\\main\\ServerHost\\QueuePlayer.ServerHost.csproj
		SccProjectName10 = \u0022$/msn2.net/QueuePlayer/main/ServerHost\u0022,\u0020ZWNAAAAA
		SccLocalPath10 = QueuePlayer\\main\\ServerHost
		SccProvider10 = MSSCCI:Microsoft\u0020Visual\u0020SourceSafe
		SccProjectUniqueName11 = QueuePlayer\\DirectXPlayer\\DirectXPlayer.csproj
		SccProjectName11 = \u0022$/msn2.net/QueuePlayer/DirectXPlayer\u0022,\u0020KBOAAAAA
		SccLocalPath11 = QueuePlayer\\DirectXPlayer
		SccProvider11 = MSSCCI:Microsoft\u0020Visual\u0020SourceSafe
	EndGlobalSection
	GlobalSection(SolutionConfigurationPlatforms) = preSolution
		Debug|Any CPU = Debug|Any CPU
		Release|Any CPU = Release|Any CPU
	EndGlobalSection
	GlobalSection(ProjectConfigurationPlatforms) = postSolution
		{45988AEB-8FB0-4964-93FE-43CCC7713511}.Debug|Any CPU.ActiveCfg = Debug|Any CPU
		{45988AEB-8FB0-4964-93FE-43CCC7713511}.Debug|Any CPU.Build.0 = Debug|Any CPU
		{45988AEB-8FB0-4964-93FE-43CCC7713511}.Release|Any CPU.ActiveCfg = Release|Any CPU
		{45988AEB-8FB0-4964-93FE-43CCC7713511}.Release|Any CPU.Build.0 = Release|Any CPU
		{270EC567-4AB7-49F1-9466-D1BA35F704FD}.Debug|Any CPU.ActiveCfg = Debug|Any CPU
		{270EC567-4AB7-49F1-9466-D1BA35F704FD}.Debug|Any CPU.Build.0 = Debug|Any CPU
		{270EC567-4AB7-49F1-9466-D1BA35F704FD}.Release|Any CPU.ActiveCfg = Release|Any CPU
		{270EC567-4AB7-49F1-9466-D1BA35F704FD}.Release|Any CPU.Build.0 = Release|Any CPU
		{A267194C-A021-4267-A491-AD3919394F9A}.Debug|Any CPU.ActiveCfg = Debug|Any CPU
		{A267194C-A021-4267-A491-AD3919394F9A}.Debug|Any CPU.Build.0 = Debug|Any CPU
		{A267194C-A021-4267-A491-AD3919394F9A}.Release|Any CPU.ActiveCfg = Release|Any CPU
		{A267194C-A021-4267-A491-AD3919394F9A}.Release|Any CPU.Build.0 = Release|Any CPU
		{61D00AAB-949C-4C7F-91E1-ACDCA53DD19E}.Debug|Any CPU.ActiveCfg = Debug|Any CPU
		{61D00AAB-949C-4C7F-91E1-ACDCA53DD19E}.Debug|Any CPU.Build.0 = Debug|Any CPU
		{61D00AAB-949C-4C7F-91E1-ACDCA53DD19E}.Release|Any CPU.ActiveCfg = Release|Any CPU
		{61D00AAB-949C-4C7F-91E1-ACDCA53DD19E}.Release|Any CPU.Build.0 = Release|Any CPU
		{C65B9943-58E6-4489-A48D-A77092CD4C95}.Debug|Any CPU.ActiveCfg = Debug|Any CPU
		{C65B9943-58E6-4489-A48D-A77092CD4C95}.Debug|Any CPU.Build.0 = Debug|Any CPU
		{C65B9943-58E6-4489-A48D-A77092CD4C95}.Release|Any CPU.ActiveCfg = Release|Any CPU
		{C65B9943-58E6-4489-A48D-A77092CD4C95}.Release|Any CPU.Build.0 = Release|Any CPU
		{78A62CF6-6EAF-42D7-9228-A7FF2C5342A9}.Debug|Any CPU.ActiveCfg = Debug|Any CPU
		{78A62CF6-6EAF-42D7-9228-A7FF2C5342A9}.Debug|Any CPU.Build.0 = Debug|Any CPU
		{78A62CF6-6EAF-42D7-9228-A7FF2C5342A9}.Release|Any CPU.ActiveCfg = Release|Any CPU
		{78A62CF6-6EAF-42D7-9228-A7FF2C5342A9}.Release|Any CPU.Build.0 = Release|Any CPU
		{991038DB-5672-4709-88B9-A7453312CCF6}.Debug|Any CPU.ActiveCfg = Debug|Any CPU
		{991038DB-5672-4709-88B9-A7453312CCF6}.Debug|Any CPU.Build.0 = Debug|Any CPU
		{991038DB-5672-4709-88B9-A7453312CCF6}.Release|Any CPU.ActiveCfg = Release|Any CPU
		{991038DB-5672-4709-88B9-A7453312CCF6}.Release|Any CPU.Build.0 = Release|Any CPU
		{7103E5AD-756D-4D71-A557-74C615B75475}.Debug|Any CPU.ActiveCfg = Debug|Any CPU
		{7103E5AD-756D-4D71-A557-74C615B75475}.Debug|Any CPU.Build.0 = Debug|Any CPU
		{7103E5AD-756D-4D71-A557-74C615B75475}.Release|Any CPU.ActiveCfg = Release|Any CPU
		{7103E5AD-756D-4D71-A557-74C615B75475}.Release|Any CPU.Build.0 = Release|Any CPU
		{E3954411-1DFB-4ED5-8C85-AB49DF6D1DF4}.Debug|Any CPU.ActiveCfg = Debug|Any CPU
		{E3954411-1DFB-4ED5-8C85-AB49DF6D1DF4}.Debug|Any CPU.Build.0 = Debug|Any CPU
		{E3954411-1DFB-4ED5-8C85-AB49DF6D1DF4}.Release|Any CPU.ActiveCfg = Release|Any CPU
		{E3954411-1DFB-4ED5-8C85-AB49DF6D1DF4}.Release|Any CPU.Build.0 = Release|Any CPU
		{DEBDFCBF-38A8-4AC0-920E-85D1EF7C779C}.Debug|Any CPU.ActiveCfg = Debug|Any CPU
		{DEBDFCBF-38A8-4AC0-920E-85D1EF7C779C}.Debug|Any CPU.Build.0 = Debug|Any CPU
		{DEBDFCBF-38A8-4AC0-920E-85D1EF7C779C}.Release|Any CPU.ActiveCfg = Release|Any CPU
		{DEBDFCBF-38A8-4AC0-920E-85D1EF7C779C}.Release|Any CPU.Build.0 = Release|Any CPU
		{7FE8E12B-4150-469E-B733-0EE68271EF69}.Debug|Any CPU.ActiveCfg = Debug|Any CPU
		{7FE8E12B-4150-469E-B733-0EE68271EF69}.Debug|Any CPU.Build.0 = Debug|Any CPU
		{7FE8E12B-4150-469E-B733-0EE68271EF69}.Release|Any CPU.ActiveCfg = Release|Any CPU
		{7FE8E12B-4150-469E-B733-0EE68271EF69}.Release|Any CPU.Build.0 = Release|Any CPU
		{FA24EC8D-1927-4D9C-8796-02D715D7047E}.Debug|Any CPU.ActiveCfg = Debug|Any CPU
		{FA24EC8D-1927-4D9C-8796-02D715D7047E}.Debug|Any CPU.Build.0 = Debug|Any CPU
		{FA24EC8D-1927-4D9C-8796-02D715D7047E}.Release|Any CPU.ActiveCfg = Release|Any CPU
		{FA24EC8D-1927-4D9C-8796-02D715D7047E}.Release|Any CPU.Build.0 = Release|Any CPU
	EndGlobalSection
	GlobalSection(SolutionProperties) = preSolution
		HideSolutionNode = FALSE
	EndGlobalSection
EndGlobal
