
Microsoft Visual Studio Solution File, Format Version 12.00
# Visual Studio 14
VisualStudioVersion = 14.0.23107.0
MinimumVisualStudioVersion = 10.0.40219.1
Project("{FAE04EC0-301F-11D3-BF4B-00C04F79EFBC}") = "ListServices", "ListServices\ListServices.csproj", "{34776231-5CCB-4DE2-8C81-1F7C3CDDFC8E}"
EndProject
Project("{FAE04EC0-301F-11D3-BF4B-00C04F79EFBC}") = "ListServiceSite", "ListServiceSite\ListServiceSite.csproj", "{ED347463-382E-4C20-A33F-741D851D9327}"
EndProject
Project("{FAE04EC0-301F-11D3-BF4B-00C04F79EFBC}") = "ListWeb", "ListWeb\ListWeb.csproj", "{7451A1A1-67F6-4A79-8934-3338E8EAA870}"
EndProject
Project("{FAE04EC0-301F-11D3-BF4B-00C04F79EFBC}") = "ListWinPhone", "ListWinPhone\ListWinPhone.csproj", "{4AC053EE-389A-4133-9182-964175002B35}"
	ProjectSection(ProjectDependencies) = postProject
		{ED347463-382E-4C20-A33F-741D851D9327} = {ED347463-382E-4C20-A33F-741D851D9327}
	EndProjectSection
EndProject
Project("{FAE04EC0-301F-11D3-BF4B-00C04F79EFBC}") = "Microsoft.Live", "..\Externals\Microsoft.Live\Microsoft.Live.csproj", "{E8FD7F2E-723B-4B1F-8C8D-4875E9831E1D}"
EndProject
Project("{FAE04EC0-301F-11D3-BF4B-00C04F79EFBC}") = "System.Data.Services.Client", "..\Externals\System.Data.Services.Client\System.Data.Services.Client.csproj", "{5BCABA9D-F44C-458A-BE85-0BD69EEC2E4F}"
EndProject
Global
	GlobalSection(SolutionConfigurationPlatforms) = preSolution
		Debug|Any CPU = Debug|Any CPU
		Debug|ARM = Debug|ARM
		Debug|x86 = Debug|x86
		DebugMobileOnly|Any CPU = DebugMobileOnly|Any CPU
		DebugMobileOnly|ARM = DebugMobileOnly|ARM
		DebugMobileOnly|x86 = DebugMobileOnly|x86
		DebugSite|Any CPU = DebugSite|Any CPU
		DebugSite|ARM = DebugSite|ARM
		DebugSite|x86 = DebugSite|x86
		DebugTrayOnly|Any CPU = DebugTrayOnly|Any CPU
		DebugTrayOnly|ARM = DebugTrayOnly|ARM
		DebugTrayOnly|x86 = DebugTrayOnly|x86
		Release|Any CPU = Release|Any CPU
		Release|ARM = Release|ARM
		Release|x86 = Release|x86
	EndGlobalSection
	GlobalSection(ProjectConfigurationPlatforms) = postSolution
		{34776231-5CCB-4DE2-8C81-1F7C3CDDFC8E}.Debug|Any CPU.ActiveCfg = Debug|Any CPU
		{34776231-5CCB-4DE2-8C81-1F7C3CDDFC8E}.Debug|Any CPU.Build.0 = Debug|Any CPU
		{34776231-5CCB-4DE2-8C81-1F7C3CDDFC8E}.Debug|ARM.ActiveCfg = Debug|Any CPU
		{34776231-5CCB-4DE2-8C81-1F7C3CDDFC8E}.Debug|x86.ActiveCfg = Debug|Any CPU
		{34776231-5CCB-4DE2-8C81-1F7C3CDDFC8E}.DebugMobileOnly|Any CPU.ActiveCfg = Debug|Any CPU
		{34776231-5CCB-4DE2-8C81-1F7C3CDDFC8E}.DebugMobileOnly|Any CPU.Build.0 = Debug|Any CPU
		{34776231-5CCB-4DE2-8C81-1F7C3CDDFC8E}.DebugMobileOnly|ARM.ActiveCfg = Debug|Any CPU
		{34776231-5CCB-4DE2-8C81-1F7C3CDDFC8E}.DebugMobileOnly|x86.ActiveCfg = Debug|Any CPU
		{34776231-5CCB-4DE2-8C81-1F7C3CDDFC8E}.DebugSite|Any CPU.ActiveCfg = Debug|Any CPU
		{34776231-5CCB-4DE2-8C81-1F7C3CDDFC8E}.DebugSite|Any CPU.Build.0 = Debug|Any CPU
		{34776231-5CCB-4DE2-8C81-1F7C3CDDFC8E}.DebugSite|ARM.ActiveCfg = Debug|Any CPU
		{34776231-5CCB-4DE2-8C81-1F7C3CDDFC8E}.DebugSite|x86.ActiveCfg = Debug|Any CPU
		{34776231-5CCB-4DE2-8C81-1F7C3CDDFC8E}.DebugTrayOnly|Any CPU.ActiveCfg = Debug|Any CPU
		{34776231-5CCB-4DE2-8C81-1F7C3CDDFC8E}.DebugTrayOnly|Any CPU.Build.0 = Debug|Any CPU
		{34776231-5CCB-4DE2-8C81-1F7C3CDDFC8E}.DebugTrayOnly|ARM.ActiveCfg = Debug|Any CPU
		{34776231-5CCB-4DE2-8C81-1F7C3CDDFC8E}.DebugTrayOnly|x86.ActiveCfg = Debug|Any CPU
		{34776231-5CCB-4DE2-8C81-1F7C3CDDFC8E}.Release|Any CPU.ActiveCfg = Release|Any CPU
		{34776231-5CCB-4DE2-8C81-1F7C3CDDFC8E}.Release|Any CPU.Build.0 = Release|Any CPU
		{34776231-5CCB-4DE2-8C81-1F7C3CDDFC8E}.Release|ARM.ActiveCfg = Release|Any CPU
		{34776231-5CCB-4DE2-8C81-1F7C3CDDFC8E}.Release|x86.ActiveCfg = Release|Any CPU
		{ED347463-382E-4C20-A33F-741D851D9327}.Debug|Any CPU.ActiveCfg = Debug|Any CPU
		{ED347463-382E-4C20-A33F-741D851D9327}.Debug|Any CPU.Build.0 = Debug|Any CPU
		{ED347463-382E-4C20-A33F-741D851D9327}.Debug|ARM.ActiveCfg = Debug|Any CPU
		{ED347463-382E-4C20-A33F-741D851D9327}.Debug|x86.ActiveCfg = Debug|Any CPU
		{ED347463-382E-4C20-A33F-741D851D9327}.DebugMobileOnly|Any CPU.ActiveCfg = DebugMobileOnly|Any CPU
		{ED347463-382E-4C20-A33F-741D851D9327}.DebugMobileOnly|Any CPU.Build.0 = DebugMobileOnly|Any CPU
		{ED347463-382E-4C20-A33F-741D851D9327}.DebugMobileOnly|ARM.ActiveCfg = DebugMobileOnly|Any CPU
		{ED347463-382E-4C20-A33F-741D851D9327}.DebugMobileOnly|x86.ActiveCfg = DebugMobileOnly|Any CPU
		{ED347463-382E-4C20-A33F-741D851D9327}.DebugSite|Any CPU.ActiveCfg = DebugSite|Any CPU
		{ED347463-382E-4C20-A33F-741D851D9327}.DebugSite|ARM.ActiveCfg = DebugSite|Any CPU
		{ED347463-382E-4C20-A33F-741D851D9327}.DebugSite|x86.ActiveCfg = DebugSite|Any CPU
		{ED347463-382E-4C20-A33F-741D851D9327}.DebugTrayOnly|Any CPU.ActiveCfg = DebugTrayOnly|Any CPU
		{ED347463-382E-4C20-A33F-741D851D9327}.DebugTrayOnly|Any CPU.Build.0 = DebugTrayOnly|Any CPU
		{ED347463-382E-4C20-A33F-741D851D9327}.DebugTrayOnly|ARM.ActiveCfg = DebugTrayOnly|Any CPU
		{ED347463-382E-4C20-A33F-741D851D9327}.DebugTrayOnly|x86.ActiveCfg = DebugTrayOnly|Any CPU
		{ED347463-382E-4C20-A33F-741D851D9327}.Release|Any CPU.ActiveCfg = Release|Any CPU
		{ED347463-382E-4C20-A33F-741D851D9327}.Release|Any CPU.Build.0 = Release|Any CPU
		{ED347463-382E-4C20-A33F-741D851D9327}.Release|ARM.ActiveCfg = Release|Any CPU
		{ED347463-382E-4C20-A33F-741D851D9327}.Release|x86.ActiveCfg = Release|Any CPU
		{7451A1A1-67F6-4A79-8934-3338E8EAA870}.Debug|Any CPU.ActiveCfg = Debug|Any CPU
		{7451A1A1-67F6-4A79-8934-3338E8EAA870}.Debug|Any CPU.Build.0 = Debug|Any CPU
		{7451A1A1-67F6-4A79-8934-3338E8EAA870}.Debug|ARM.ActiveCfg = Debug|Any CPU
		{7451A1A1-67F6-4A79-8934-3338E8EAA870}.Debug|x86.ActiveCfg = Debug|Any CPU
		{7451A1A1-67F6-4A79-8934-3338E8EAA870}.DebugMobileOnly|Any CPU.ActiveCfg = Debug|Any CPU
		{7451A1A1-67F6-4A79-8934-3338E8EAA870}.DebugMobileOnly|Any CPU.Build.0 = Debug|Any CPU
		{7451A1A1-67F6-4A79-8934-3338E8EAA870}.DebugMobileOnly|ARM.ActiveCfg = Debug|Any CPU
		{7451A1A1-67F6-4A79-8934-3338E8EAA870}.DebugMobileOnly|x86.ActiveCfg = Debug|Any CPU
		{7451A1A1-67F6-4A79-8934-3338E8EAA870}.DebugSite|Any CPU.ActiveCfg = Debug|Any CPU
		{7451A1A1-67F6-4A79-8934-3338E8EAA870}.DebugSite|Any CPU.Build.0 = Debug|Any CPU
		{7451A1A1-67F6-4A79-8934-3338E8EAA870}.DebugSite|ARM.ActiveCfg = Debug|Any CPU
		{7451A1A1-67F6-4A79-8934-3338E8EAA870}.DebugSite|x86.ActiveCfg = Debug|Any CPU
		{7451A1A1-67F6-4A79-8934-3338E8EAA870}.DebugTrayOnly|Any CPU.ActiveCfg = Debug|Any CPU
		{7451A1A1-67F6-4A79-8934-3338E8EAA870}.DebugTrayOnly|Any CPU.Build.0 = Debug|Any CPU
		{7451A1A1-67F6-4A79-8934-3338E8EAA870}.DebugTrayOnly|ARM.ActiveCfg = Debug|Any CPU
		{7451A1A1-67F6-4A79-8934-3338E8EAA870}.DebugTrayOnly|x86.ActiveCfg = Debug|Any CPU
		{7451A1A1-67F6-4A79-8934-3338E8EAA870}.Release|Any CPU.ActiveCfg = Release|Any CPU
		{7451A1A1-67F6-4A79-8934-3338E8EAA870}.Release|Any CPU.Build.0 = Release|Any CPU
		{7451A1A1-67F6-4A79-8934-3338E8EAA870}.Release|ARM.ActiveCfg = Release|Any CPU
		{7451A1A1-67F6-4A79-8934-3338E8EAA870}.Release|x86.ActiveCfg = Release|Any CPU
		{4AC053EE-389A-4133-9182-964175002B35}.Debug|Any CPU.ActiveCfg = Debug|Any CPU
		{4AC053EE-389A-4133-9182-964175002B35}.Debug|Any CPU.Build.0 = Debug|Any CPU
		{4AC053EE-389A-4133-9182-964175002B35}.Debug|Any CPU.Deploy.0 = Debug|Any CPU
		{4AC053EE-389A-4133-9182-964175002B35}.Debug|ARM.ActiveCfg = Debug|ARM
		{4AC053EE-389A-4133-9182-964175002B35}.Debug|ARM.Build.0 = Debug|ARM
		{4AC053EE-389A-4133-9182-964175002B35}.Debug|ARM.Deploy.0 = Debug|ARM
		{4AC053EE-389A-4133-9182-964175002B35}.Debug|x86.ActiveCfg = Debug|x86
		{4AC053EE-389A-4133-9182-964175002B35}.Debug|x86.Build.0 = Debug|x86
		{4AC053EE-389A-4133-9182-964175002B35}.Debug|x86.Deploy.0 = Debug|x86
		{4AC053EE-389A-4133-9182-964175002B35}.DebugMobileOnly|Any CPU.ActiveCfg = Debug|Any CPU
		{4AC053EE-389A-4133-9182-964175002B35}.DebugMobileOnly|Any CPU.Build.0 = Debug|Any CPU
		{4AC053EE-389A-4133-9182-964175002B35}.DebugMobileOnly|Any CPU.Deploy.0 = Debug|Any CPU
		{4AC053EE-389A-4133-9182-964175002B35}.DebugMobileOnly|ARM.ActiveCfg = DebugMobileOnly|ARM
		{4AC053EE-389A-4133-9182-964175002B35}.DebugMobileOnly|ARM.Build.0 = DebugMobileOnly|ARM
		{4AC053EE-389A-4133-9182-964175002B35}.DebugMobileOnly|ARM.Deploy.0 = DebugMobileOnly|ARM
		{4AC053EE-389A-4133-9182-964175002B35}.DebugMobileOnly|x86.ActiveCfg = DebugMobileOnly|x86
		{4AC053EE-389A-4133-9182-964175002B35}.DebugMobileOnly|x86.Build.0 = DebugMobileOnly|x86
		{4AC053EE-389A-4133-9182-964175002B35}.DebugMobileOnly|x86.Deploy.0 = DebugMobileOnly|x86
		{4AC053EE-389A-4133-9182-964175002B35}.DebugSite|Any CPU.ActiveCfg = Debug|Any CPU
		{4AC053EE-389A-4133-9182-964175002B35}.DebugSite|ARM.ActiveCfg = DebugSite|ARM
		{4AC053EE-389A-4133-9182-964175002B35}.DebugSite|ARM.Build.0 = DebugSite|ARM
		{4AC053EE-389A-4133-9182-964175002B35}.DebugSite|ARM.Deploy.0 = DebugSite|ARM
		{4AC053EE-389A-4133-9182-964175002B35}.DebugSite|x86.ActiveCfg = DebugSite|x86
		{4AC053EE-389A-4133-9182-964175002B35}.DebugSite|x86.Build.0 = DebugSite|x86
		{4AC053EE-389A-4133-9182-964175002B35}.DebugSite|x86.Deploy.0 = DebugSite|x86
		{4AC053EE-389A-4133-9182-964175002B35}.DebugTrayOnly|Any CPU.ActiveCfg = Debug|Any CPU
		{4AC053EE-389A-4133-9182-964175002B35}.DebugTrayOnly|Any CPU.Build.0 = Debug|Any CPU
		{4AC053EE-389A-4133-9182-964175002B35}.DebugTrayOnly|Any CPU.Deploy.0 = Debug|Any CPU
		{4AC053EE-389A-4133-9182-964175002B35}.DebugTrayOnly|ARM.ActiveCfg = DebugTrayOnly|ARM
		{4AC053EE-389A-4133-9182-964175002B35}.DebugTrayOnly|ARM.Build.0 = DebugTrayOnly|ARM
		{4AC053EE-389A-4133-9182-964175002B35}.DebugTrayOnly|ARM.Deploy.0 = DebugTrayOnly|ARM
		{4AC053EE-389A-4133-9182-964175002B35}.DebugTrayOnly|x86.ActiveCfg = DebugTrayOnly|x86
		{4AC053EE-389A-4133-9182-964175002B35}.DebugTrayOnly|x86.Build.0 = DebugTrayOnly|x86
		{4AC053EE-389A-4133-9182-964175002B35}.DebugTrayOnly|x86.Deploy.0 = DebugTrayOnly|x86
		{4AC053EE-389A-4133-9182-964175002B35}.Release|Any CPU.ActiveCfg = Release|Any CPU
		{4AC053EE-389A-4133-9182-964175002B35}.Release|Any CPU.Build.0 = Release|Any CPU
		{4AC053EE-389A-4133-9182-964175002B35}.Release|Any CPU.Deploy.0 = Release|Any CPU
		{4AC053EE-389A-4133-9182-964175002B35}.Release|ARM.ActiveCfg = Release|ARM
		{4AC053EE-389A-4133-9182-964175002B35}.Release|ARM.Build.0 = Release|ARM
		{4AC053EE-389A-4133-9182-964175002B35}.Release|ARM.Deploy.0 = Release|ARM
		{4AC053EE-389A-4133-9182-964175002B35}.Release|x86.ActiveCfg = Release|x86
		{4AC053EE-389A-4133-9182-964175002B35}.Release|x86.Build.0 = Release|x86
		{4AC053EE-389A-4133-9182-964175002B35}.Release|x86.Deploy.0 = Release|x86
		{E8FD7F2E-723B-4B1F-8C8D-4875E9831E1D}.Debug|Any CPU.ActiveCfg = Debug|Any CPU
		{E8FD7F2E-723B-4B1F-8C8D-4875E9831E1D}.Debug|Any CPU.Build.0 = Debug|Any CPU
		{E8FD7F2E-723B-4B1F-8C8D-4875E9831E1D}.Debug|ARM.ActiveCfg = Debug|Any CPU
		{E8FD7F2E-723B-4B1F-8C8D-4875E9831E1D}.Debug|x86.ActiveCfg = Debug|Any CPU
		{E8FD7F2E-723B-4B1F-8C8D-4875E9831E1D}.DebugMobileOnly|Any CPU.ActiveCfg = Debug|Any CPU
		{E8FD7F2E-723B-4B1F-8C8D-4875E9831E1D}.DebugMobileOnly|Any CPU.Build.0 = Debug|Any CPU
		{E8FD7F2E-723B-4B1F-8C8D-4875E9831E1D}.DebugMobileOnly|ARM.ActiveCfg = Debug|Any CPU
		{E8FD7F2E-723B-4B1F-8C8D-4875E9831E1D}.DebugMobileOnly|x86.ActiveCfg = Debug|Any CPU
		{E8FD7F2E-723B-4B1F-8C8D-4875E9831E1D}.DebugSite|Any CPU.ActiveCfg = Debug|Any CPU
		{E8FD7F2E-723B-4B1F-8C8D-4875E9831E1D}.DebugSite|ARM.ActiveCfg = Debug|Any CPU
		{E8FD7F2E-723B-4B1F-8C8D-4875E9831E1D}.DebugSite|x86.ActiveCfg = Debug|Any CPU
		{E8FD7F2E-723B-4B1F-8C8D-4875E9831E1D}.DebugTrayOnly|Any CPU.ActiveCfg = Debug|Any CPU
		{E8FD7F2E-723B-4B1F-8C8D-4875E9831E1D}.DebugTrayOnly|Any CPU.Build.0 = Debug|Any CPU
		{E8FD7F2E-723B-4B1F-8C8D-4875E9831E1D}.DebugTrayOnly|ARM.ActiveCfg = Debug|Any CPU
		{E8FD7F2E-723B-4B1F-8C8D-4875E9831E1D}.DebugTrayOnly|x86.ActiveCfg = Debug|Any CPU
		{E8FD7F2E-723B-4B1F-8C8D-4875E9831E1D}.Release|Any CPU.ActiveCfg = Release|Any CPU
		{E8FD7F2E-723B-4B1F-8C8D-4875E9831E1D}.Release|Any CPU.Build.0 = Release|Any CPU
		{E8FD7F2E-723B-4B1F-8C8D-4875E9831E1D}.Release|ARM.ActiveCfg = Release|Any CPU
		{E8FD7F2E-723B-4B1F-8C8D-4875E9831E1D}.Release|x86.ActiveCfg = Release|Any CPU
		{5BCABA9D-F44C-458A-BE85-0BD69EEC2E4F}.Debug|Any CPU.ActiveCfg = Debug|Any CPU
		{5BCABA9D-F44C-458A-BE85-0BD69EEC2E4F}.Debug|Any CPU.Build.0 = Debug|Any CPU
		{5BCABA9D-F44C-458A-BE85-0BD69EEC2E4F}.Debug|ARM.ActiveCfg = Debug|Any CPU
		{5BCABA9D-F44C-458A-BE85-0BD69EEC2E4F}.Debug|x86.ActiveCfg = Debug|Any CPU
		{5BCABA9D-F44C-458A-BE85-0BD69EEC2E4F}.DebugMobileOnly|Any CPU.ActiveCfg = Debug|Any CPU
		{5BCABA9D-F44C-458A-BE85-0BD69EEC2E4F}.DebugMobileOnly|Any CPU.Build.0 = Debug|Any CPU
		{5BCABA9D-F44C-458A-BE85-0BD69EEC2E4F}.DebugMobileOnly|ARM.ActiveCfg = Debug|Any CPU
		{5BCABA9D-F44C-458A-BE85-0BD69EEC2E4F}.DebugMobileOnly|x86.ActiveCfg = Debug|Any CPU
		{5BCABA9D-F44C-458A-BE85-0BD69EEC2E4F}.DebugSite|Any CPU.ActiveCfg = Debug|Any CPU
		{5BCABA9D-F44C-458A-BE85-0BD69EEC2E4F}.DebugSite|ARM.ActiveCfg = Debug|Any CPU
		{5BCABA9D-F44C-458A-BE85-0BD69EEC2E4F}.DebugSite|x86.ActiveCfg = Debug|Any CPU
		{5BCABA9D-F44C-458A-BE85-0BD69EEC2E4F}.DebugTrayOnly|Any CPU.ActiveCfg = Debug|Any CPU
		{5BCABA9D-F44C-458A-BE85-0BD69EEC2E4F}.DebugTrayOnly|Any CPU.Build.0 = Debug|Any CPU
		{5BCABA9D-F44C-458A-BE85-0BD69EEC2E4F}.DebugTrayOnly|ARM.ActiveCfg = Debug|Any CPU
		{5BCABA9D-F44C-458A-BE85-0BD69EEC2E4F}.DebugTrayOnly|x86.ActiveCfg = Debug|Any CPU
		{5BCABA9D-F44C-458A-BE85-0BD69EEC2E4F}.Release|Any CPU.ActiveCfg = Release|Any CPU
		{5BCABA9D-F44C-458A-BE85-0BD69EEC2E4F}.Release|Any CPU.Build.0 = Release|Any CPU
		{5BCABA9D-F44C-458A-BE85-0BD69EEC2E4F}.Release|ARM.ActiveCfg = Release|Any CPU
		{5BCABA9D-F44C-458A-BE85-0BD69EEC2E4F}.Release|x86.ActiveCfg = Release|Any CPU
	EndGlobalSection
	GlobalSection(SolutionProperties) = preSolution
		HideSolutionNode = FALSE
	EndGlobalSection
	GlobalSection(TeamFoundationVersionControl) = preSolution
		SccNumberOfProjects = 7
		SccEnterpriseProvider = {4CA58AB2-18FA-4F8D-95D4-32DDF27D184C}
		SccTeamFoundationServer = https://giesler.visualstudio.com/defaultcollection
		SccLocalPath0 = .
		SccProjectUniqueName1 = ListWeb\\ListWeb.csproj
		SccProjectName1 = ListWeb
		SccLocalPath1 = ListWeb
		SccProjectUniqueName2 = ListServiceSite\\ListServiceSite.csproj
		SccProjectName2 = ListServiceSite
		SccLocalPath2 = ListServiceSite
		SccProjectUniqueName3 = ListServices\\ListServices.csproj
		SccProjectName3 = ListServices
		SccLocalPath3 = ListServices
		SccProjectUniqueName4 = ..\\Externals\\System.Data.Services.Client\\System.Data.Services.Client.csproj
		SccProjectName4 = ../Externals/System.Data.Services.Client
		SccLocalPath4 = ..\\Externals\\System.Data.Services.Client
		SccProjectUniqueName5 = ..\\Externals\\Microsoft.Live\\Microsoft.Live.csproj
		SccProjectName5 = ../Externals/Microsoft.Live
		SccLocalPath5 = ..\\Externals\\Microsoft.Live
		SccProjectUniqueName6 = ListWinPhone\\ListWinPhone.csproj
		SccProjectName6 = ListWinPhone
		SccLocalPath6 = ListWinPhone
	EndGlobalSection
EndGlobal
