Microsoft Visual Studio Solution File, Format Version 7.00
Project("{FAE04EC0-301F-11D3-BF4B-00C04F79EFBC}") = "XMServer", "XMServer.csproj", "{29E78195-AB61-4CAE-A4A4-0CF78561149E}"
	ProjectSection(ProjectDependencies) = postProject
	EndProjectSection
	ProjectSection(SolutionConfiguration) = postProject
		Release No-Service.ActiveCfg = Release No-Service|.NET
		Release No-Service.Build.0 = Release No-Service|.NET
		Debug No-Service.ActiveCfg = Debug Non-Service|.NET
		Debug No-Service.Build.0 = Debug Non-Service|.NET
		Debug.ActiveCfg = Debug|.NET
		Debug.Build.0 = Debug|.NET
		Release.ActiveCfg = Release|.NET
		Release.Build.0 = Release|.NET
	EndProjectSection
EndProject
Global
	GlobalSection(SourceCodeControl) = preSolution
		SccNumberOfProjects = 1
		SccProjectUniqueName0 = XMServer.csproj
		SccProjectName0 = \u0022$/XMedia/XMServer\u0022,\u0020WAAAAAAA
		SccLocalPath0 = .
		SccProvider0 = MSSCCI:SourceSafe
	EndGlobalSection
	GlobalSection(SolutionConfiguration) = preSolution
		ConfigName.0 = Release No-Service
		ConfigName.1 = Release
		ConfigName.2 = Debug
		ConfigName.3 = Debug No-Service
		DoSign = FALSE
	EndGlobalSection
	GlobalSection(ExtensibilityGlobals) = postSolution
	EndGlobalSection
	GlobalSection(ExtensibilityAddIns) = postSolution
	EndGlobalSection
EndGlobal
