Microsoft Visual Studio Solution File, Format Version 7.00
Project("{FAE04EC0-301F-11D3-BF4B-00C04F79EFBC}") = "QueuePlayer.Server", "Server\QueuePlayer.Server.csproj", "{7103E5AD-756D-4D71-A557-74C615B75475}"
EndProject
Project("{FAE04EC0-301F-11D3-BF4B-00C04F79EFBC}") = "QueuePlayer.ServerHost", "ServerHost\QueuePlayer.ServerHost.csproj", "{7FE8E12B-4150-469E-B733-0EE68271EF69}"
EndProject
Project("{FAE04EC0-301F-11D3-BF4B-00C04F79EFBC}") = "QueuePlayer.Client", "Client\QueuePlayer.Client.csproj", "{C65B9943-58E6-4489-A48D-A77092CD4C95}"
EndProject
Project("{FAE04EC0-301F-11D3-BF4B-00C04F79EFBC}") = "QueuePlayer.Shared", "Shared\QueuePlayer.Shared.csproj", "{991038DB-5672-4709-88B9-A7453312CCF6}"
EndProject
Project("{FAE04EC0-301F-11D3-BF4B-00C04F79EFBC}") = "QueuePlayer.SpeakerHost", "PlayerHost\QueuePlayer.SpeakerHost.csproj", "{E3954411-1DFB-4ED5-8C85-AB49DF6D1DF4}"
EndProject
Project("{FAE04EC0-301F-11D3-BF4B-00C04F79EFBC}") = "QueuePlayer.Speaker", "Player\QueuePlayer.Speaker.csproj", "{78A62CF6-6EAF-42D7-9228-A7FF2C5342A9}"
EndProject
Project("{FAE04EC0-301F-11D3-BF4B-00C04F79EFBC}") = "DirectXPlayer", "..\DirectXPlayer\DirectXPlayer.csproj", "{FA24EC8D-1927-4D9C-8796-02D715D7047E}"
EndProject
Project("{FAE04EC0-301F-11D3-BF4B-00C04F79EFBC}") = "Common", "..\..\Common\Common.csproj", "{A267194C-A021-4267-A491-AD3919394F9A}"
EndProject
Project("{FAE04EC0-301F-11D3-BF4B-00C04F79EFBC}") = "Controls", "..\..\Controls\Controls.csproj", "{270EC567-4AB7-49F1-9466-D1BA35F704FD}"
EndProject
Project("{FAE04EC0-301F-11D3-BF4B-00C04F79EFBC}") = "Configuration", "..\..\Configuration\Configuration.csproj", "{61D00AAB-949C-4C7F-91E1-ACDCA53DD19E}"
EndProject
Global
	GlobalSection(SourceCodeControl) = preSolution
		SccNumberOfProjects = 11
		SccLocalPath0 = .
		CanCheckoutShared = false
		SolutionUniqueID = {BBA91EA9-D29E-443A-80C6-37410388E876}
		SccProjectUniqueName1 = Client\\QueuePlayer.Client.csproj
		SccLocalPath1 = .
		CanCheckoutShared = false
		SccProjectFilePathRelativizedFromConnection1 = Client\\
		SccProjectUniqueName2 = Player\\QueuePlayer.Speaker.csproj
		SccLocalPath2 = .
		CanCheckoutShared = false
		SccProjectFilePathRelativizedFromConnection2 = Player\\
		SccProjectUniqueName3 = PlayerHost\\QueuePlayer.SpeakerHost.csproj
		SccLocalPath3 = .
		CanCheckoutShared = false
		SccProjectFilePathRelativizedFromConnection3 = PlayerHost\\
		SccProjectUniqueName4 = Server\\QueuePlayer.Server.csproj
		SccLocalPath4 = .
		CanCheckoutShared = false
		SccProjectFilePathRelativizedFromConnection4 = Server\\
		SccProjectUniqueName5 = ServerHost\\QueuePlayer.ServerHost.csproj
		SccLocalPath5 = .
		CanCheckoutShared = false
		SccProjectFilePathRelativizedFromConnection5 = ServerHost\\
		SccProjectUniqueName6 = Shared\\QueuePlayer.Shared.csproj
		SccLocalPath6 = .
		CanCheckoutShared = false
		SccProjectFilePathRelativizedFromConnection6 = Shared\\
		SccProjectUniqueName7 = ..\\DirectXPlayer\\DirectXPlayer.csproj
		SccProjectName7 = \u0022$/msn2.net/QueuePlayer/DirectXPlayer\u0022,\u0020KBOAAAAA
		SccLocalPath7 = ..\\DirectXPlayer
		CanCheckoutShared = false
		SccProjectUniqueName8 = ..\\..\\Common\\Common.csproj
		SccProjectName8 = \u0022$/msn2.net/Common\u0022,\u0020JWNAAAAA
		SccLocalPath8 = ..\\..\\Common
		CanCheckoutShared = false
		SccProjectUniqueName9 = ..\\..\\Controls\\Controls.csproj
		SccProjectName9 = \u0022$/msn2.net/Controls\u0022,\u0020RTNAAAAA
		SccLocalPath9 = ..\\..\\Controls
		CanCheckoutShared = false
		SccProjectUniqueName10 = ..\\..\\Configuration\\Configuration.csproj
		SccProjectName10 = \u0022$/msn2.net/Configuration\u0022,\u0020NTNAAAAA
		SccLocalPath10 = ..\\..\\Configuration
		CanCheckoutShared = false
	EndGlobalSection
	GlobalSection(SolutionConfiguration) = preSolution
		ConfigName.0 = Debug
		ConfigName.1 = Release
	EndGlobalSection
	GlobalSection(ProjectDependencies) = postSolution
		{7103E5AD-756D-4D71-A557-74C615B75475}.0 = {991038DB-5672-4709-88B9-A7453312CCF6}
		{7103E5AD-756D-4D71-A557-74C615B75475}.1 = {78A62CF6-6EAF-42D7-9228-A7FF2C5342A9}
		{7103E5AD-756D-4D71-A557-74C615B75475}.2 = {991038DB-5672-4709-88B9-A7453312CCF6}
		{7103E5AD-756D-4D71-A557-74C615B75475}.3 = {991038DB-5672-4709-88B9-A7453312CCF6}
		{7103E5AD-756D-4D71-A557-74C615B75475}.4 = {991038DB-5672-4709-88B9-A7453312CCF6}
		{7103E5AD-756D-4D71-A557-74C615B75475}.5 = {78A62CF6-6EAF-42D7-9228-A7FF2C5342A9}
		{7103E5AD-756D-4D71-A557-74C615B75475}.6 = {991038DB-5672-4709-88B9-A7453312CCF6}
		{7FE8E12B-4150-469E-B733-0EE68271EF69}.0 = {7103E5AD-756D-4D71-A557-74C615B75475}
		{7FE8E12B-4150-469E-B733-0EE68271EF69}.1 = {7103E5AD-756D-4D71-A557-74C615B75475}
		{7FE8E12B-4150-469E-B733-0EE68271EF69}.2 = {991038DB-5672-4709-88B9-A7453312CCF6}
		{7FE8E12B-4150-469E-B733-0EE68271EF69}.3 = {7103E5AD-756D-4D71-A557-74C615B75475}
		{7FE8E12B-4150-469E-B733-0EE68271EF69}.4 = {7103E5AD-756D-4D71-A557-74C615B75475}
		{7FE8E12B-4150-469E-B733-0EE68271EF69}.5 = {7103E5AD-756D-4D71-A557-74C615B75475}
		{7FE8E12B-4150-469E-B733-0EE68271EF69}.6 = {7103E5AD-756D-4D71-A557-74C615B75475}
		{7FE8E12B-4150-469E-B733-0EE68271EF69}.7 = {7103E5AD-756D-4D71-A557-74C615B75475}
		{7FE8E12B-4150-469E-B733-0EE68271EF69}.8 = {7103E5AD-756D-4D71-A557-74C615B75475}
		{C65B9943-58E6-4489-A48D-A77092CD4C95}.0 = {991038DB-5672-4709-88B9-A7453312CCF6}
		{C65B9943-58E6-4489-A48D-A77092CD4C95}.1 = {7103E5AD-756D-4D71-A557-74C615B75475}
		{C65B9943-58E6-4489-A48D-A77092CD4C95}.2 = {991038DB-5672-4709-88B9-A7453312CCF6}
		{C65B9943-58E6-4489-A48D-A77092CD4C95}.3 = {7103E5AD-756D-4D71-A557-74C615B75475}
		{C65B9943-58E6-4489-A48D-A77092CD4C95}.4 = {7103E5AD-756D-4D71-A557-74C615B75475}
		{C65B9943-58E6-4489-A48D-A77092CD4C95}.5 = {991038DB-5672-4709-88B9-A7453312CCF6}
		{C65B9943-58E6-4489-A48D-A77092CD4C95}.6 = {7103E5AD-756D-4D71-A557-74C615B75475}
		{C65B9943-58E6-4489-A48D-A77092CD4C95}.7 = {7103E5AD-756D-4D71-A557-74C615B75475}
		{C65B9943-58E6-4489-A48D-A77092CD4C95}.8 = {991038DB-5672-4709-88B9-A7453312CCF6}
		{C65B9943-58E6-4489-A48D-A77092CD4C95}.9 = {7103E5AD-756D-4D71-A557-74C615B75475}
		{C65B9943-58E6-4489-A48D-A77092CD4C95}.10 = {991038DB-5672-4709-88B9-A7453312CCF6}
		{C65B9943-58E6-4489-A48D-A77092CD4C95}.11 = {7103E5AD-756D-4D71-A557-74C615B75475}
		{C65B9943-58E6-4489-A48D-A77092CD4C95}.12 = {7103E5AD-756D-4D71-A557-74C615B75475}
		{E3954411-1DFB-4ED5-8C85-AB49DF6D1DF4}.0 = {78A62CF6-6EAF-42D7-9228-A7FF2C5342A9}
		{E3954411-1DFB-4ED5-8C85-AB49DF6D1DF4}.1 = {991038DB-5672-4709-88B9-A7453312CCF6}
		{E3954411-1DFB-4ED5-8C85-AB49DF6D1DF4}.2 = {78A62CF6-6EAF-42D7-9228-A7FF2C5342A9}
		{E3954411-1DFB-4ED5-8C85-AB49DF6D1DF4}.3 = {7103E5AD-756D-4D71-A557-74C615B75475}
		{E3954411-1DFB-4ED5-8C85-AB49DF6D1DF4}.4 = {991038DB-5672-4709-88B9-A7453312CCF6}
		{78A62CF6-6EAF-42D7-9228-A7FF2C5342A9}.0 = {991038DB-5672-4709-88B9-A7453312CCF6}
		{78A62CF6-6EAF-42D7-9228-A7FF2C5342A9}.1 = {991038DB-5672-4709-88B9-A7453312CCF6}
	EndGlobalSection
	GlobalSection(ProjectConfiguration) = postSolution
		{7103E5AD-756D-4D71-A557-74C615B75475}.Debug.ActiveCfg = Debug|.NET
		{7103E5AD-756D-4D71-A557-74C615B75475}.Debug.Build.0 = Debug|.NET
		{7103E5AD-756D-4D71-A557-74C615B75475}.Release.ActiveCfg = Release|.NET
		{7103E5AD-756D-4D71-A557-74C615B75475}.Release.Build.0 = Release|.NET
		{7FE8E12B-4150-469E-B733-0EE68271EF69}.Debug.ActiveCfg = Debug|.NET
		{7FE8E12B-4150-469E-B733-0EE68271EF69}.Debug.Build.0 = Debug|.NET
		{7FE8E12B-4150-469E-B733-0EE68271EF69}.Release.ActiveCfg = Release|.NET
		{7FE8E12B-4150-469E-B733-0EE68271EF69}.Release.Build.0 = Release|.NET
		{C65B9943-58E6-4489-A48D-A77092CD4C95}.Debug.ActiveCfg = Debug|.NET
		{C65B9943-58E6-4489-A48D-A77092CD4C95}.Debug.Build.0 = Debug|.NET
		{C65B9943-58E6-4489-A48D-A77092CD4C95}.Release.ActiveCfg = Release|.NET
		{C65B9943-58E6-4489-A48D-A77092CD4C95}.Release.Build.0 = Release|.NET
		{991038DB-5672-4709-88B9-A7453312CCF6}.Debug.ActiveCfg = Debug|.NET
		{991038DB-5672-4709-88B9-A7453312CCF6}.Debug.Build.0 = Debug|.NET
		{991038DB-5672-4709-88B9-A7453312CCF6}.Release.ActiveCfg = Release|.NET
		{991038DB-5672-4709-88B9-A7453312CCF6}.Release.Build.0 = Release|.NET
		{E3954411-1DFB-4ED5-8C85-AB49DF6D1DF4}.Debug.ActiveCfg = Debug|.NET
		{E3954411-1DFB-4ED5-8C85-AB49DF6D1DF4}.Debug.Build.0 = Debug|.NET
		{E3954411-1DFB-4ED5-8C85-AB49DF6D1DF4}.Release.ActiveCfg = Release|.NET
		{E3954411-1DFB-4ED5-8C85-AB49DF6D1DF4}.Release.Build.0 = Release|.NET
		{78A62CF6-6EAF-42D7-9228-A7FF2C5342A9}.Debug.ActiveCfg = Debug|.NET
		{78A62CF6-6EAF-42D7-9228-A7FF2C5342A9}.Debug.Build.0 = Debug|.NET
		{78A62CF6-6EAF-42D7-9228-A7FF2C5342A9}.Release.ActiveCfg = Release|.NET
		{78A62CF6-6EAF-42D7-9228-A7FF2C5342A9}.Release.Build.0 = Release|.NET
		{FA24EC8D-1927-4D9C-8796-02D715D7047E}.Debug.ActiveCfg = Debug|.NET
		{FA24EC8D-1927-4D9C-8796-02D715D7047E}.Debug.Build.0 = Debug|.NET
		{FA24EC8D-1927-4D9C-8796-02D715D7047E}.Release.ActiveCfg = Release|.NET
		{FA24EC8D-1927-4D9C-8796-02D715D7047E}.Release.Build.0 = Release|.NET
		{A267194C-A021-4267-A491-AD3919394F9A}.Debug.ActiveCfg = Debug|.NET
		{A267194C-A021-4267-A491-AD3919394F9A}.Debug.Build.0 = Debug|.NET
		{A267194C-A021-4267-A491-AD3919394F9A}.Release.ActiveCfg = Release|.NET
		{A267194C-A021-4267-A491-AD3919394F9A}.Release.Build.0 = Release|.NET
		{270EC567-4AB7-49F1-9466-D1BA35F704FD}.Debug.ActiveCfg = Debug|.NET
		{270EC567-4AB7-49F1-9466-D1BA35F704FD}.Debug.Build.0 = Debug|.NET
		{270EC567-4AB7-49F1-9466-D1BA35F704FD}.Release.ActiveCfg = Release|.NET
		{270EC567-4AB7-49F1-9466-D1BA35F704FD}.Release.Build.0 = Release|.NET
		{61D00AAB-949C-4C7F-91E1-ACDCA53DD19E}.Debug.ActiveCfg = Debug|.NET
		{61D00AAB-949C-4C7F-91E1-ACDCA53DD19E}.Debug.Build.0 = Debug|.NET
		{61D00AAB-949C-4C7F-91E1-ACDCA53DD19E}.Release.ActiveCfg = Release|.NET
		{61D00AAB-949C-4C7F-91E1-ACDCA53DD19E}.Release.Build.0 = Release|.NET
	EndGlobalSection
	GlobalSection(ExtensibilityGlobals) = postSolution
	EndGlobalSection
	GlobalSection(ExtensibilityAddIns) = postSolution
	EndGlobalSection
EndGlobal
